<?xml version="1.0" encoding="utf-8"?>
<Project ToolsVersion="4.0" xmlns="http://schemas.microsoft.com/developer/msbuild/2003">
  <ItemGroup>
    <Filter Include="소스 파일">
      <UniqueIdentifier>{4FC737F1-C7A5-4376-A066-2A32D752A2FF}</UniqueIdentifier>
      <Extensions>cpp;c;cc;cxx;def;odl;idl;hpj;bat;asm;asmx</Extensions>
    </Filter>
    <Filter Include="헤더 파일">
      <UniqueIdentifier>{93995380-89BD-4b04-88EB-625FBE52EBFB}</UniqueIdentifier>
      <Extensions>h;hh;hpp;hxx;hm;inl;inc;xsd</Extensions>
    </Filter>
    <Filter Include="리소스 파일">
      <UniqueIdentifier>{67DA6AB6-F800-4c08-8B7A-83BB121AAD01}</UniqueIdentifier>
      <Extensions>rc;ico;cur;bmp;dlg;rc2;rct;bin;rgs;gif;jpg;jpeg;jpe;resx;tiff;tif;png;wav;mfcribbon-ms</Extensions>
    </Filter>
  </ItemGroup>
  <ItemGroup>
    <ClCompile Include="fake_main.cpp">
      <Filter>소스 파일</Filter>
    </ClCompile>
    <ClCompile Include="m00\CWE327_Use_Broken_Crypto__w32_3DES_01.c">
      <Filter>소스 파일</Filter>
    </ClCompile>
    <ClCompile Include="m00\CWE327_Use_Broken_Crypto__w32_3DES_02.c">
      <Filter>소스 파일</Filter>
    </ClCompile>
    <ClCompile Include="m00\CWE327_Use_Broken_Crypto__w32_3DES_03.c">
      <Filter>소스 파일</Filter>
    </ClCompile>
    <ClCompile Include="m00\CWE327_Use_Broken_Crypto__w32_3DES_04.c">
      <Filter>소스 파일</Filter>
    </ClCompile>
    <ClCompile Include="m00\CWE327_Use_Broken_Crypto__w32_3DES_05.c">
      <Filter>소스 파일</Filter>
    </ClCompile>
    <ClCompile Include="m00\CWE327_Use_Broken_Crypto__w32_3DES_06.c">
      <Filter>소스 파일</Filter>
    </ClCompile>
    <ClCompile Include="m00\CWE327_Use_Broken_Crypto__w32_3DES_07.c">
      <Filter>소스 파일</Filter>
    </ClCompile>
    <ClCompile Include="m00\CWE327_Use_Broken_Crypto__w32_3DES_08.c">
      <Filter>소스 파일</Filter>
    </ClCompile>
    <ClCompile Include="m00\CWE327_Use_Broken_Crypto__w32_3DES_09.c">
      <Filter>소스 파일</Filter>
    </ClCompile>
    <ClCompile Include="m00\CWE327_Use_Broken_Crypto__w32_3DES_10.c">
      <Filter>소스 파일</Filter>
    </ClCompile>
    <ClCompile Include="m00\CWE327_Use_Broken_Crypto__w32_3DES_11.c">
      <Filter>소스 파일</Filter>
    </ClCompile>
    <ClCompile Include="m00\CWE327_Use_Broken_Crypto__w32_3DES_12.c">
      <Filter>소스 파일</Filter>
    </ClCompile>
    <ClCompile Include="m00\CWE327_Use_Broken_Crypto__w32_3DES_13.c">
      <Filter>소스 파일</Filter>
    </ClCompile>
    <ClCompile Include="m00\CWE327_Use_Broken_Crypto__w32_3DES_14.c">
      <Filter>소스 파일</Filter>
    </ClCompile>
    <ClCompile Include="m00\CWE327_Use_Broken_Crypto__w32_3DES_15.c">
      <Filter>소스 파일</Filter>
    </ClCompile>
    <ClCompile Include="m00\CWE327_Use_Broken_Crypto__w32_3DES_16.c">
      <Filter>소스 파일</Filter>
    </ClCompile>
    <ClCompile Include="m00\CWE327_Use_Broken_Crypto__w32_3DES_17.c">
      <Filter>소스 파일</Filter>
    </ClCompile>
    <ClCompile Include="m00\CWE327_Use_Broken_Crypto__w32_3DES_18.c">
      <Filter>소스 파일</Filter>
    </ClCompile>
    <ClCompile Include="m01\CWE327_Use_Broken_Crypto__w32_3DES_01.c">
      <Filter>소스 파일</Filter>
    </ClCompile>
    <ClCompile Include="m01\CWE327_Use_Broken_Crypto__w32_DES_01.c">
      <Filter>소스 파일</Filter>
    </ClCompile>
    <ClCompile Include="m01\CWE327_Use_Broken_Crypto__w32_RC5_01.c">
      <Filter>소스 파일</Filter>
    </ClCompile>
    <ClCompile Include="io.c">
      <Filter>소스 파일</Filter>
    </ClCompile>
  </ItemGroup>
</Project>