<?xml version="1.0" encoding="utf-8"?>
<Project ToolsVersion="4.0" xmlns="http://schemas.microsoft.com/developer/msbuild/2003">
  <ItemGroup>
    <Filter Include="소스 파일">
      <UniqueIdentifier>{4FC737F1-C7A5-4376-A066-2A32D752A2FF}</UniqueIdentifier>
      <Extensions>cpp;c;cc;cxx;def;odl;idl;hpj;bat;asm;asmx</Extensions>
    </Filter>
    <Filter Include="헤더 파일">
      <UniqueIdentifier>{93995380-89BD-4b04-88EB-625FBE52EBFB}</UniqueIdentifier>
      <Extensions>h;hh;hpp;hxx;hm;inl;inc;xsd</Extensions>
    </Filter>
    <Filter Include="리소스 파일">
      <UniqueIdentifier>{67DA6AB6-F800-4c08-8B7A-83BB121AAD01}</UniqueIdentifier>
      <Extensions>rc;ico;cur;bmp;dlg;rc2;rct;bin;rgs;gif;jpg;jpeg;jpe;resx;tiff;tif;png;wav;mfcribbon-ms</Extensions>
    </Filter>
  </ItemGroup>
  <ItemGroup>
    <ClCompile Include="fake_main.cpp">
      <Filter>소스 파일</Filter>
    </ClCompile>
    <ClCompile Include="m00\CWE134_Uncontrolled_Format_String__char_connect_socket_fprintf_01.c">
      <Filter>소스 파일</Filter>
    </ClCompile>
    <ClCompile Include="m00\CWE134_Uncontrolled_Format_String__char_connect_socket_fprintf_02.c">
      <Filter>소스 파일</Filter>
    </ClCompile>
    <ClCompile Include="m00\CWE134_Uncontrolled_Format_String__char_connect_socket_fprintf_03.c">
      <Filter>소스 파일</Filter>
    </ClCompile>
    <ClCompile Include="m00\CWE134_Uncontrolled_Format_String__char_connect_socket_fprintf_04.c">
      <Filter>소스 파일</Filter>
    </ClCompile>
    <ClCompile Include="m00\CWE134_Uncontrolled_Format_String__char_connect_socket_fprintf_05.c">
      <Filter>소스 파일</Filter>
    </ClCompile>
    <ClCompile Include="m00\CWE134_Uncontrolled_Format_String__char_connect_socket_fprintf_06.c">
      <Filter>소스 파일</Filter>
    </ClCompile>
    <ClCompile Include="m00\CWE134_Uncontrolled_Format_String__char_connect_socket_fprintf_07.c">
      <Filter>소스 파일</Filter>
    </ClCompile>
    <ClCompile Include="m00\CWE134_Uncontrolled_Format_String__char_connect_socket_fprintf_08.c">
      <Filter>소스 파일</Filter>
    </ClCompile>
    <ClCompile Include="m00\CWE134_Uncontrolled_Format_String__char_connect_socket_fprintf_09.c">
      <Filter>소스 파일</Filter>
    </ClCompile>
    <ClCompile Include="m00\CWE134_Uncontrolled_Format_String__char_connect_socket_fprintf_10.c">
      <Filter>소스 파일</Filter>
    </ClCompile>
    <ClCompile Include="m00\CWE134_Uncontrolled_Format_String__char_connect_socket_fprintf_11.c">
      <Filter>소스 파일</Filter>
    </ClCompile>
    <ClCompile Include="m00\CWE134_Uncontrolled_Format_String__char_connect_socket_fprintf_12.c">
      <Filter>소스 파일</Filter>
    </ClCompile>
    <ClCompile Include="m00\CWE134_Uncontrolled_Format_String__char_connect_socket_fprintf_13.c">
      <Filter>소스 파일</Filter>
    </ClCompile>
    <ClCompile Include="m00\CWE134_Uncontrolled_Format_String__char_connect_socket_fprintf_14.c">
      <Filter>소스 파일</Filter>
    </ClCompile>
    <ClCompile Include="m00\CWE134_Uncontrolled_Format_String__char_connect_socket_fprintf_15.c">
      <Filter>소스 파일</Filter>
    </ClCompile>
    <ClCompile Include="m00\CWE134_Uncontrolled_Format_String__char_connect_socket_fprintf_16.c">
      <Filter>소스 파일</Filter>
    </ClCompile>
    <ClCompile Include="m00\CWE134_Uncontrolled_Format_String__char_connect_socket_fprintf_17.c">
      <Filter>소스 파일</Filter>
    </ClCompile>
    <ClCompile Include="m00\CWE134_Uncontrolled_Format_String__char_connect_socket_fprintf_18.c">
      <Filter>소스 파일</Filter>
    </ClCompile>
    <ClCompile Include="m00\CWE134_Uncontrolled_Format_String__char_connect_socket_fprintf_21.c">
      <Filter>소스 파일</Filter>
    </ClCompile>
    <ClCompile Include="m00\CWE134_Uncontrolled_Format_String__char_connect_socket_fprintf_22a.c">
      <Filter>소스 파일</Filter>
    </ClCompile>
    <ClCompile Include="m00\CWE134_Uncontrolled_Format_String__char_connect_socket_fprintf_22b.c">
      <Filter>소스 파일</Filter>
    </ClCompile>
    <ClCompile Include="m00\CWE134_Uncontrolled_Format_String__char_connect_socket_fprintf_31.c">
      <Filter>소스 파일</Filter>
    </ClCompile>
    <ClCompile Include="m00\CWE134_Uncontrolled_Format_String__char_connect_socket_fprintf_32.c">
      <Filter>소스 파일</Filter>
    </ClCompile>
    <ClCompile Include="m00\CWE134_Uncontrolled_Format_String__char_connect_socket_fprintf_33.cpp">
      <Filter>소스 파일</Filter>
    </ClCompile>
    <ClCompile Include="m00\CWE134_Uncontrolled_Format_String__char_connect_socket_fprintf_34.c">
      <Filter>소스 파일</Filter>
    </ClCompile>
    <ClCompile Include="m00\CWE134_Uncontrolled_Format_String__char_connect_socket_fprintf_41.c">
      <Filter>소스 파일</Filter>
    </ClCompile>
    <ClCompile Include="m00\CWE134_Uncontrolled_Format_String__char_connect_socket_fprintf_42.c">
      <Filter>소스 파일</Filter>
    </ClCompile>
    <ClCompile Include="m00\CWE134_Uncontrolled_Format_String__char_connect_socket_fprintf_43.cpp">
      <Filter>소스 파일</Filter>
    </ClCompile>
    <ClCompile Include="m00\CWE134_Uncontrolled_Format_String__char_connect_socket_fprintf_44.c">
      <Filter>소스 파일</Filter>
    </ClCompile>
    <ClCompile Include="m00\CWE134_Uncontrolled_Format_String__char_connect_socket_fprintf_45.c">
      <Filter>소스 파일</Filter>
    </ClCompile>
    <ClCompile Include="m00\CWE134_Uncontrolled_Format_String__char_connect_socket_fprintf_51a.c">
      <Filter>소스 파일</Filter>
    </ClCompile>
    <ClCompile Include="m00\CWE134_Uncontrolled_Format_String__char_connect_socket_fprintf_51b.c">
      <Filter>소스 파일</Filter>
    </ClCompile>
    <ClCompile Include="m00\CWE134_Uncontrolled_Format_String__char_connect_socket_fprintf_52a.c">
      <Filter>소스 파일</Filter>
    </ClCompile>
    <ClCompile Include="m00\CWE134_Uncontrolled_Format_String__char_connect_socket_fprintf_52b.c">
      <Filter>소스 파일</Filter>
    </ClCompile>
    <ClCompile Include="m00\CWE134_Uncontrolled_Format_String__char_connect_socket_fprintf_52c.c">
      <Filter>소스 파일</Filter>
    </ClCompile>
    <ClCompile Include="m00\CWE134_Uncontrolled_Format_String__char_connect_socket_fprintf_53a.c">
      <Filter>소스 파일</Filter>
    </ClCompile>
    <ClCompile Include="m00\CWE134_Uncontrolled_Format_String__char_connect_socket_fprintf_53b.c">
      <Filter>소스 파일</Filter>
    </ClCompile>
    <ClCompile Include="m00\CWE134_Uncontrolled_Format_String__char_connect_socket_fprintf_53c.c">
      <Filter>소스 파일</Filter>
    </ClCompile>
    <ClCompile Include="m00\CWE134_Uncontrolled_Format_String__char_connect_socket_fprintf_53d.c">
      <Filter>소스 파일</Filter>
    </ClCompile>
    <ClCompile Include="m00\CWE134_Uncontrolled_Format_String__char_connect_socket_fprintf_54a.c">
      <Filter>소스 파일</Filter>
    </ClCompile>
    <ClCompile Include="m00\CWE134_Uncontrolled_Format_String__char_connect_socket_fprintf_54b.c">
      <Filter>소스 파일</Filter>
    </ClCompile>
    <ClCompile Include="m00\CWE134_Uncontrolled_Format_String__char_connect_socket_fprintf_54c.c">
      <Filter>소스 파일</Filter>
    </ClCompile>
    <ClCompile Include="m00\CWE134_Uncontrolled_Format_String__char_connect_socket_fprintf_54d.c">
      <Filter>소스 파일</Filter>
    </ClCompile>
    <ClCompile Include="m00\CWE134_Uncontrolled_Format_String__char_connect_socket_fprintf_54e.c">
      <Filter>소스 파일</Filter>
    </ClCompile>
    <ClCompile Include="m00\CWE134_Uncontrolled_Format_String__char_connect_socket_fprintf_61a.c">
      <Filter>소스 파일</Filter>
    </ClCompile>
    <ClCompile Include="m00\CWE134_Uncontrolled_Format_String__char_connect_socket_fprintf_61b.c">
      <Filter>소스 파일</Filter>
    </ClCompile>
    <ClCompile Include="m00\CWE134_Uncontrolled_Format_String__char_connect_socket_fprintf_62a.cpp">
      <Filter>소스 파일</Filter>
    </ClCompile>
    <ClCompile Include="m00\CWE134_Uncontrolled_Format_String__char_connect_socket_fprintf_62b.cpp">
      <Filter>소스 파일</Filter>
    </ClCompile>
    <ClCompile Include="m00\CWE134_Uncontrolled_Format_String__char_connect_socket_fprintf_63a.c">
      <Filter>소스 파일</Filter>
    </ClCompile>
    <ClCompile Include="m00\CWE134_Uncontrolled_Format_String__char_connect_socket_fprintf_63b.c">
      <Filter>소스 파일</Filter>
    </ClCompile>
    <ClCompile Include="m00\CWE134_Uncontrolled_Format_String__char_connect_socket_fprintf_64a.c">
      <Filter>소스 파일</Filter>
    </ClCompile>
    <ClCompile Include="m00\CWE134_Uncontrolled_Format_String__char_connect_socket_fprintf_64b.c">
      <Filter>소스 파일</Filter>
    </ClCompile>
    <ClCompile Include="m00\CWE134_Uncontrolled_Format_String__char_connect_socket_fprintf_65a.c">
      <Filter>소스 파일</Filter>
    </ClCompile>
    <ClCompile Include="m00\CWE134_Uncontrolled_Format_String__char_connect_socket_fprintf_65b.c">
      <Filter>소스 파일</Filter>
    </ClCompile>
    <ClCompile Include="m00\CWE134_Uncontrolled_Format_String__char_connect_socket_fprintf_66a.c">
      <Filter>소스 파일</Filter>
    </ClCompile>
    <ClCompile Include="m00\CWE134_Uncontrolled_Format_String__char_connect_socket_fprintf_66b.c">
      <Filter>소스 파일</Filter>
    </ClCompile>
    <ClCompile Include="m00\CWE134_Uncontrolled_Format_String__char_connect_socket_fprintf_67a.c">
      <Filter>소스 파일</Filter>
    </ClCompile>
    <ClCompile Include="m00\CWE134_Uncontrolled_Format_String__char_connect_socket_fprintf_67b.c">
      <Filter>소스 파일</Filter>
    </ClCompile>
    <ClCompile Include="m00\CWE134_Uncontrolled_Format_String__char_connect_socket_fprintf_68a.c">
      <Filter>소스 파일</Filter>
    </ClCompile>
    <ClCompile Include="m00\CWE134_Uncontrolled_Format_String__char_connect_socket_fprintf_68b.c">
      <Filter>소스 파일</Filter>
    </ClCompile>
    <ClCompile Include="m00\CWE134_Uncontrolled_Format_String__char_connect_socket_fprintf_72a.cpp">
      <Filter>소스 파일</Filter>
    </ClCompile>
    <ClCompile Include="m00\CWE134_Uncontrolled_Format_String__char_connect_socket_fprintf_72b.cpp">
      <Filter>소스 파일</Filter>
    </ClCompile>
    <ClCompile Include="m00\CWE134_Uncontrolled_Format_String__char_connect_socket_fprintf_73a.cpp">
      <Filter>소스 파일</Filter>
    </ClCompile>
    <ClCompile Include="m00\CWE134_Uncontrolled_Format_String__char_connect_socket_fprintf_73b.cpp">
      <Filter>소스 파일</Filter>
    </ClCompile>
    <ClCompile Include="m00\CWE134_Uncontrolled_Format_String__char_connect_socket_fprintf_74a.cpp">
      <Filter>소스 파일</Filter>
    </ClCompile>
    <ClCompile Include="m00\CWE134_Uncontrolled_Format_String__char_connect_socket_fprintf_74b.cpp">
      <Filter>소스 파일</Filter>
    </ClCompile>
    <ClCompile Include="m00\CWE134_Uncontrolled_Format_String__char_connect_socket_fprintf_81_bad.cpp">
      <Filter>소스 파일</Filter>
    </ClCompile>
    <ClCompile Include="m00\CWE134_Uncontrolled_Format_String__char_connect_socket_fprintf_81_goodB2G.cpp">
      <Filter>소스 파일</Filter>
    </ClCompile>
    <ClCompile Include="m00\CWE134_Uncontrolled_Format_String__char_connect_socket_fprintf_81_goodG2B.cpp">
      <Filter>소스 파일</Filter>
    </ClCompile>
    <ClCompile Include="m00\CWE134_Uncontrolled_Format_String__char_connect_socket_fprintf_81a.cpp">
      <Filter>소스 파일</Filter>
    </ClCompile>
    <ClCompile Include="m00\CWE134_Uncontrolled_Format_String__char_connect_socket_fprintf_82_bad.cpp">
      <Filter>소스 파일</Filter>
    </ClCompile>
    <ClCompile Include="m00\CWE134_Uncontrolled_Format_String__char_connect_socket_fprintf_82_goodB2G.cpp">
      <Filter>소스 파일</Filter>
    </ClCompile>
    <ClCompile Include="m00\CWE134_Uncontrolled_Format_String__char_connect_socket_fprintf_82_goodG2B.cpp">
      <Filter>소스 파일</Filter>
    </ClCompile>
    <ClCompile Include="m00\CWE134_Uncontrolled_Format_String__char_connect_socket_fprintf_82a.cpp">
      <Filter>소스 파일</Filter>
    </ClCompile>
    <ClCompile Include="m00\CWE134_Uncontrolled_Format_String__char_connect_socket_fprintf_83_bad.cpp">
      <Filter>소스 파일</Filter>
    </ClCompile>
    <ClCompile Include="m00\CWE134_Uncontrolled_Format_String__char_connect_socket_fprintf_83_goodB2G.cpp">
      <Filter>소스 파일</Filter>
    </ClCompile>
    <ClCompile Include="m00\CWE134_Uncontrolled_Format_String__char_connect_socket_fprintf_83_goodG2B.cpp">
      <Filter>소스 파일</Filter>
    </ClCompile>
    <ClCompile Include="m00\CWE134_Uncontrolled_Format_String__char_connect_socket_fprintf_83a.cpp">
      <Filter>소스 파일</Filter>
    </ClCompile>
    <ClCompile Include="m00\CWE134_Uncontrolled_Format_String__char_connect_socket_fprintf_84_bad.cpp">
      <Filter>소스 파일</Filter>
    </ClCompile>
    <ClCompile Include="m00\CWE134_Uncontrolled_Format_String__char_connect_socket_fprintf_84_goodB2G.cpp">
      <Filter>소스 파일</Filter>
    </ClCompile>
    <ClCompile Include="m00\CWE134_Uncontrolled_Format_String__char_connect_socket_fprintf_84_goodG2B.cpp">
      <Filter>소스 파일</Filter>
    </ClCompile>
    <ClCompile Include="m00\CWE134_Uncontrolled_Format_String__char_connect_socket_fprintf_84a.cpp">
      <Filter>소스 파일</Filter>
    </ClCompile>
    <ClCompile Include="m01\CWE134_Uncontrolled_Format_String__char_connect_socket_fprintf_01.c">
      <Filter>소스 파일</Filter>
    </ClCompile>
    <ClCompile Include="m01\CWE134_Uncontrolled_Format_String__char_connect_socket_printf_01.c">
      <Filter>소스 파일</Filter>
    </ClCompile>
    <ClCompile Include="m01\CWE134_Uncontrolled_Format_String__char_connect_socket_snprintf_01.c">
      <Filter>소스 파일</Filter>
    </ClCompile>
    <ClCompile Include="m01\CWE134_Uncontrolled_Format_String__char_console_fprintf_01.c">
      <Filter>소스 파일</Filter>
    </ClCompile>
    <ClCompile Include="m01\CWE134_Uncontrolled_Format_String__char_console_printf_01.c">
      <Filter>소스 파일</Filter>
    </ClCompile>
    <ClCompile Include="m01\CWE134_Uncontrolled_Format_String__char_console_snprintf_01.c">
      <Filter>소스 파일</Filter>
    </ClCompile>
    <ClCompile Include="m01\CWE134_Uncontrolled_Format_String__char_environment_fprintf_01.c">
      <Filter>소스 파일</Filter>
    </ClCompile>
    <ClCompile Include="m01\CWE134_Uncontrolled_Format_String__char_environment_printf_01.c">
      <Filter>소스 파일</Filter>
    </ClCompile>
    <ClCompile Include="m01\CWE134_Uncontrolled_Format_String__char_environment_snprintf_01.c">
      <Filter>소스 파일</Filter>
    </ClCompile>
    <ClCompile Include="m01\CWE134_Uncontrolled_Format_String__char_file_fprintf_01.c">
      <Filter>소스 파일</Filter>
    </ClCompile>
    <ClCompile Include="m01\CWE134_Uncontrolled_Format_String__char_file_printf_01.c">
      <Filter>소스 파일</Filter>
    </ClCompile>
    <ClCompile Include="m01\CWE134_Uncontrolled_Format_String__char_file_snprintf_01.c">
      <Filter>소스 파일</Filter>
    </ClCompile>
    <ClCompile Include="m01\CWE134_Uncontrolled_Format_String__char_listen_socket_fprintf_01.c">
      <Filter>소스 파일</Filter>
    </ClCompile>
    <ClCompile Include="m01\CWE134_Uncontrolled_Format_String__char_listen_socket_printf_01.c">
      <Filter>소스 파일</Filter>
    </ClCompile>
    <ClCompile Include="m01\CWE134_Uncontrolled_Format_String__char_listen_socket_snprintf_01.c">
      <Filter>소스 파일</Filter>
    </ClCompile>
    <ClCompile Include="m01\CWE134_Uncontrolled_Format_String__wchar_t_connect_socket_fprintf_01.c">
      <Filter>소스 파일</Filter>
    </ClCompile>
    <ClCompile Include="m01\CWE134_Uncontrolled_Format_String__wchar_t_connect_socket_printf_01.c">
      <Filter>소스 파일</Filter>
    </ClCompile>
    <ClCompile Include="m01\CWE134_Uncontrolled_Format_String__wchar_t_connect_socket_snprintf_01.c">
      <Filter>소스 파일</Filter>
    </ClCompile>
    <ClCompile Include="m01\CWE134_Uncontrolled_Format_String__wchar_t_console_fprintf_01.c">
      <Filter>소스 파일</Filter>
    </ClCompile>
    <ClCompile Include="m01\CWE134_Uncontrolled_Format_String__wchar_t_console_printf_01.c">
      <Filter>소스 파일</Filter>
    </ClCompile>
    <ClCompile Include="m01\CWE134_Uncontrolled_Format_String__wchar_t_console_snprintf_01.c">
      <Filter>소스 파일</Filter>
    </ClCompile>
    <ClCompile Include="m01\CWE134_Uncontrolled_Format_String__wchar_t_environment_fprintf_01.c">
      <Filter>소스 파일</Filter>
    </ClCompile>
    <ClCompile Include="m01\CWE134_Uncontrolled_Format_String__wchar_t_environment_printf_01.c">
      <Filter>소스 파일</Filter>
    </ClCompile>
    <ClCompile Include="m01\CWE134_Uncontrolled_Format_String__wchar_t_environment_snprintf_01.c">
      <Filter>소스 파일</Filter>
    </ClCompile>
    <ClCompile Include="m01\CWE134_Uncontrolled_Format_String__wchar_t_file_fprintf_01.c">
      <Filter>소스 파일</Filter>
    </ClCompile>
    <ClCompile Include="m01\CWE134_Uncontrolled_Format_String__wchar_t_file_printf_01.c">
      <Filter>소스 파일</Filter>
    </ClCompile>
    <ClCompile Include="m01\CWE134_Uncontrolled_Format_String__wchar_t_file_snprintf_01.c">
      <Filter>소스 파일</Filter>
    </ClCompile>
    <ClCompile Include="m01\CWE134_Uncontrolled_Format_String__wchar_t_listen_socket_fprintf_01.c">
      <Filter>소스 파일</Filter>
    </ClCompile>
    <ClCompile Include="m01\CWE134_Uncontrolled_Format_String__wchar_t_listen_socket_printf_01.c">
      <Filter>소스 파일</Filter>
    </ClCompile>
    <ClCompile Include="m01\CWE134_Uncontrolled_Format_String__wchar_t_listen_socket_snprintf_01.c">
      <Filter>소스 파일</Filter>
    </ClCompile>
    <ClCompile Include="m10\CWE134_Uncontrolled_Format_String__char_connect_socket_vfprintf_01.c">
      <Filter>소스 파일</Filter>
    </ClCompile>
    <ClCompile Include="m10\CWE134_Uncontrolled_Format_String__char_connect_socket_vfprintf_02.c">
      <Filter>소스 파일</Filter>
    </ClCompile>
    <ClCompile Include="m10\CWE134_Uncontrolled_Format_String__char_connect_socket_vfprintf_03.c">
      <Filter>소스 파일</Filter>
    </ClCompile>
    <ClCompile Include="m10\CWE134_Uncontrolled_Format_String__char_connect_socket_vfprintf_04.c">
      <Filter>소스 파일</Filter>
    </ClCompile>
    <ClCompile Include="m10\CWE134_Uncontrolled_Format_String__char_connect_socket_vfprintf_05.c">
      <Filter>소스 파일</Filter>
    </ClCompile>
    <ClCompile Include="m10\CWE134_Uncontrolled_Format_String__char_connect_socket_vfprintf_06.c">
      <Filter>소스 파일</Filter>
    </ClCompile>
    <ClCompile Include="m10\CWE134_Uncontrolled_Format_String__char_connect_socket_vfprintf_07.c">
      <Filter>소스 파일</Filter>
    </ClCompile>
    <ClCompile Include="m10\CWE134_Uncontrolled_Format_String__char_connect_socket_vfprintf_08.c">
      <Filter>소스 파일</Filter>
    </ClCompile>
    <ClCompile Include="m10\CWE134_Uncontrolled_Format_String__char_connect_socket_vfprintf_09.c">
      <Filter>소스 파일</Filter>
    </ClCompile>
    <ClCompile Include="m10\CWE134_Uncontrolled_Format_String__char_connect_socket_vfprintf_10.c">
      <Filter>소스 파일</Filter>
    </ClCompile>
    <ClCompile Include="m10\CWE134_Uncontrolled_Format_String__char_connect_socket_vfprintf_11.c">
      <Filter>소스 파일</Filter>
    </ClCompile>
    <ClCompile Include="m10\CWE134_Uncontrolled_Format_String__char_connect_socket_vfprintf_12.c">
      <Filter>소스 파일</Filter>
    </ClCompile>
    <ClCompile Include="m10\CWE134_Uncontrolled_Format_String__char_connect_socket_vfprintf_13.c">
      <Filter>소스 파일</Filter>
    </ClCompile>
    <ClCompile Include="m10\CWE134_Uncontrolled_Format_String__char_connect_socket_vfprintf_14.c">
      <Filter>소스 파일</Filter>
    </ClCompile>
    <ClCompile Include="m10\CWE134_Uncontrolled_Format_String__char_connect_socket_vfprintf_15.c">
      <Filter>소스 파일</Filter>
    </ClCompile>
    <ClCompile Include="m10\CWE134_Uncontrolled_Format_String__char_connect_socket_vfprintf_16.c">
      <Filter>소스 파일</Filter>
    </ClCompile>
    <ClCompile Include="m10\CWE134_Uncontrolled_Format_String__char_connect_socket_vfprintf_17.c">
      <Filter>소스 파일</Filter>
    </ClCompile>
    <ClCompile Include="m10\CWE134_Uncontrolled_Format_String__char_connect_socket_vfprintf_18.c">
      <Filter>소스 파일</Filter>
    </ClCompile>
    <ClCompile Include="m10\CWE134_Uncontrolled_Format_String__char_connect_socket_vfprintf_21.c">
      <Filter>소스 파일</Filter>
    </ClCompile>
    <ClCompile Include="m10\CWE134_Uncontrolled_Format_String__char_connect_socket_vfprintf_22a.c">
      <Filter>소스 파일</Filter>
    </ClCompile>
    <ClCompile Include="m10\CWE134_Uncontrolled_Format_String__char_connect_socket_vfprintf_22b.c">
      <Filter>소스 파일</Filter>
    </ClCompile>
    <ClCompile Include="m10\CWE134_Uncontrolled_Format_String__char_connect_socket_vfprintf_31.c">
      <Filter>소스 파일</Filter>
    </ClCompile>
    <ClCompile Include="m10\CWE134_Uncontrolled_Format_String__char_connect_socket_vfprintf_32.c">
      <Filter>소스 파일</Filter>
    </ClCompile>
    <ClCompile Include="m10\CWE134_Uncontrolled_Format_String__char_connect_socket_vfprintf_33.cpp">
      <Filter>소스 파일</Filter>
    </ClCompile>
    <ClCompile Include="m10\CWE134_Uncontrolled_Format_String__char_connect_socket_vfprintf_34.c">
      <Filter>소스 파일</Filter>
    </ClCompile>
    <ClCompile Include="m10\CWE134_Uncontrolled_Format_String__char_connect_socket_vfprintf_41.c">
      <Filter>소스 파일</Filter>
    </ClCompile>
    <ClCompile Include="m10\CWE134_Uncontrolled_Format_String__char_connect_socket_vfprintf_42.c">
      <Filter>소스 파일</Filter>
    </ClCompile>
    <ClCompile Include="m10\CWE134_Uncontrolled_Format_String__char_connect_socket_vfprintf_43.cpp">
      <Filter>소스 파일</Filter>
    </ClCompile>
    <ClCompile Include="m10\CWE134_Uncontrolled_Format_String__char_connect_socket_vfprintf_44.c">
      <Filter>소스 파일</Filter>
    </ClCompile>
    <ClCompile Include="m10\CWE134_Uncontrolled_Format_String__char_connect_socket_vfprintf_45.c">
      <Filter>소스 파일</Filter>
    </ClCompile>
    <ClCompile Include="m10\CWE134_Uncontrolled_Format_String__char_connect_socket_vfprintf_51a.c">
      <Filter>소스 파일</Filter>
    </ClCompile>
    <ClCompile Include="m10\CWE134_Uncontrolled_Format_String__char_connect_socket_vfprintf_51b.c">
      <Filter>소스 파일</Filter>
    </ClCompile>
    <ClCompile Include="m10\CWE134_Uncontrolled_Format_String__char_connect_socket_vfprintf_52a.c">
      <Filter>소스 파일</Filter>
    </ClCompile>
    <ClCompile Include="m10\CWE134_Uncontrolled_Format_String__char_connect_socket_vfprintf_52b.c">
      <Filter>소스 파일</Filter>
    </ClCompile>
    <ClCompile Include="m10\CWE134_Uncontrolled_Format_String__char_connect_socket_vfprintf_52c.c">
      <Filter>소스 파일</Filter>
    </ClCompile>
    <ClCompile Include="m10\CWE134_Uncontrolled_Format_String__char_connect_socket_vfprintf_53a.c">
      <Filter>소스 파일</Filter>
    </ClCompile>
    <ClCompile Include="m10\CWE134_Uncontrolled_Format_String__char_connect_socket_vfprintf_53b.c">
      <Filter>소스 파일</Filter>
    </ClCompile>
    <ClCompile Include="m10\CWE134_Uncontrolled_Format_String__char_connect_socket_vfprintf_53c.c">
      <Filter>소스 파일</Filter>
    </ClCompile>
    <ClCompile Include="m10\CWE134_Uncontrolled_Format_String__char_connect_socket_vfprintf_53d.c">
      <Filter>소스 파일</Filter>
    </ClCompile>
    <ClCompile Include="m10\CWE134_Uncontrolled_Format_String__char_connect_socket_vfprintf_54a.c">
      <Filter>소스 파일</Filter>
    </ClCompile>
    <ClCompile Include="m10\CWE134_Uncontrolled_Format_String__char_connect_socket_vfprintf_54b.c">
      <Filter>소스 파일</Filter>
    </ClCompile>
    <ClCompile Include="m10\CWE134_Uncontrolled_Format_String__char_connect_socket_vfprintf_54c.c">
      <Filter>소스 파일</Filter>
    </ClCompile>
    <ClCompile Include="m10\CWE134_Uncontrolled_Format_String__char_connect_socket_vfprintf_54d.c">
      <Filter>소스 파일</Filter>
    </ClCompile>
    <ClCompile Include="m10\CWE134_Uncontrolled_Format_String__char_connect_socket_vfprintf_54e.c">
      <Filter>소스 파일</Filter>
    </ClCompile>
    <ClCompile Include="m10\CWE134_Uncontrolled_Format_String__char_connect_socket_vfprintf_61a.c">
      <Filter>소스 파일</Filter>
    </ClCompile>
    <ClCompile Include="m10\CWE134_Uncontrolled_Format_String__char_connect_socket_vfprintf_61b.c">
      <Filter>소스 파일</Filter>
    </ClCompile>
    <ClCompile Include="m10\CWE134_Uncontrolled_Format_String__char_connect_socket_vfprintf_62a.cpp">
      <Filter>소스 파일</Filter>
    </ClCompile>
    <ClCompile Include="m10\CWE134_Uncontrolled_Format_String__char_connect_socket_vfprintf_62b.cpp">
      <Filter>소스 파일</Filter>
    </ClCompile>
    <ClCompile Include="m10\CWE134_Uncontrolled_Format_String__char_connect_socket_vfprintf_63a.c">
      <Filter>소스 파일</Filter>
    </ClCompile>
    <ClCompile Include="m10\CWE134_Uncontrolled_Format_String__char_connect_socket_vfprintf_63b.c">
      <Filter>소스 파일</Filter>
    </ClCompile>
    <ClCompile Include="m10\CWE134_Uncontrolled_Format_String__char_connect_socket_vfprintf_64a.c">
      <Filter>소스 파일</Filter>
    </ClCompile>
    <ClCompile Include="m10\CWE134_Uncontrolled_Format_String__char_connect_socket_vfprintf_64b.c">
      <Filter>소스 파일</Filter>
    </ClCompile>
    <ClCompile Include="m10\CWE134_Uncontrolled_Format_String__char_connect_socket_vfprintf_65a.c">
      <Filter>소스 파일</Filter>
    </ClCompile>
    <ClCompile Include="m10\CWE134_Uncontrolled_Format_String__char_connect_socket_vfprintf_65b.c">
      <Filter>소스 파일</Filter>
    </ClCompile>
    <ClCompile Include="m10\CWE134_Uncontrolled_Format_String__char_connect_socket_vfprintf_66a.c">
      <Filter>소스 파일</Filter>
    </ClCompile>
    <ClCompile Include="m10\CWE134_Uncontrolled_Format_String__char_connect_socket_vfprintf_66b.c">
      <Filter>소스 파일</Filter>
    </ClCompile>
    <ClCompile Include="m10\CWE134_Uncontrolled_Format_String__char_connect_socket_vfprintf_67a.c">
      <Filter>소스 파일</Filter>
    </ClCompile>
    <ClCompile Include="m10\CWE134_Uncontrolled_Format_String__char_connect_socket_vfprintf_67b.c">
      <Filter>소스 파일</Filter>
    </ClCompile>
    <ClCompile Include="m10\CWE134_Uncontrolled_Format_String__char_connect_socket_vfprintf_68a.c">
      <Filter>소스 파일</Filter>
    </ClCompile>
    <ClCompile Include="m10\CWE134_Uncontrolled_Format_String__char_connect_socket_vfprintf_68b.c">
      <Filter>소스 파일</Filter>
    </ClCompile>
    <ClCompile Include="m10\CWE134_Uncontrolled_Format_String__char_connect_socket_vfprintf_72a.cpp">
      <Filter>소스 파일</Filter>
    </ClCompile>
    <ClCompile Include="m10\CWE134_Uncontrolled_Format_String__char_connect_socket_vfprintf_72b.cpp">
      <Filter>소스 파일</Filter>
    </ClCompile>
    <ClCompile Include="m10\CWE134_Uncontrolled_Format_String__char_connect_socket_vfprintf_73a.cpp">
      <Filter>소스 파일</Filter>
    </ClCompile>
    <ClCompile Include="m10\CWE134_Uncontrolled_Format_String__char_connect_socket_vfprintf_73b.cpp">
      <Filter>소스 파일</Filter>
    </ClCompile>
    <ClCompile Include="m10\CWE134_Uncontrolled_Format_String__char_connect_socket_vfprintf_74a.cpp">
      <Filter>소스 파일</Filter>
    </ClCompile>
    <ClCompile Include="m10\CWE134_Uncontrolled_Format_String__char_connect_socket_vfprintf_74b.cpp">
      <Filter>소스 파일</Filter>
    </ClCompile>
    <ClCompile Include="m10\CWE134_Uncontrolled_Format_String__char_connect_socket_vfprintf_81_bad.cpp">
      <Filter>소스 파일</Filter>
    </ClCompile>
    <ClCompile Include="m10\CWE134_Uncontrolled_Format_String__char_connect_socket_vfprintf_81_goodB2G.cpp">
      <Filter>소스 파일</Filter>
    </ClCompile>
    <ClCompile Include="m10\CWE134_Uncontrolled_Format_String__char_connect_socket_vfprintf_81_goodG2B.cpp">
      <Filter>소스 파일</Filter>
    </ClCompile>
    <ClCompile Include="m10\CWE134_Uncontrolled_Format_String__char_connect_socket_vfprintf_81a.cpp">
      <Filter>소스 파일</Filter>
    </ClCompile>
    <ClCompile Include="m10\CWE134_Uncontrolled_Format_String__char_connect_socket_vfprintf_82_bad.cpp">
      <Filter>소스 파일</Filter>
    </ClCompile>
    <ClCompile Include="m10\CWE134_Uncontrolled_Format_String__char_connect_socket_vfprintf_82_goodB2G.cpp">
      <Filter>소스 파일</Filter>
    </ClCompile>
    <ClCompile Include="m10\CWE134_Uncontrolled_Format_String__char_connect_socket_vfprintf_82_goodG2B.cpp">
      <Filter>소스 파일</Filter>
    </ClCompile>
    <ClCompile Include="m10\CWE134_Uncontrolled_Format_String__char_connect_socket_vfprintf_82a.cpp">
      <Filter>소스 파일</Filter>
    </ClCompile>
    <ClCompile Include="m10\CWE134_Uncontrolled_Format_String__char_connect_socket_vfprintf_83_bad.cpp">
      <Filter>소스 파일</Filter>
    </ClCompile>
    <ClCompile Include="m10\CWE134_Uncontrolled_Format_String__char_connect_socket_vfprintf_83_goodB2G.cpp">
      <Filter>소스 파일</Filter>
    </ClCompile>
    <ClCompile Include="m10\CWE134_Uncontrolled_Format_String__char_connect_socket_vfprintf_83_goodG2B.cpp">
      <Filter>소스 파일</Filter>
    </ClCompile>
    <ClCompile Include="m10\CWE134_Uncontrolled_Format_String__char_connect_socket_vfprintf_83a.cpp">
      <Filter>소스 파일</Filter>
    </ClCompile>
    <ClCompile Include="m10\CWE134_Uncontrolled_Format_String__char_connect_socket_vfprintf_84_bad.cpp">
      <Filter>소스 파일</Filter>
    </ClCompile>
    <ClCompile Include="m10\CWE134_Uncontrolled_Format_String__char_connect_socket_vfprintf_84_goodB2G.cpp">
      <Filter>소스 파일</Filter>
    </ClCompile>
    <ClCompile Include="m10\CWE134_Uncontrolled_Format_String__char_connect_socket_vfprintf_84_goodG2B.cpp">
      <Filter>소스 파일</Filter>
    </ClCompile>
    <ClCompile Include="m10\CWE134_Uncontrolled_Format_String__char_connect_socket_vfprintf_84a.cpp">
      <Filter>소스 파일</Filter>
    </ClCompile>
    <ClCompile Include="m11\CWE134_Uncontrolled_Format_String__char_connect_socket_vfprintf_01.c">
      <Filter>소스 파일</Filter>
    </ClCompile>
    <ClCompile Include="m11\CWE134_Uncontrolled_Format_String__char_connect_socket_vprintf_01.c">
      <Filter>소스 파일</Filter>
    </ClCompile>
    <ClCompile Include="m11\CWE134_Uncontrolled_Format_String__char_connect_socket_w32_vsnprintf_01.c">
      <Filter>소스 파일</Filter>
    </ClCompile>
    <ClCompile Include="m11\CWE134_Uncontrolled_Format_String__char_console_vfprintf_01.c">
      <Filter>소스 파일</Filter>
    </ClCompile>
    <ClCompile Include="m11\CWE134_Uncontrolled_Format_String__char_console_vprintf_01.c">
      <Filter>소스 파일</Filter>
    </ClCompile>
    <ClCompile Include="m11\CWE134_Uncontrolled_Format_String__char_console_w32_vsnprintf_01.c">
      <Filter>소스 파일</Filter>
    </ClCompile>
    <ClCompile Include="m11\CWE134_Uncontrolled_Format_String__char_environment_vfprintf_01.c">
      <Filter>소스 파일</Filter>
    </ClCompile>
    <ClCompile Include="m11\CWE134_Uncontrolled_Format_String__char_environment_vprintf_01.c">
      <Filter>소스 파일</Filter>
    </ClCompile>
    <ClCompile Include="m11\CWE134_Uncontrolled_Format_String__char_environment_w32_vsnprintf_01.c">
      <Filter>소스 파일</Filter>
    </ClCompile>
    <ClCompile Include="m11\CWE134_Uncontrolled_Format_String__char_file_vfprintf_01.c">
      <Filter>소스 파일</Filter>
    </ClCompile>
    <ClCompile Include="m11\CWE134_Uncontrolled_Format_String__char_file_vprintf_01.c">
      <Filter>소스 파일</Filter>
    </ClCompile>
    <ClCompile Include="m11\CWE134_Uncontrolled_Format_String__char_file_w32_vsnprintf_01.c">
      <Filter>소스 파일</Filter>
    </ClCompile>
    <ClCompile Include="m11\CWE134_Uncontrolled_Format_String__char_listen_socket_vfprintf_01.c">
      <Filter>소스 파일</Filter>
    </ClCompile>
    <ClCompile Include="m11\CWE134_Uncontrolled_Format_String__char_listen_socket_vprintf_01.c">
      <Filter>소스 파일</Filter>
    </ClCompile>
    <ClCompile Include="m11\CWE134_Uncontrolled_Format_String__char_listen_socket_w32_vsnprintf_01.c">
      <Filter>소스 파일</Filter>
    </ClCompile>
    <ClCompile Include="m11\CWE134_Uncontrolled_Format_String__wchar_t_connect_socket_vfprintf_01.c">
      <Filter>소스 파일</Filter>
    </ClCompile>
    <ClCompile Include="m11\CWE134_Uncontrolled_Format_String__wchar_t_connect_socket_vprintf_01.c">
      <Filter>소스 파일</Filter>
    </ClCompile>
    <ClCompile Include="m11\CWE134_Uncontrolled_Format_String__wchar_t_connect_socket_w32_vsnprintf_01.c">
      <Filter>소스 파일</Filter>
    </ClCompile>
    <ClCompile Include="m11\CWE134_Uncontrolled_Format_String__wchar_t_console_vfprintf_01.c">
      <Filter>소스 파일</Filter>
    </ClCompile>
    <ClCompile Include="m11\CWE134_Uncontrolled_Format_String__wchar_t_console_vprintf_01.c">
      <Filter>소스 파일</Filter>
    </ClCompile>
    <ClCompile Include="m11\CWE134_Uncontrolled_Format_String__wchar_t_console_w32_vsnprintf_01.c">
      <Filter>소스 파일</Filter>
    </ClCompile>
    <ClCompile Include="m11\CWE134_Uncontrolled_Format_String__wchar_t_environment_vfprintf_01.c">
      <Filter>소스 파일</Filter>
    </ClCompile>
    <ClCompile Include="m11\CWE134_Uncontrolled_Format_String__wchar_t_environment_vprintf_01.c">
      <Filter>소스 파일</Filter>
    </ClCompile>
    <ClCompile Include="m11\CWE134_Uncontrolled_Format_String__wchar_t_environment_w32_vsnprintf_01.c">
      <Filter>소스 파일</Filter>
    </ClCompile>
    <ClCompile Include="m11\CWE134_Uncontrolled_Format_String__wchar_t_file_vfprintf_01.c">
      <Filter>소스 파일</Filter>
    </ClCompile>
    <ClCompile Include="m11\CWE134_Uncontrolled_Format_String__wchar_t_file_vprintf_01.c">
      <Filter>소스 파일</Filter>
    </ClCompile>
    <ClCompile Include="m11\CWE134_Uncontrolled_Format_String__wchar_t_file_w32_vsnprintf_01.c">
      <Filter>소스 파일</Filter>
    </ClCompile>
    <ClCompile Include="m11\CWE134_Uncontrolled_Format_String__wchar_t_listen_socket_vfprintf_01.c">
      <Filter>소스 파일</Filter>
    </ClCompile>
    <ClCompile Include="m11\CWE134_Uncontrolled_Format_String__wchar_t_listen_socket_vprintf_01.c">
      <Filter>소스 파일</Filter>
    </ClCompile>
    <ClCompile Include="m11\CWE134_Uncontrolled_Format_String__wchar_t_listen_socket_w32_vsnprintf_01.c">
      <Filter>소스 파일</Filter>
    </ClCompile>
    <ClCompile Include="io.c">
      <Filter>소스 파일</Filter>
    </ClCompile>
  </ItemGroup>
  <ItemGroup>
    <ClInclude Include="m00\CWE134_Uncontrolled_Format_String__char_connect_socket_fprintf_81.h">
      <Filter>헤더 파일</Filter>
    </ClInclude>
    <ClInclude Include="m00\CWE134_Uncontrolled_Format_String__char_connect_socket_fprintf_82.h">
      <Filter>헤더 파일</Filter>
    </ClInclude>
    <ClInclude Include="m00\CWE134_Uncontrolled_Format_String__char_connect_socket_fprintf_83.h">
      <Filter>헤더 파일</Filter>
    </ClInclude>
    <ClInclude Include="m00\CWE134_Uncontrolled_Format_String__char_connect_socket_fprintf_84.h">
      <Filter>헤더 파일</Filter>
    </ClInclude>
    <ClInclude Include="m10\CWE134_Uncontrolled_Format_String__char_connect_socket_vfprintf_81.h">
      <Filter>헤더 파일</Filter>
    </ClInclude>
    <ClInclude Include="m10\CWE134_Uncontrolled_Format_String__char_connect_socket_vfprintf_82.h">
      <Filter>헤더 파일</Filter>
    </ClInclude>
    <ClInclude Include="m10\CWE134_Uncontrolled_Format_String__char_connect_socket_vfprintf_83.h">
      <Filter>헤더 파일</Filter>
    </ClInclude>
    <ClInclude Include="m10\CWE134_Uncontrolled_Format_String__char_connect_socket_vfprintf_84.h">
      <Filter>헤더 파일</Filter>
    </ClInclude>
  </ItemGroup>
</Project>