<?xml version="1.0" encoding="utf-8"?>
<Project ToolsVersion="4.0" xmlns="http://schemas.microsoft.com/developer/msbuild/2003">
  <ItemGroup>
    <Filter Include="소스 파일">
      <UniqueIdentifier>{4FC737F1-C7A5-4376-A066-2A32D752A2FF}</UniqueIdentifier>
      <Extensions>cpp;c;cc;cxx;def;odl;idl;hpj;bat;asm;asmx</Extensions>
    </Filter>
    <Filter Include="헤더 파일">
      <UniqueIdentifier>{93995380-89BD-4b04-88EB-625FBE52EBFB}</UniqueIdentifier>
      <Extensions>h;hh;hpp;hxx;hm;inl;inc;xsd</Extensions>
    </Filter>
    <Filter Include="리소스 파일">
      <UniqueIdentifier>{67DA6AB6-F800-4c08-8B7A-83BB121AAD01}</UniqueIdentifier>
      <Extensions>rc;ico;cur;bmp;dlg;rc2;rct;bin;rgs;gif;jpg;jpeg;jpe;resx;tiff;tif;png;wav;mfcribbon-ms</Extensions>
    </Filter>
  </ItemGroup>
  <ItemGroup>
    <ClCompile Include="fake_main.cpp">
      <Filter>소스 파일</Filter>
    </ClCompile>
    <ClCompile Include="m00\CWE457_Use_of_Uninitialized_Variable__char_pointer_01.c">
      <Filter>소스 파일</Filter>
    </ClCompile>
    <ClCompile Include="m00\CWE457_Use_of_Uninitialized_Variable__char_pointer_02.c">
      <Filter>소스 파일</Filter>
    </ClCompile>
    <ClCompile Include="m00\CWE457_Use_of_Uninitialized_Variable__char_pointer_03.c">
      <Filter>소스 파일</Filter>
    </ClCompile>
    <ClCompile Include="m00\CWE457_Use_of_Uninitialized_Variable__char_pointer_04.c">
      <Filter>소스 파일</Filter>
    </ClCompile>
    <ClCompile Include="m00\CWE457_Use_of_Uninitialized_Variable__char_pointer_05.c">
      <Filter>소스 파일</Filter>
    </ClCompile>
    <ClCompile Include="m00\CWE457_Use_of_Uninitialized_Variable__char_pointer_06.c">
      <Filter>소스 파일</Filter>
    </ClCompile>
    <ClCompile Include="m00\CWE457_Use_of_Uninitialized_Variable__char_pointer_07.c">
      <Filter>소스 파일</Filter>
    </ClCompile>
    <ClCompile Include="m00\CWE457_Use_of_Uninitialized_Variable__char_pointer_08.c">
      <Filter>소스 파일</Filter>
    </ClCompile>
    <ClCompile Include="m00\CWE457_Use_of_Uninitialized_Variable__char_pointer_09.c">
      <Filter>소스 파일</Filter>
    </ClCompile>
    <ClCompile Include="m00\CWE457_Use_of_Uninitialized_Variable__char_pointer_10.c">
      <Filter>소스 파일</Filter>
    </ClCompile>
    <ClCompile Include="m00\CWE457_Use_of_Uninitialized_Variable__char_pointer_11.c">
      <Filter>소스 파일</Filter>
    </ClCompile>
    <ClCompile Include="m00\CWE457_Use_of_Uninitialized_Variable__char_pointer_12.c">
      <Filter>소스 파일</Filter>
    </ClCompile>
    <ClCompile Include="m00\CWE457_Use_of_Uninitialized_Variable__char_pointer_13.c">
      <Filter>소스 파일</Filter>
    </ClCompile>
    <ClCompile Include="m00\CWE457_Use_of_Uninitialized_Variable__char_pointer_14.c">
      <Filter>소스 파일</Filter>
    </ClCompile>
    <ClCompile Include="m00\CWE457_Use_of_Uninitialized_Variable__char_pointer_15.c">
      <Filter>소스 파일</Filter>
    </ClCompile>
    <ClCompile Include="m00\CWE457_Use_of_Uninitialized_Variable__char_pointer_16.c">
      <Filter>소스 파일</Filter>
    </ClCompile>
    <ClCompile Include="m00\CWE457_Use_of_Uninitialized_Variable__char_pointer_17.c">
      <Filter>소스 파일</Filter>
    </ClCompile>
    <ClCompile Include="m00\CWE457_Use_of_Uninitialized_Variable__char_pointer_18.c">
      <Filter>소스 파일</Filter>
    </ClCompile>
    <ClCompile Include="m00\CWE457_Use_of_Uninitialized_Variable__char_pointer_43.cpp">
      <Filter>소스 파일</Filter>
    </ClCompile>
    <ClCompile Include="m00\CWE457_Use_of_Uninitialized_Variable__char_pointer_62a.cpp">
      <Filter>소스 파일</Filter>
    </ClCompile>
    <ClCompile Include="m00\CWE457_Use_of_Uninitialized_Variable__char_pointer_62b.cpp">
      <Filter>소스 파일</Filter>
    </ClCompile>
    <ClCompile Include="m00\CWE457_Use_of_Uninitialized_Variable__char_pointer_63a.c">
      <Filter>소스 파일</Filter>
    </ClCompile>
    <ClCompile Include="m00\CWE457_Use_of_Uninitialized_Variable__char_pointer_63b.c">
      <Filter>소스 파일</Filter>
    </ClCompile>
    <ClCompile Include="m00\CWE457_Use_of_Uninitialized_Variable__char_pointer_64a.c">
      <Filter>소스 파일</Filter>
    </ClCompile>
    <ClCompile Include="m00\CWE457_Use_of_Uninitialized_Variable__char_pointer_64b.c">
      <Filter>소스 파일</Filter>
    </ClCompile>
    <ClCompile Include="m01\CWE457_Use_of_Uninitialized_Variable__char_pointer_01.c">
      <Filter>소스 파일</Filter>
    </ClCompile>
    <ClCompile Include="m01\CWE457_Use_of_Uninitialized_Variable__double_01.c">
      <Filter>소스 파일</Filter>
    </ClCompile>
    <ClCompile Include="m01\CWE457_Use_of_Uninitialized_Variable__double_pointer_01.c">
      <Filter>소스 파일</Filter>
    </ClCompile>
    <ClCompile Include="m01\CWE457_Use_of_Uninitialized_Variable__int_01.c">
      <Filter>소스 파일</Filter>
    </ClCompile>
    <ClCompile Include="m01\CWE457_Use_of_Uninitialized_Variable__int_pointer_01.c">
      <Filter>소스 파일</Filter>
    </ClCompile>
    <ClCompile Include="m01\CWE457_Use_of_Uninitialized_Variable__int64_t_01.c">
      <Filter>소스 파일</Filter>
    </ClCompile>
    <ClCompile Include="m01\CWE457_Use_of_Uninitialized_Variable__long_01.c">
      <Filter>소스 파일</Filter>
    </ClCompile>
    <ClCompile Include="m01\CWE457_Use_of_Uninitialized_Variable__struct_01.c">
      <Filter>소스 파일</Filter>
    </ClCompile>
    <ClCompile Include="m01\CWE457_Use_of_Uninitialized_Variable__struct_pointer_01.c">
      <Filter>소스 파일</Filter>
    </ClCompile>
    <ClCompile Include="m01\CWE457_Use_of_Uninitialized_Variable__twointsclass_01.cpp">
      <Filter>소스 파일</Filter>
    </ClCompile>
    <ClCompile Include="m01\CWE457_Use_of_Uninitialized_Variable__wchar_t_pointer_01.c">
      <Filter>소스 파일</Filter>
    </ClCompile>
    <ClCompile Include="m10\CWE457_Use_of_Uninitialized_Variable__double_array_alloca_no_init_01.c">
      <Filter>소스 파일</Filter>
    </ClCompile>
    <ClCompile Include="m10\CWE457_Use_of_Uninitialized_Variable__double_array_alloca_no_init_02.c">
      <Filter>소스 파일</Filter>
    </ClCompile>
    <ClCompile Include="m10\CWE457_Use_of_Uninitialized_Variable__double_array_alloca_no_init_03.c">
      <Filter>소스 파일</Filter>
    </ClCompile>
    <ClCompile Include="m10\CWE457_Use_of_Uninitialized_Variable__double_array_alloca_no_init_04.c">
      <Filter>소스 파일</Filter>
    </ClCompile>
    <ClCompile Include="m10\CWE457_Use_of_Uninitialized_Variable__double_array_alloca_no_init_05.c">
      <Filter>소스 파일</Filter>
    </ClCompile>
    <ClCompile Include="m10\CWE457_Use_of_Uninitialized_Variable__double_array_alloca_no_init_06.c">
      <Filter>소스 파일</Filter>
    </ClCompile>
    <ClCompile Include="m10\CWE457_Use_of_Uninitialized_Variable__double_array_alloca_no_init_07.c">
      <Filter>소스 파일</Filter>
    </ClCompile>
    <ClCompile Include="m10\CWE457_Use_of_Uninitialized_Variable__double_array_alloca_no_init_08.c">
      <Filter>소스 파일</Filter>
    </ClCompile>
    <ClCompile Include="m10\CWE457_Use_of_Uninitialized_Variable__double_array_alloca_no_init_09.c">
      <Filter>소스 파일</Filter>
    </ClCompile>
    <ClCompile Include="m10\CWE457_Use_of_Uninitialized_Variable__double_array_alloca_no_init_10.c">
      <Filter>소스 파일</Filter>
    </ClCompile>
    <ClCompile Include="m10\CWE457_Use_of_Uninitialized_Variable__double_array_alloca_no_init_11.c">
      <Filter>소스 파일</Filter>
    </ClCompile>
    <ClCompile Include="m10\CWE457_Use_of_Uninitialized_Variable__double_array_alloca_no_init_12.c">
      <Filter>소스 파일</Filter>
    </ClCompile>
    <ClCompile Include="m10\CWE457_Use_of_Uninitialized_Variable__double_array_alloca_no_init_13.c">
      <Filter>소스 파일</Filter>
    </ClCompile>
    <ClCompile Include="m10\CWE457_Use_of_Uninitialized_Variable__double_array_alloca_no_init_14.c">
      <Filter>소스 파일</Filter>
    </ClCompile>
    <ClCompile Include="m10\CWE457_Use_of_Uninitialized_Variable__double_array_alloca_no_init_15.c">
      <Filter>소스 파일</Filter>
    </ClCompile>
    <ClCompile Include="m10\CWE457_Use_of_Uninitialized_Variable__double_array_alloca_no_init_16.c">
      <Filter>소스 파일</Filter>
    </ClCompile>
    <ClCompile Include="m10\CWE457_Use_of_Uninitialized_Variable__double_array_alloca_no_init_17.c">
      <Filter>소스 파일</Filter>
    </ClCompile>
    <ClCompile Include="m10\CWE457_Use_of_Uninitialized_Variable__double_array_alloca_no_init_18.c">
      <Filter>소스 파일</Filter>
    </ClCompile>
    <ClCompile Include="m10\CWE457_Use_of_Uninitialized_Variable__double_array_alloca_no_init_43.cpp">
      <Filter>소스 파일</Filter>
    </ClCompile>
    <ClCompile Include="m10\CWE457_Use_of_Uninitialized_Variable__double_array_alloca_no_init_62a.cpp">
      <Filter>소스 파일</Filter>
    </ClCompile>
    <ClCompile Include="m10\CWE457_Use_of_Uninitialized_Variable__double_array_alloca_no_init_62b.cpp">
      <Filter>소스 파일</Filter>
    </ClCompile>
    <ClCompile Include="m10\CWE457_Use_of_Uninitialized_Variable__double_array_alloca_no_init_63a.c">
      <Filter>소스 파일</Filter>
    </ClCompile>
    <ClCompile Include="m10\CWE457_Use_of_Uninitialized_Variable__double_array_alloca_no_init_63b.c">
      <Filter>소스 파일</Filter>
    </ClCompile>
    <ClCompile Include="m10\CWE457_Use_of_Uninitialized_Variable__double_array_alloca_no_init_64a.c">
      <Filter>소스 파일</Filter>
    </ClCompile>
    <ClCompile Include="m10\CWE457_Use_of_Uninitialized_Variable__double_array_alloca_no_init_64b.c">
      <Filter>소스 파일</Filter>
    </ClCompile>
    <ClCompile Include="m10\CWE457_Use_of_Uninitialized_Variable__double_array_alloca_partial_init_01.c">
      <Filter>소스 파일</Filter>
    </ClCompile>
    <ClCompile Include="m10\CWE457_Use_of_Uninitialized_Variable__double_array_alloca_partial_init_02.c">
      <Filter>소스 파일</Filter>
    </ClCompile>
    <ClCompile Include="m10\CWE457_Use_of_Uninitialized_Variable__double_array_alloca_partial_init_03.c">
      <Filter>소스 파일</Filter>
    </ClCompile>
    <ClCompile Include="m10\CWE457_Use_of_Uninitialized_Variable__double_array_alloca_partial_init_04.c">
      <Filter>소스 파일</Filter>
    </ClCompile>
    <ClCompile Include="m10\CWE457_Use_of_Uninitialized_Variable__double_array_alloca_partial_init_05.c">
      <Filter>소스 파일</Filter>
    </ClCompile>
    <ClCompile Include="m10\CWE457_Use_of_Uninitialized_Variable__double_array_alloca_partial_init_06.c">
      <Filter>소스 파일</Filter>
    </ClCompile>
    <ClCompile Include="m10\CWE457_Use_of_Uninitialized_Variable__double_array_alloca_partial_init_07.c">
      <Filter>소스 파일</Filter>
    </ClCompile>
    <ClCompile Include="m10\CWE457_Use_of_Uninitialized_Variable__double_array_alloca_partial_init_08.c">
      <Filter>소스 파일</Filter>
    </ClCompile>
    <ClCompile Include="m10\CWE457_Use_of_Uninitialized_Variable__double_array_alloca_partial_init_09.c">
      <Filter>소스 파일</Filter>
    </ClCompile>
    <ClCompile Include="m10\CWE457_Use_of_Uninitialized_Variable__double_array_alloca_partial_init_10.c">
      <Filter>소스 파일</Filter>
    </ClCompile>
    <ClCompile Include="m10\CWE457_Use_of_Uninitialized_Variable__double_array_alloca_partial_init_11.c">
      <Filter>소스 파일</Filter>
    </ClCompile>
    <ClCompile Include="m10\CWE457_Use_of_Uninitialized_Variable__double_array_alloca_partial_init_12.c">
      <Filter>소스 파일</Filter>
    </ClCompile>
    <ClCompile Include="m10\CWE457_Use_of_Uninitialized_Variable__double_array_alloca_partial_init_13.c">
      <Filter>소스 파일</Filter>
    </ClCompile>
    <ClCompile Include="m10\CWE457_Use_of_Uninitialized_Variable__double_array_alloca_partial_init_14.c">
      <Filter>소스 파일</Filter>
    </ClCompile>
    <ClCompile Include="m10\CWE457_Use_of_Uninitialized_Variable__double_array_alloca_partial_init_15.c">
      <Filter>소스 파일</Filter>
    </ClCompile>
    <ClCompile Include="m10\CWE457_Use_of_Uninitialized_Variable__double_array_alloca_partial_init_16.c">
      <Filter>소스 파일</Filter>
    </ClCompile>
    <ClCompile Include="m10\CWE457_Use_of_Uninitialized_Variable__double_array_alloca_partial_init_17.c">
      <Filter>소스 파일</Filter>
    </ClCompile>
    <ClCompile Include="m10\CWE457_Use_of_Uninitialized_Variable__double_array_alloca_partial_init_18.c">
      <Filter>소스 파일</Filter>
    </ClCompile>
    <ClCompile Include="m10\CWE457_Use_of_Uninitialized_Variable__double_array_alloca_partial_init_43.cpp">
      <Filter>소스 파일</Filter>
    </ClCompile>
    <ClCompile Include="m10\CWE457_Use_of_Uninitialized_Variable__double_array_alloca_partial_init_62a.cpp">
      <Filter>소스 파일</Filter>
    </ClCompile>
    <ClCompile Include="m10\CWE457_Use_of_Uninitialized_Variable__double_array_alloca_partial_init_62b.cpp">
      <Filter>소스 파일</Filter>
    </ClCompile>
    <ClCompile Include="m10\CWE457_Use_of_Uninitialized_Variable__double_array_alloca_partial_init_63a.c">
      <Filter>소스 파일</Filter>
    </ClCompile>
    <ClCompile Include="m10\CWE457_Use_of_Uninitialized_Variable__double_array_alloca_partial_init_63b.c">
      <Filter>소스 파일</Filter>
    </ClCompile>
    <ClCompile Include="m10\CWE457_Use_of_Uninitialized_Variable__double_array_alloca_partial_init_64a.c">
      <Filter>소스 파일</Filter>
    </ClCompile>
    <ClCompile Include="m10\CWE457_Use_of_Uninitialized_Variable__double_array_alloca_partial_init_64b.c">
      <Filter>소스 파일</Filter>
    </ClCompile>
    <ClCompile Include="m11\CWE457_Use_of_Uninitialized_Variable__double_array_alloca_no_init_01.c">
      <Filter>소스 파일</Filter>
    </ClCompile>
    <ClCompile Include="m11\CWE457_Use_of_Uninitialized_Variable__double_array_declare_no_init_01.c">
      <Filter>소스 파일</Filter>
    </ClCompile>
    <ClCompile Include="m11\CWE457_Use_of_Uninitialized_Variable__double_array_malloc_no_init_01.c">
      <Filter>소스 파일</Filter>
    </ClCompile>
    <ClCompile Include="m11\CWE457_Use_of_Uninitialized_Variable__int_array_alloca_no_init_01.c">
      <Filter>소스 파일</Filter>
    </ClCompile>
    <ClCompile Include="m11\CWE457_Use_of_Uninitialized_Variable__int_array_declare_no_init_01.c">
      <Filter>소스 파일</Filter>
    </ClCompile>
    <ClCompile Include="m11\CWE457_Use_of_Uninitialized_Variable__int_array_malloc_no_init_01.c">
      <Filter>소스 파일</Filter>
    </ClCompile>
    <ClCompile Include="m11\CWE457_Use_of_Uninitialized_Variable__new_double_array_no_init_01.cpp">
      <Filter>소스 파일</Filter>
    </ClCompile>
    <ClCompile Include="m11\CWE457_Use_of_Uninitialized_Variable__new_int_array_no_init_01.cpp">
      <Filter>소스 파일</Filter>
    </ClCompile>
    <ClCompile Include="m11\CWE457_Use_of_Uninitialized_Variable__new_struct_array_no_init_01.cpp">
      <Filter>소스 파일</Filter>
    </ClCompile>
    <ClCompile Include="m11\CWE457_Use_of_Uninitialized_Variable__struct_array_alloca_no_init_01.c">
      <Filter>소스 파일</Filter>
    </ClCompile>
    <ClCompile Include="m11\CWE457_Use_of_Uninitialized_Variable__struct_array_declare_no_init_01.c">
      <Filter>소스 파일</Filter>
    </ClCompile>
    <ClCompile Include="m11\CWE457_Use_of_Uninitialized_Variable__struct_array_malloc_no_init_01.c">
      <Filter>소스 파일</Filter>
    </ClCompile>
    <ClCompile Include="m11\CWE457_Use_of_Uninitialized_Variable__twointsclass_array_alloca_no_init_01.cpp">
      <Filter>소스 파일</Filter>
    </ClCompile>
    <ClCompile Include="m11\CWE457_Use_of_Uninitialized_Variable__twointsclass_array_declare_no_init_01.cpp">
      <Filter>소스 파일</Filter>
    </ClCompile>
    <ClCompile Include="m11\CWE457_Use_of_Uninitialized_Variable__twointsclass_array_malloc_no_init_01.cpp">
      <Filter>소스 파일</Filter>
    </ClCompile>
    <ClCompile Include="m11\CWE457_Use_of_Uninitialized_Variable__twointsclass_array_new_no_init_01.cpp">
      <Filter>소스 파일</Filter>
    </ClCompile>
    <ClCompile Include="s01\CWE457_Use_of_Uninitialized_Variable__empty_constructor_01_bad.cpp">
      <Filter>소스 파일</Filter>
    </ClCompile>
    <ClCompile Include="s01\CWE457_Use_of_Uninitialized_Variable__empty_constructor_01_good1.cpp">
      <Filter>소스 파일</Filter>
    </ClCompile>
    <ClCompile Include="s01\CWE457_Use_of_Uninitialized_Variable__no_constructor_01_bad.cpp">
      <Filter>소스 파일</Filter>
    </ClCompile>
    <ClCompile Include="s01\CWE457_Use_of_Uninitialized_Variable__no_constructor_01_good1.cpp">
      <Filter>소스 파일</Filter>
    </ClCompile>
    <ClCompile Include="io.c">
      <Filter>소스 파일</Filter>
    </ClCompile>
  </ItemGroup>
</Project>