<?xml version="1.0" encoding="utf-8"?>
<Project ToolsVersion="4.0" xmlns="http://schemas.microsoft.com/developer/msbuild/2003">
  <ItemGroup>
    <Filter Include="소스 파일">
      <UniqueIdentifier>{4FC737F1-C7A5-4376-A066-2A32D752A2FF}</UniqueIdentifier>
      <Extensions>cpp;c;cc;cxx;def;odl;idl;hpj;bat;asm;asmx</Extensions>
    </Filter>
    <Filter Include="헤더 파일">
      <UniqueIdentifier>{93995380-89BD-4b04-88EB-625FBE52EBFB}</UniqueIdentifier>
      <Extensions>h;hh;hpp;hxx;hm;inl;inc;xsd</Extensions>
    </Filter>
    <Filter Include="리소스 파일">
      <UniqueIdentifier>{67DA6AB6-F800-4c08-8B7A-83BB121AAD01}</UniqueIdentifier>
      <Extensions>rc;ico;cur;bmp;dlg;rc2;rct;bin;rgs;gif;jpg;jpeg;jpe;resx;tiff;tif;png;wav;mfcribbon-ms</Extensions>
    </Filter>
  </ItemGroup>
  <ItemGroup>
    <ClCompile Include="fake_main.cpp">
      <Filter>소스 파일</Filter>
    </ClCompile>
    <ClCompile Include="m00\CWE78_OS_Command_Injection__char_connect_socket_execl_01.c">
      <Filter>소스 파일</Filter>
    </ClCompile>
    <ClCompile Include="m00\CWE78_OS_Command_Injection__char_connect_socket_execl_02.c">
      <Filter>소스 파일</Filter>
    </ClCompile>
    <ClCompile Include="m00\CWE78_OS_Command_Injection__char_connect_socket_execl_03.c">
      <Filter>소스 파일</Filter>
    </ClCompile>
    <ClCompile Include="m00\CWE78_OS_Command_Injection__char_connect_socket_execl_04.c">
      <Filter>소스 파일</Filter>
    </ClCompile>
    <ClCompile Include="m00\CWE78_OS_Command_Injection__char_connect_socket_execl_05.c">
      <Filter>소스 파일</Filter>
    </ClCompile>
    <ClCompile Include="m00\CWE78_OS_Command_Injection__char_connect_socket_execl_06.c">
      <Filter>소스 파일</Filter>
    </ClCompile>
    <ClCompile Include="m00\CWE78_OS_Command_Injection__char_connect_socket_execl_07.c">
      <Filter>소스 파일</Filter>
    </ClCompile>
    <ClCompile Include="m00\CWE78_OS_Command_Injection__char_connect_socket_execl_08.c">
      <Filter>소스 파일</Filter>
    </ClCompile>
    <ClCompile Include="m00\CWE78_OS_Command_Injection__char_connect_socket_execl_09.c">
      <Filter>소스 파일</Filter>
    </ClCompile>
    <ClCompile Include="m00\CWE78_OS_Command_Injection__char_connect_socket_execl_10.c">
      <Filter>소스 파일</Filter>
    </ClCompile>
    <ClCompile Include="m00\CWE78_OS_Command_Injection__char_connect_socket_execl_11.c">
      <Filter>소스 파일</Filter>
    </ClCompile>
    <ClCompile Include="m00\CWE78_OS_Command_Injection__char_connect_socket_execl_12.c">
      <Filter>소스 파일</Filter>
    </ClCompile>
    <ClCompile Include="m00\CWE78_OS_Command_Injection__char_connect_socket_execl_13.c">
      <Filter>소스 파일</Filter>
    </ClCompile>
    <ClCompile Include="m00\CWE78_OS_Command_Injection__char_connect_socket_execl_14.c">
      <Filter>소스 파일</Filter>
    </ClCompile>
    <ClCompile Include="m00\CWE78_OS_Command_Injection__char_connect_socket_execl_15.c">
      <Filter>소스 파일</Filter>
    </ClCompile>
    <ClCompile Include="m00\CWE78_OS_Command_Injection__char_connect_socket_execl_16.c">
      <Filter>소스 파일</Filter>
    </ClCompile>
    <ClCompile Include="m00\CWE78_OS_Command_Injection__char_connect_socket_execl_17.c">
      <Filter>소스 파일</Filter>
    </ClCompile>
    <ClCompile Include="m00\CWE78_OS_Command_Injection__char_connect_socket_execl_18.c">
      <Filter>소스 파일</Filter>
    </ClCompile>
    <ClCompile Include="m00\CWE78_OS_Command_Injection__char_connect_socket_execl_21.c">
      <Filter>소스 파일</Filter>
    </ClCompile>
    <ClCompile Include="m00\CWE78_OS_Command_Injection__char_connect_socket_execl_22a.c">
      <Filter>소스 파일</Filter>
    </ClCompile>
    <ClCompile Include="m00\CWE78_OS_Command_Injection__char_connect_socket_execl_22b.c">
      <Filter>소스 파일</Filter>
    </ClCompile>
    <ClCompile Include="m00\CWE78_OS_Command_Injection__char_connect_socket_execl_31.c">
      <Filter>소스 파일</Filter>
    </ClCompile>
    <ClCompile Include="m00\CWE78_OS_Command_Injection__char_connect_socket_execl_32.c">
      <Filter>소스 파일</Filter>
    </ClCompile>
    <ClCompile Include="m00\CWE78_OS_Command_Injection__char_connect_socket_execl_33.cpp">
      <Filter>소스 파일</Filter>
    </ClCompile>
    <ClCompile Include="m00\CWE78_OS_Command_Injection__char_connect_socket_execl_34.c">
      <Filter>소스 파일</Filter>
    </ClCompile>
    <ClCompile Include="m00\CWE78_OS_Command_Injection__char_connect_socket_execl_41.c">
      <Filter>소스 파일</Filter>
    </ClCompile>
    <ClCompile Include="m00\CWE78_OS_Command_Injection__char_connect_socket_execl_42.c">
      <Filter>소스 파일</Filter>
    </ClCompile>
    <ClCompile Include="m00\CWE78_OS_Command_Injection__char_connect_socket_execl_43.cpp">
      <Filter>소스 파일</Filter>
    </ClCompile>
    <ClCompile Include="m00\CWE78_OS_Command_Injection__char_connect_socket_execl_44.c">
      <Filter>소스 파일</Filter>
    </ClCompile>
    <ClCompile Include="m00\CWE78_OS_Command_Injection__char_connect_socket_execl_45.c">
      <Filter>소스 파일</Filter>
    </ClCompile>
    <ClCompile Include="m00\CWE78_OS_Command_Injection__char_connect_socket_execl_51a.c">
      <Filter>소스 파일</Filter>
    </ClCompile>
    <ClCompile Include="m00\CWE78_OS_Command_Injection__char_connect_socket_execl_51b.c">
      <Filter>소스 파일</Filter>
    </ClCompile>
    <ClCompile Include="m00\CWE78_OS_Command_Injection__char_connect_socket_execl_52a.c">
      <Filter>소스 파일</Filter>
    </ClCompile>
    <ClCompile Include="m00\CWE78_OS_Command_Injection__char_connect_socket_execl_52b.c">
      <Filter>소스 파일</Filter>
    </ClCompile>
    <ClCompile Include="m00\CWE78_OS_Command_Injection__char_connect_socket_execl_52c.c">
      <Filter>소스 파일</Filter>
    </ClCompile>
    <ClCompile Include="m00\CWE78_OS_Command_Injection__char_connect_socket_execl_53a.c">
      <Filter>소스 파일</Filter>
    </ClCompile>
    <ClCompile Include="m00\CWE78_OS_Command_Injection__char_connect_socket_execl_53b.c">
      <Filter>소스 파일</Filter>
    </ClCompile>
    <ClCompile Include="m00\CWE78_OS_Command_Injection__char_connect_socket_execl_53c.c">
      <Filter>소스 파일</Filter>
    </ClCompile>
    <ClCompile Include="m00\CWE78_OS_Command_Injection__char_connect_socket_execl_53d.c">
      <Filter>소스 파일</Filter>
    </ClCompile>
    <ClCompile Include="m00\CWE78_OS_Command_Injection__char_connect_socket_execl_54a.c">
      <Filter>소스 파일</Filter>
    </ClCompile>
    <ClCompile Include="m00\CWE78_OS_Command_Injection__char_connect_socket_execl_54b.c">
      <Filter>소스 파일</Filter>
    </ClCompile>
    <ClCompile Include="m00\CWE78_OS_Command_Injection__char_connect_socket_execl_54c.c">
      <Filter>소스 파일</Filter>
    </ClCompile>
    <ClCompile Include="m00\CWE78_OS_Command_Injection__char_connect_socket_execl_54d.c">
      <Filter>소스 파일</Filter>
    </ClCompile>
    <ClCompile Include="m00\CWE78_OS_Command_Injection__char_connect_socket_execl_54e.c">
      <Filter>소스 파일</Filter>
    </ClCompile>
    <ClCompile Include="m00\CWE78_OS_Command_Injection__char_connect_socket_execl_61a.c">
      <Filter>소스 파일</Filter>
    </ClCompile>
    <ClCompile Include="m00\CWE78_OS_Command_Injection__char_connect_socket_execl_61b.c">
      <Filter>소스 파일</Filter>
    </ClCompile>
    <ClCompile Include="m00\CWE78_OS_Command_Injection__char_connect_socket_execl_62a.cpp">
      <Filter>소스 파일</Filter>
    </ClCompile>
    <ClCompile Include="m00\CWE78_OS_Command_Injection__char_connect_socket_execl_62b.cpp">
      <Filter>소스 파일</Filter>
    </ClCompile>
    <ClCompile Include="m00\CWE78_OS_Command_Injection__char_connect_socket_execl_63a.c">
      <Filter>소스 파일</Filter>
    </ClCompile>
    <ClCompile Include="m00\CWE78_OS_Command_Injection__char_connect_socket_execl_63b.c">
      <Filter>소스 파일</Filter>
    </ClCompile>
    <ClCompile Include="m00\CWE78_OS_Command_Injection__char_connect_socket_execl_64a.c">
      <Filter>소스 파일</Filter>
    </ClCompile>
    <ClCompile Include="m00\CWE78_OS_Command_Injection__char_connect_socket_execl_64b.c">
      <Filter>소스 파일</Filter>
    </ClCompile>
    <ClCompile Include="m00\CWE78_OS_Command_Injection__char_connect_socket_execl_65a.c">
      <Filter>소스 파일</Filter>
    </ClCompile>
    <ClCompile Include="m00\CWE78_OS_Command_Injection__char_connect_socket_execl_65b.c">
      <Filter>소스 파일</Filter>
    </ClCompile>
    <ClCompile Include="m00\CWE78_OS_Command_Injection__char_connect_socket_execl_66a.c">
      <Filter>소스 파일</Filter>
    </ClCompile>
    <ClCompile Include="m00\CWE78_OS_Command_Injection__char_connect_socket_execl_66b.c">
      <Filter>소스 파일</Filter>
    </ClCompile>
    <ClCompile Include="m00\CWE78_OS_Command_Injection__char_connect_socket_execl_67a.c">
      <Filter>소스 파일</Filter>
    </ClCompile>
    <ClCompile Include="m00\CWE78_OS_Command_Injection__char_connect_socket_execl_67b.c">
      <Filter>소스 파일</Filter>
    </ClCompile>
    <ClCompile Include="m00\CWE78_OS_Command_Injection__char_connect_socket_execl_68a.c">
      <Filter>소스 파일</Filter>
    </ClCompile>
    <ClCompile Include="m00\CWE78_OS_Command_Injection__char_connect_socket_execl_68b.c">
      <Filter>소스 파일</Filter>
    </ClCompile>
    <ClCompile Include="m00\CWE78_OS_Command_Injection__char_connect_socket_execl_72a.cpp">
      <Filter>소스 파일</Filter>
    </ClCompile>
    <ClCompile Include="m00\CWE78_OS_Command_Injection__char_connect_socket_execl_72b.cpp">
      <Filter>소스 파일</Filter>
    </ClCompile>
    <ClCompile Include="m00\CWE78_OS_Command_Injection__char_connect_socket_execl_73a.cpp">
      <Filter>소스 파일</Filter>
    </ClCompile>
    <ClCompile Include="m00\CWE78_OS_Command_Injection__char_connect_socket_execl_73b.cpp">
      <Filter>소스 파일</Filter>
    </ClCompile>
    <ClCompile Include="m00\CWE78_OS_Command_Injection__char_connect_socket_execl_74a.cpp">
      <Filter>소스 파일</Filter>
    </ClCompile>
    <ClCompile Include="m00\CWE78_OS_Command_Injection__char_connect_socket_execl_74b.cpp">
      <Filter>소스 파일</Filter>
    </ClCompile>
    <ClCompile Include="m00\CWE78_OS_Command_Injection__char_connect_socket_execl_81_bad.cpp">
      <Filter>소스 파일</Filter>
    </ClCompile>
    <ClCompile Include="m00\CWE78_OS_Command_Injection__char_connect_socket_execl_81_goodG2B.cpp">
      <Filter>소스 파일</Filter>
    </ClCompile>
    <ClCompile Include="m00\CWE78_OS_Command_Injection__char_connect_socket_execl_81a.cpp">
      <Filter>소스 파일</Filter>
    </ClCompile>
    <ClCompile Include="m00\CWE78_OS_Command_Injection__char_connect_socket_execl_82_bad.cpp">
      <Filter>소스 파일</Filter>
    </ClCompile>
    <ClCompile Include="m00\CWE78_OS_Command_Injection__char_connect_socket_execl_82_goodG2B.cpp">
      <Filter>소스 파일</Filter>
    </ClCompile>
    <ClCompile Include="m00\CWE78_OS_Command_Injection__char_connect_socket_execl_82a.cpp">
      <Filter>소스 파일</Filter>
    </ClCompile>
    <ClCompile Include="m00\CWE78_OS_Command_Injection__char_connect_socket_execl_83_bad.cpp">
      <Filter>소스 파일</Filter>
    </ClCompile>
    <ClCompile Include="m00\CWE78_OS_Command_Injection__char_connect_socket_execl_83_goodG2B.cpp">
      <Filter>소스 파일</Filter>
    </ClCompile>
    <ClCompile Include="m00\CWE78_OS_Command_Injection__char_connect_socket_execl_83a.cpp">
      <Filter>소스 파일</Filter>
    </ClCompile>
    <ClCompile Include="m00\CWE78_OS_Command_Injection__char_connect_socket_execl_84_bad.cpp">
      <Filter>소스 파일</Filter>
    </ClCompile>
    <ClCompile Include="m00\CWE78_OS_Command_Injection__char_connect_socket_execl_84_goodG2B.cpp">
      <Filter>소스 파일</Filter>
    </ClCompile>
    <ClCompile Include="m00\CWE78_OS_Command_Injection__char_connect_socket_execl_84a.cpp">
      <Filter>소스 파일</Filter>
    </ClCompile>
    <ClCompile Include="m01\CWE78_OS_Command_Injection__char_connect_socket_execl_01.c">
      <Filter>소스 파일</Filter>
    </ClCompile>
    <ClCompile Include="m01\CWE78_OS_Command_Injection__char_connect_socket_execlp_01.c">
      <Filter>소스 파일</Filter>
    </ClCompile>
    <ClCompile Include="m01\CWE78_OS_Command_Injection__char_connect_socket_popen_01.c">
      <Filter>소스 파일</Filter>
    </ClCompile>
    <ClCompile Include="m01\CWE78_OS_Command_Injection__char_connect_socket_system_01.c">
      <Filter>소스 파일</Filter>
    </ClCompile>
    <ClCompile Include="m01\CWE78_OS_Command_Injection__char_connect_socket_w32_execv_01.c">
      <Filter>소스 파일</Filter>
    </ClCompile>
    <ClCompile Include="m01\CWE78_OS_Command_Injection__char_connect_socket_w32_execvp_01.c">
      <Filter>소스 파일</Filter>
    </ClCompile>
    <ClCompile Include="m01\CWE78_OS_Command_Injection__char_connect_socket_w32_spawnlp_01.c">
      <Filter>소스 파일</Filter>
    </ClCompile>
    <ClCompile Include="m01\CWE78_OS_Command_Injection__char_connect_socket_w32_spawnv_01.c">
      <Filter>소스 파일</Filter>
    </ClCompile>
    <ClCompile Include="m01\CWE78_OS_Command_Injection__char_connect_socket_w32_spawnvp_01.c">
      <Filter>소스 파일</Filter>
    </ClCompile>
    <ClCompile Include="m01\CWE78_OS_Command_Injection__char_connect_socket_w32spawnl_01.c">
      <Filter>소스 파일</Filter>
    </ClCompile>
    <ClCompile Include="m01\CWE78_OS_Command_Injection__char_console_execl_01.c">
      <Filter>소스 파일</Filter>
    </ClCompile>
    <ClCompile Include="m01\CWE78_OS_Command_Injection__char_console_execlp_01.c">
      <Filter>소스 파일</Filter>
    </ClCompile>
    <ClCompile Include="m01\CWE78_OS_Command_Injection__char_console_popen_01.c">
      <Filter>소스 파일</Filter>
    </ClCompile>
    <ClCompile Include="m01\CWE78_OS_Command_Injection__char_console_system_01.c">
      <Filter>소스 파일</Filter>
    </ClCompile>
    <ClCompile Include="m01\CWE78_OS_Command_Injection__char_console_w32_execv_01.c">
      <Filter>소스 파일</Filter>
    </ClCompile>
    <ClCompile Include="m01\CWE78_OS_Command_Injection__char_console_w32_execvp_01.c">
      <Filter>소스 파일</Filter>
    </ClCompile>
    <ClCompile Include="m01\CWE78_OS_Command_Injection__char_console_w32_spawnlp_01.c">
      <Filter>소스 파일</Filter>
    </ClCompile>
    <ClCompile Include="m01\CWE78_OS_Command_Injection__char_console_w32_spawnv_01.c">
      <Filter>소스 파일</Filter>
    </ClCompile>
    <ClCompile Include="m01\CWE78_OS_Command_Injection__char_console_w32_spawnvp_01.c">
      <Filter>소스 파일</Filter>
    </ClCompile>
    <ClCompile Include="m01\CWE78_OS_Command_Injection__char_console_w32spawnl_01.c">
      <Filter>소스 파일</Filter>
    </ClCompile>
    <ClCompile Include="m01\CWE78_OS_Command_Injection__char_environment_execl_01.c">
      <Filter>소스 파일</Filter>
    </ClCompile>
    <ClCompile Include="m01\CWE78_OS_Command_Injection__char_environment_execlp_01.c">
      <Filter>소스 파일</Filter>
    </ClCompile>
    <ClCompile Include="m01\CWE78_OS_Command_Injection__char_environment_popen_01.c">
      <Filter>소스 파일</Filter>
    </ClCompile>
    <ClCompile Include="m01\CWE78_OS_Command_Injection__char_environment_system_01.c">
      <Filter>소스 파일</Filter>
    </ClCompile>
    <ClCompile Include="m01\CWE78_OS_Command_Injection__char_environment_w32_execv_01.c">
      <Filter>소스 파일</Filter>
    </ClCompile>
    <ClCompile Include="m01\CWE78_OS_Command_Injection__char_environment_w32_execvp_01.c">
      <Filter>소스 파일</Filter>
    </ClCompile>
    <ClCompile Include="m01\CWE78_OS_Command_Injection__char_environment_w32_spawnlp_01.c">
      <Filter>소스 파일</Filter>
    </ClCompile>
    <ClCompile Include="m01\CWE78_OS_Command_Injection__char_environment_w32_spawnv_01.c">
      <Filter>소스 파일</Filter>
    </ClCompile>
    <ClCompile Include="m01\CWE78_OS_Command_Injection__char_environment_w32_spawnvp_01.c">
      <Filter>소스 파일</Filter>
    </ClCompile>
    <ClCompile Include="m01\CWE78_OS_Command_Injection__char_environment_w32spawnl_01.c">
      <Filter>소스 파일</Filter>
    </ClCompile>
    <ClCompile Include="m01\CWE78_OS_Command_Injection__char_file_execl_01.c">
      <Filter>소스 파일</Filter>
    </ClCompile>
    <ClCompile Include="m01\CWE78_OS_Command_Injection__char_file_execlp_01.c">
      <Filter>소스 파일</Filter>
    </ClCompile>
    <ClCompile Include="m01\CWE78_OS_Command_Injection__char_file_popen_01.c">
      <Filter>소스 파일</Filter>
    </ClCompile>
    <ClCompile Include="m01\CWE78_OS_Command_Injection__char_file_system_01.c">
      <Filter>소스 파일</Filter>
    </ClCompile>
    <ClCompile Include="m01\CWE78_OS_Command_Injection__char_file_w32_execv_01.c">
      <Filter>소스 파일</Filter>
    </ClCompile>
    <ClCompile Include="m01\CWE78_OS_Command_Injection__char_file_w32_execvp_01.c">
      <Filter>소스 파일</Filter>
    </ClCompile>
    <ClCompile Include="m01\CWE78_OS_Command_Injection__char_file_w32_spawnlp_01.c">
      <Filter>소스 파일</Filter>
    </ClCompile>
    <ClCompile Include="m01\CWE78_OS_Command_Injection__char_file_w32_spawnv_01.c">
      <Filter>소스 파일</Filter>
    </ClCompile>
    <ClCompile Include="m01\CWE78_OS_Command_Injection__char_file_w32_spawnvp_01.c">
      <Filter>소스 파일</Filter>
    </ClCompile>
    <ClCompile Include="m01\CWE78_OS_Command_Injection__char_file_w32spawnl_01.c">
      <Filter>소스 파일</Filter>
    </ClCompile>
    <ClCompile Include="m01\CWE78_OS_Command_Injection__char_listen_socket_execl_01.c">
      <Filter>소스 파일</Filter>
    </ClCompile>
    <ClCompile Include="m01\CWE78_OS_Command_Injection__char_listen_socket_execlp_01.c">
      <Filter>소스 파일</Filter>
    </ClCompile>
    <ClCompile Include="m01\CWE78_OS_Command_Injection__char_listen_socket_popen_01.c">
      <Filter>소스 파일</Filter>
    </ClCompile>
    <ClCompile Include="m01\CWE78_OS_Command_Injection__char_listen_socket_system_01.c">
      <Filter>소스 파일</Filter>
    </ClCompile>
    <ClCompile Include="m01\CWE78_OS_Command_Injection__char_listen_socket_w32_execv_01.c">
      <Filter>소스 파일</Filter>
    </ClCompile>
    <ClCompile Include="m01\CWE78_OS_Command_Injection__char_listen_socket_w32_execvp_01.c">
      <Filter>소스 파일</Filter>
    </ClCompile>
    <ClCompile Include="m01\CWE78_OS_Command_Injection__char_listen_socket_w32_spawnlp_01.c">
      <Filter>소스 파일</Filter>
    </ClCompile>
    <ClCompile Include="m01\CWE78_OS_Command_Injection__char_listen_socket_w32_spawnv_01.c">
      <Filter>소스 파일</Filter>
    </ClCompile>
    <ClCompile Include="m01\CWE78_OS_Command_Injection__char_listen_socket_w32_spawnvp_01.c">
      <Filter>소스 파일</Filter>
    </ClCompile>
    <ClCompile Include="m01\CWE78_OS_Command_Injection__char_listen_socket_w32spawnl_01.c">
      <Filter>소스 파일</Filter>
    </ClCompile>
    <ClCompile Include="m01\CWE78_OS_Command_Injection__wchar_t_connect_socket_execl_01.c">
      <Filter>소스 파일</Filter>
    </ClCompile>
    <ClCompile Include="m01\CWE78_OS_Command_Injection__wchar_t_connect_socket_execlp_01.c">
      <Filter>소스 파일</Filter>
    </ClCompile>
    <ClCompile Include="m01\CWE78_OS_Command_Injection__wchar_t_connect_socket_popen_01.c">
      <Filter>소스 파일</Filter>
    </ClCompile>
    <ClCompile Include="m01\CWE78_OS_Command_Injection__wchar_t_connect_socket_system_01.c">
      <Filter>소스 파일</Filter>
    </ClCompile>
    <ClCompile Include="m01\CWE78_OS_Command_Injection__wchar_t_connect_socket_w32_execv_01.c">
      <Filter>소스 파일</Filter>
    </ClCompile>
    <ClCompile Include="m01\CWE78_OS_Command_Injection__wchar_t_connect_socket_w32_execvp_01.c">
      <Filter>소스 파일</Filter>
    </ClCompile>
    <ClCompile Include="m01\CWE78_OS_Command_Injection__wchar_t_connect_socket_w32_spawnlp_01.c">
      <Filter>소스 파일</Filter>
    </ClCompile>
    <ClCompile Include="m01\CWE78_OS_Command_Injection__wchar_t_connect_socket_w32_spawnv_01.c">
      <Filter>소스 파일</Filter>
    </ClCompile>
    <ClCompile Include="m01\CWE78_OS_Command_Injection__wchar_t_connect_socket_w32_spawnvp_01.c">
      <Filter>소스 파일</Filter>
    </ClCompile>
    <ClCompile Include="m01\CWE78_OS_Command_Injection__wchar_t_connect_socket_w32spawnl_01.c">
      <Filter>소스 파일</Filter>
    </ClCompile>
    <ClCompile Include="m01\CWE78_OS_Command_Injection__wchar_t_console_execl_01.c">
      <Filter>소스 파일</Filter>
    </ClCompile>
    <ClCompile Include="m01\CWE78_OS_Command_Injection__wchar_t_console_execlp_01.c">
      <Filter>소스 파일</Filter>
    </ClCompile>
    <ClCompile Include="m01\CWE78_OS_Command_Injection__wchar_t_console_popen_01.c">
      <Filter>소스 파일</Filter>
    </ClCompile>
    <ClCompile Include="m01\CWE78_OS_Command_Injection__wchar_t_console_system_01.c">
      <Filter>소스 파일</Filter>
    </ClCompile>
    <ClCompile Include="m01\CWE78_OS_Command_Injection__wchar_t_console_w32_execv_01.c">
      <Filter>소스 파일</Filter>
    </ClCompile>
    <ClCompile Include="m01\CWE78_OS_Command_Injection__wchar_t_console_w32_execvp_01.c">
      <Filter>소스 파일</Filter>
    </ClCompile>
    <ClCompile Include="m01\CWE78_OS_Command_Injection__wchar_t_console_w32_spawnlp_01.c">
      <Filter>소스 파일</Filter>
    </ClCompile>
    <ClCompile Include="m01\CWE78_OS_Command_Injection__wchar_t_console_w32_spawnv_01.c">
      <Filter>소스 파일</Filter>
    </ClCompile>
    <ClCompile Include="m01\CWE78_OS_Command_Injection__wchar_t_console_w32_spawnvp_01.c">
      <Filter>소스 파일</Filter>
    </ClCompile>
    <ClCompile Include="m01\CWE78_OS_Command_Injection__wchar_t_console_w32spawnl_01.c">
      <Filter>소스 파일</Filter>
    </ClCompile>
    <ClCompile Include="m01\CWE78_OS_Command_Injection__wchar_t_environment_execl_01.c">
      <Filter>소스 파일</Filter>
    </ClCompile>
    <ClCompile Include="m01\CWE78_OS_Command_Injection__wchar_t_environment_execlp_01.c">
      <Filter>소스 파일</Filter>
    </ClCompile>
    <ClCompile Include="m01\CWE78_OS_Command_Injection__wchar_t_environment_popen_01.c">
      <Filter>소스 파일</Filter>
    </ClCompile>
    <ClCompile Include="m01\CWE78_OS_Command_Injection__wchar_t_environment_system_01.c">
      <Filter>소스 파일</Filter>
    </ClCompile>
    <ClCompile Include="m01\CWE78_OS_Command_Injection__wchar_t_environment_w32_execv_01.c">
      <Filter>소스 파일</Filter>
    </ClCompile>
    <ClCompile Include="m01\CWE78_OS_Command_Injection__wchar_t_environment_w32_execvp_01.c">
      <Filter>소스 파일</Filter>
    </ClCompile>
    <ClCompile Include="m01\CWE78_OS_Command_Injection__wchar_t_environment_w32_spawnlp_01.c">
      <Filter>소스 파일</Filter>
    </ClCompile>
    <ClCompile Include="m01\CWE78_OS_Command_Injection__wchar_t_environment_w32_spawnv_01.c">
      <Filter>소스 파일</Filter>
    </ClCompile>
    <ClCompile Include="m01\CWE78_OS_Command_Injection__wchar_t_environment_w32_spawnvp_01.c">
      <Filter>소스 파일</Filter>
    </ClCompile>
    <ClCompile Include="m01\CWE78_OS_Command_Injection__wchar_t_environment_w32spawnl_01.c">
      <Filter>소스 파일</Filter>
    </ClCompile>
    <ClCompile Include="m01\CWE78_OS_Command_Injection__wchar_t_file_execl_01.c">
      <Filter>소스 파일</Filter>
    </ClCompile>
    <ClCompile Include="m01\CWE78_OS_Command_Injection__wchar_t_file_execlp_01.c">
      <Filter>소스 파일</Filter>
    </ClCompile>
    <ClCompile Include="m01\CWE78_OS_Command_Injection__wchar_t_file_popen_01.c">
      <Filter>소스 파일</Filter>
    </ClCompile>
    <ClCompile Include="m01\CWE78_OS_Command_Injection__wchar_t_file_system_01.c">
      <Filter>소스 파일</Filter>
    </ClCompile>
    <ClCompile Include="m01\CWE78_OS_Command_Injection__wchar_t_file_w32_execv_01.c">
      <Filter>소스 파일</Filter>
    </ClCompile>
    <ClCompile Include="m01\CWE78_OS_Command_Injection__wchar_t_file_w32_execvp_01.c">
      <Filter>소스 파일</Filter>
    </ClCompile>
    <ClCompile Include="m01\CWE78_OS_Command_Injection__wchar_t_file_w32_spawnlp_01.c">
      <Filter>소스 파일</Filter>
    </ClCompile>
    <ClCompile Include="m01\CWE78_OS_Command_Injection__wchar_t_file_w32_spawnv_01.c">
      <Filter>소스 파일</Filter>
    </ClCompile>
    <ClCompile Include="m01\CWE78_OS_Command_Injection__wchar_t_file_w32_spawnvp_01.c">
      <Filter>소스 파일</Filter>
    </ClCompile>
    <ClCompile Include="m01\CWE78_OS_Command_Injection__wchar_t_file_w32spawnl_01.c">
      <Filter>소스 파일</Filter>
    </ClCompile>
    <ClCompile Include="m01\CWE78_OS_Command_Injection__wchar_t_listen_socket_execl_01.c">
      <Filter>소스 파일</Filter>
    </ClCompile>
    <ClCompile Include="m01\CWE78_OS_Command_Injection__wchar_t_listen_socket_execlp_01.c">
      <Filter>소스 파일</Filter>
    </ClCompile>
    <ClCompile Include="m01\CWE78_OS_Command_Injection__wchar_t_listen_socket_popen_01.c">
      <Filter>소스 파일</Filter>
    </ClCompile>
    <ClCompile Include="m01\CWE78_OS_Command_Injection__wchar_t_listen_socket_system_01.c">
      <Filter>소스 파일</Filter>
    </ClCompile>
    <ClCompile Include="m01\CWE78_OS_Command_Injection__wchar_t_listen_socket_w32_execv_01.c">
      <Filter>소스 파일</Filter>
    </ClCompile>
    <ClCompile Include="m01\CWE78_OS_Command_Injection__wchar_t_listen_socket_w32_execvp_01.c">
      <Filter>소스 파일</Filter>
    </ClCompile>
    <ClCompile Include="m01\CWE78_OS_Command_Injection__wchar_t_listen_socket_w32_spawnlp_01.c">
      <Filter>소스 파일</Filter>
    </ClCompile>
    <ClCompile Include="m01\CWE78_OS_Command_Injection__wchar_t_listen_socket_w32_spawnv_01.c">
      <Filter>소스 파일</Filter>
    </ClCompile>
    <ClCompile Include="m01\CWE78_OS_Command_Injection__wchar_t_listen_socket_w32_spawnvp_01.c">
      <Filter>소스 파일</Filter>
    </ClCompile>
    <ClCompile Include="m01\CWE78_OS_Command_Injection__wchar_t_listen_socket_w32spawnl_01.c">
      <Filter>소스 파일</Filter>
    </ClCompile>
    <ClCompile Include="io.c">
      <Filter>소스 파일</Filter>
    </ClCompile>
  </ItemGroup>
  <ItemGroup>
    <ClInclude Include="m00\CWE78_OS_Command_Injection__char_connect_socket_execl_81.h">
      <Filter>헤더 파일</Filter>
    </ClInclude>
    <ClInclude Include="m00\CWE78_OS_Command_Injection__char_connect_socket_execl_82.h">
      <Filter>헤더 파일</Filter>
    </ClInclude>
    <ClInclude Include="m00\CWE78_OS_Command_Injection__char_connect_socket_execl_83.h">
      <Filter>헤더 파일</Filter>
    </ClInclude>
    <ClInclude Include="m00\CWE78_OS_Command_Injection__char_connect_socket_execl_84.h">
      <Filter>헤더 파일</Filter>
    </ClInclude>
  </ItemGroup>
</Project>