<?xml version="1.0" encoding="utf-8"?>
<Project ToolsVersion="4.0" xmlns="http://schemas.microsoft.com/developer/msbuild/2003">
  <ItemGroup>
    <Filter Include="소스 파일">
      <UniqueIdentifier>{4FC737F1-C7A5-4376-A066-2A32D752A2FF}</UniqueIdentifier>
      <Extensions>cpp;c;cc;cxx;def;odl;idl;hpj;bat;asm;asmx</Extensions>
    </Filter>
    <Filter Include="헤더 파일">
      <UniqueIdentifier>{93995380-89BD-4b04-88EB-625FBE52EBFB}</UniqueIdentifier>
      <Extensions>h;hh;hpp;hxx;hm;inl;inc;xsd</Extensions>
    </Filter>
    <Filter Include="리소스 파일">
      <UniqueIdentifier>{67DA6AB6-F800-4c08-8B7A-83BB121AAD01}</UniqueIdentifier>
      <Extensions>rc;ico;cur;bmp;dlg;rc2;rct;bin;rgs;gif;jpg;jpeg;jpe;resx;tiff;tif;png;wav;mfcribbon-ms</Extensions>
    </Filter>
  </ItemGroup>
  <ItemGroup>
    <ClCompile Include="m00\CWE252_Unchecked_Return_Value__char_fgets_01.c">
      <Filter>소스 파일</Filter>
    </ClCompile>
    <ClCompile Include="m00\CWE252_Unchecked_Return_Value__char_fgets_02.c">
      <Filter>소스 파일</Filter>
    </ClCompile>
    <ClCompile Include="m00\CWE252_Unchecked_Return_Value__char_fgets_03.c">
      <Filter>소스 파일</Filter>
    </ClCompile>
    <ClCompile Include="m00\CWE252_Unchecked_Return_Value__char_fgets_04.c">
      <Filter>소스 파일</Filter>
    </ClCompile>
    <ClCompile Include="m00\CWE252_Unchecked_Return_Value__char_fgets_05.c">
      <Filter>소스 파일</Filter>
    </ClCompile>
    <ClCompile Include="m00\CWE252_Unchecked_Return_Value__char_fgets_06.c">
      <Filter>소스 파일</Filter>
    </ClCompile>
    <ClCompile Include="m00\CWE252_Unchecked_Return_Value__char_fgets_07.c">
      <Filter>소스 파일</Filter>
    </ClCompile>
    <ClCompile Include="m00\CWE252_Unchecked_Return_Value__char_fgets_08.c">
      <Filter>소스 파일</Filter>
    </ClCompile>
    <ClCompile Include="m00\CWE252_Unchecked_Return_Value__char_fgets_09.c">
      <Filter>소스 파일</Filter>
    </ClCompile>
    <ClCompile Include="m00\CWE252_Unchecked_Return_Value__char_fgets_10.c">
      <Filter>소스 파일</Filter>
    </ClCompile>
    <ClCompile Include="m00\CWE252_Unchecked_Return_Value__char_fgets_11.c">
      <Filter>소스 파일</Filter>
    </ClCompile>
    <ClCompile Include="m00\CWE252_Unchecked_Return_Value__char_fgets_12.c">
      <Filter>소스 파일</Filter>
    </ClCompile>
    <ClCompile Include="m00\CWE252_Unchecked_Return_Value__char_fgets_13.c">
      <Filter>소스 파일</Filter>
    </ClCompile>
    <ClCompile Include="m00\CWE252_Unchecked_Return_Value__char_fgets_14.c">
      <Filter>소스 파일</Filter>
    </ClCompile>
    <ClCompile Include="m00\CWE252_Unchecked_Return_Value__char_fgets_15.c">
      <Filter>소스 파일</Filter>
    </ClCompile>
    <ClCompile Include="m00\CWE252_Unchecked_Return_Value__char_fgets_16.c">
      <Filter>소스 파일</Filter>
    </ClCompile>
    <ClCompile Include="m00\CWE252_Unchecked_Return_Value__char_fgets_17.c">
      <Filter>소스 파일</Filter>
    </ClCompile>
    <ClCompile Include="m00\CWE252_Unchecked_Return_Value__char_fgets_18.c">
      <Filter>소스 파일</Filter>
    </ClCompile>
    <ClCompile Include="m01\CWE252_Unchecked_Return_Value__char_fgets_01.c">
      <Filter>소스 파일</Filter>
    </ClCompile>
    <ClCompile Include="m01\CWE252_Unchecked_Return_Value__char_fprintf_01.c">
      <Filter>소스 파일</Filter>
    </ClCompile>
    <ClCompile Include="m01\CWE252_Unchecked_Return_Value__char_fputc_01.c">
      <Filter>소스 파일</Filter>
    </ClCompile>
    <ClCompile Include="m01\CWE252_Unchecked_Return_Value__char_fputs_01.c">
      <Filter>소스 파일</Filter>
    </ClCompile>
    <ClCompile Include="m01\CWE252_Unchecked_Return_Value__char_fread_01.c">
      <Filter>소스 파일</Filter>
    </ClCompile>
    <ClCompile Include="m01\CWE252_Unchecked_Return_Value__char_fscanf_01.c">
      <Filter>소스 파일</Filter>
    </ClCompile>
    <ClCompile Include="m01\CWE252_Unchecked_Return_Value__char_fwrite_01.c">
      <Filter>소스 파일</Filter>
    </ClCompile>
    <ClCompile Include="m01\CWE252_Unchecked_Return_Value__char_putc_01.c">
      <Filter>소스 파일</Filter>
    </ClCompile>
    <ClCompile Include="m01\CWE252_Unchecked_Return_Value__char_putchar_01.c">
      <Filter>소스 파일</Filter>
    </ClCompile>
    <ClCompile Include="m01\CWE252_Unchecked_Return_Value__char_puts_01.c">
      <Filter>소스 파일</Filter>
    </ClCompile>
    <ClCompile Include="m01\CWE252_Unchecked_Return_Value__char_remove_01.c">
      <Filter>소스 파일</Filter>
    </ClCompile>
    <ClCompile Include="m01\CWE252_Unchecked_Return_Value__char_scanf_01.c">
      <Filter>소스 파일</Filter>
    </ClCompile>
    <ClCompile Include="m01\CWE252_Unchecked_Return_Value__char_snprintf_01.c">
      <Filter>소스 파일</Filter>
    </ClCompile>
    <ClCompile Include="m01\CWE252_Unchecked_Return_Value__char_sscanf_01.c">
      <Filter>소스 파일</Filter>
    </ClCompile>
    <ClCompile Include="m01\CWE252_Unchecked_Return_Value__wchar_t_fgets_01.c">
      <Filter>소스 파일</Filter>
    </ClCompile>
    <ClCompile Include="m01\CWE252_Unchecked_Return_Value__wchar_t_fprintf_01.c">
      <Filter>소스 파일</Filter>
    </ClCompile>
    <ClCompile Include="m01\CWE252_Unchecked_Return_Value__wchar_t_fputc_01.c">
      <Filter>소스 파일</Filter>
    </ClCompile>
    <ClCompile Include="m01\CWE252_Unchecked_Return_Value__wchar_t_fputs_01.c">
      <Filter>소스 파일</Filter>
    </ClCompile>
    <ClCompile Include="m01\CWE252_Unchecked_Return_Value__wchar_t_fread_01.c">
      <Filter>소스 파일</Filter>
    </ClCompile>
    <ClCompile Include="m01\CWE252_Unchecked_Return_Value__wchar_t_fscanf_01.c">
      <Filter>소스 파일</Filter>
    </ClCompile>
    <ClCompile Include="m01\CWE252_Unchecked_Return_Value__wchar_t_fwrite_01.c">
      <Filter>소스 파일</Filter>
    </ClCompile>
    <ClCompile Include="m01\CWE252_Unchecked_Return_Value__wchar_t_putc_01.c">
      <Filter>소스 파일</Filter>
    </ClCompile>
    <ClCompile Include="m01\CWE252_Unchecked_Return_Value__wchar_t_putchar_01.c">
      <Filter>소스 파일</Filter>
    </ClCompile>
    <ClCompile Include="m01\CWE252_Unchecked_Return_Value__wchar_t_puts_01.c">
      <Filter>소스 파일</Filter>
    </ClCompile>
    <ClCompile Include="m01\CWE252_Unchecked_Return_Value__wchar_t_remove_01.c">
      <Filter>소스 파일</Filter>
    </ClCompile>
    <ClCompile Include="m01\CWE252_Unchecked_Return_Value__wchar_t_rename_01.c">
      <Filter>소스 파일</Filter>
    </ClCompile>
    <ClCompile Include="m01\CWE252_Unchecked_Return_Value__wchar_t_scanf_01.c">
      <Filter>소스 파일</Filter>
    </ClCompile>
    <ClCompile Include="m01\CWE252_Unchecked_Return_Value__wchar_t_snprintf_01.c">
      <Filter>소스 파일</Filter>
    </ClCompile>
    <ClCompile Include="m01\CWE252_Unchecked_Return_Value__wchar_t_sscanf_01.c">
      <Filter>소스 파일</Filter>
    </ClCompile>
    <ClCompile Include="m10\CWE252_Unchecked_Return_Value__char_w32CreateMutex_01.c">
      <Filter>소스 파일</Filter>
    </ClCompile>
    <ClCompile Include="m10\CWE252_Unchecked_Return_Value__char_w32CreateMutex_02.c">
      <Filter>소스 파일</Filter>
    </ClCompile>
    <ClCompile Include="m10\CWE252_Unchecked_Return_Value__char_w32CreateMutex_03.c">
      <Filter>소스 파일</Filter>
    </ClCompile>
    <ClCompile Include="m10\CWE252_Unchecked_Return_Value__char_w32CreateMutex_04.c">
      <Filter>소스 파일</Filter>
    </ClCompile>
    <ClCompile Include="m10\CWE252_Unchecked_Return_Value__char_w32CreateMutex_05.c">
      <Filter>소스 파일</Filter>
    </ClCompile>
    <ClCompile Include="m10\CWE252_Unchecked_Return_Value__char_w32CreateMutex_06.c">
      <Filter>소스 파일</Filter>
    </ClCompile>
    <ClCompile Include="m10\CWE252_Unchecked_Return_Value__char_w32CreateMutex_07.c">
      <Filter>소스 파일</Filter>
    </ClCompile>
    <ClCompile Include="m10\CWE252_Unchecked_Return_Value__char_w32CreateMutex_08.c">
      <Filter>소스 파일</Filter>
    </ClCompile>
    <ClCompile Include="m10\CWE252_Unchecked_Return_Value__char_w32CreateMutex_09.c">
      <Filter>소스 파일</Filter>
    </ClCompile>
    <ClCompile Include="m10\CWE252_Unchecked_Return_Value__char_w32CreateMutex_10.c">
      <Filter>소스 파일</Filter>
    </ClCompile>
    <ClCompile Include="m10\CWE252_Unchecked_Return_Value__char_w32CreateMutex_11.c">
      <Filter>소스 파일</Filter>
    </ClCompile>
    <ClCompile Include="m10\CWE252_Unchecked_Return_Value__char_w32CreateMutex_12.c">
      <Filter>소스 파일</Filter>
    </ClCompile>
    <ClCompile Include="m10\CWE252_Unchecked_Return_Value__char_w32CreateMutex_13.c">
      <Filter>소스 파일</Filter>
    </ClCompile>
    <ClCompile Include="m10\CWE252_Unchecked_Return_Value__char_w32CreateMutex_14.c">
      <Filter>소스 파일</Filter>
    </ClCompile>
    <ClCompile Include="m10\CWE252_Unchecked_Return_Value__char_w32CreateMutex_15.c">
      <Filter>소스 파일</Filter>
    </ClCompile>
    <ClCompile Include="m10\CWE252_Unchecked_Return_Value__char_w32CreateMutex_16.c">
      <Filter>소스 파일</Filter>
    </ClCompile>
    <ClCompile Include="m10\CWE252_Unchecked_Return_Value__char_w32CreateMutex_17.c">
      <Filter>소스 파일</Filter>
    </ClCompile>
    <ClCompile Include="m10\CWE252_Unchecked_Return_Value__char_w32CreateMutex_18.c">
      <Filter>소스 파일</Filter>
    </ClCompile>
    <ClCompile Include="m11\CWE252_Unchecked_Return_Value__char_w32CreateMutex_01.c">
      <Filter>소스 파일</Filter>
    </ClCompile>
    <ClCompile Include="m11\CWE252_Unchecked_Return_Value__char_w32CreateNamedPipe_01.c">
      <Filter>소스 파일</Filter>
    </ClCompile>
    <ClCompile Include="m11\CWE252_Unchecked_Return_Value__w32ImpersonateSelf_01.c">
      <Filter>소스 파일</Filter>
    </ClCompile>
    <ClCompile Include="m11\CWE252_Unchecked_Return_Value__wchar_t_w32CreateMutex_01.c">
      <Filter>소스 파일</Filter>
    </ClCompile>
    <ClCompile Include="m11\CWE252_Unchecked_Return_Value__wchar_t_w32CreateNamedPipe_01.c">
      <Filter>소스 파일</Filter>
    </ClCompile>
    <ClCompile Include="fake_main.cpp">
      <Filter>소스 파일</Filter>
    </ClCompile>
    <ClCompile Include="io.c">
      <Filter>소스 파일</Filter>
    </ClCompile>
  </ItemGroup>
</Project>