
Microsoft Visual Studio Solution File, Format Version 12.00
# Visual Studio Version 17
VisualStudioVersion = 17.0.31903.59
MinimumVisualStudioVersion = 10.0.40219.1
Project("{8BC9CEB8-8B4A-11D0-8D11-00A0C91BC942}") = "10A9_MCOMMTS1", "10A9_MCOMMTS1\10A9_MCOMMTS1.vcxproj", "{7181F515-12BD-47C2-8733-6F42224423FC}"
EndProject
Project("{8BC9CEB8-8B4A-11D0-8D11-00A0C91BC942}") = "10AC_MCHARSLEX2", "10AC_MCHARSLEX2\10AC_MCHARSLEX2.vcxproj", "{97623E34-EE54-4D64-AF22-4167DC17B996}"
EndProject
Project("{8BC9CEB8-8B4A-11D0-8D11-00A0C91BC942}") = "10DA_MPOINTCONV4", "10DA_MPOINTCONV4\10DA_MPOINTCONV4.vcxproj", "{8B7ED32D-65BE-44C4-84E3-7DADE18CBD61}"
EndProject
Project("{8BC9CEB8-8B4A-11D0-8D11-00A0C91BC942}") = "10DC_ MPOINTCONV6", "10DC_ MPOINTCONV6\10DC_ MPOINTCONV6.vcxproj", "{09154EC3-8F05-4862-9C42-F41D3033637E}"
EndProject
Project("{8BC9CEB8-8B4A-11D0-8D11-00A0C91BC942}") = "10E2_MEXP3", "10E2_MEXP3\10E2_MEXP3.vcxproj", "{2FD4DD81-0DA4-4FE8-993E-D9152CC0DBFE}"
EndProject
Project("{8BC9CEB8-8B4A-11D0-8D11-00A0C91BC942}") = "109D_MCODEDES13", "109D_MCODEDES13\109D_MCODEDES13.vcxproj", "{A12FAA56-A4E5-4A26-B116-CF922543647A}"
EndProject
Project("{8BC9CEB8-8B4A-11D0-8D11-00A0C91BC942}") = "10F0_MCONFLOW2", "10F0_MCONFLOW2\10F0_MCONFLOW2.vcxproj", "{B56F051F-A349-40F3-A531-00085D6A90F1}"
EndProject
Project("{8BC9CEB8-8B4A-11D0-8D11-00A0C91BC942}") = "10F1_MCONFLOW", "10F1_MCONFLOW\10F1_MCONFLOW.vcxproj", "{5452C4F9-784F-4C82-95E9-9F72590852E3}"
EndProject
Project("{8BC9CEB8-8B4A-11D0-8D11-00A0C91BC942}") = "10F3_MCONFLOW5", "10F3_MCONFLOW5\10F3_MCONFLOW5.vcxproj", "{722914BA-1B3C-43C7-A1F2-B79DC30E5C4F}"
EndProject
Project("{8BC9CEB8-8B4A-11D0-8D11-00A0C91BC942}") = "10FE_MFUNC4", "10FE_MFUNC4\10FE_MFUNC4.vcxproj", "{F302885A-0FD3-4528-B551-0E497DE03701}"
EndProject
Project("{8BC9CEB8-8B4A-11D0-8D11-00A0C91BC942}") = "110A_MPOINTARR6", "110A_MPOINTARR6\110A_MPOINTARR6.vcxproj", "{E13D35A3-D094-4900-BF6A-3AA4112BEAAC}"
EndProject
Project("{8BC9CEB8-8B4A-11D0-8D11-00A0C91BC942}") = "110B_MPOINTARR7", "110B_MPOINTARR7\110B_MPOINTARR7.vcxproj", "{85A92627-987F-462C-9159-F434CD5CE5AE}"
EndProject
Project("{8BC9CEB8-8B4A-11D0-8D11-00A0C91BC942}") = "110E_MOVERSTOR2", "110E_MOVERSTOR2\110E_MOVERSTOR2.vcxproj", "{868F1FA7-2DAC-4B8D-9440-97CBBAF16C1A}"
EndProject
Project("{8BC9CEB8-8B4A-11D0-8D11-00A0C91BC942}") = "112C_MSTDLIB16", "112C_MSTDLIB16\112C_MSTDLIB16.vcxproj", "{CA13EEFD-3996-430F-89FE-22567636EF1D}"
EndProject
Project("{8BC9CEB8-8B4A-11D0-8D11-00A0C91BC942}") = "1100_MFUNC4", "1100_MFUNC4\1100_MFUNC4.vcxproj", "{95702F73-ABE8-47F3-A6EF-7766B2E85951}"
EndProject
Project("{8BC9CEB8-8B4A-11D0-8D11-00A0C91BC942}") = "1101_MFUNC5", "1101_MFUNC5\1101_MFUNC5.vcxproj", "{CC4CA960-0059-4A82-94EE-F48FE57C05C5}"
EndProject
Project("{8BC9CEB8-8B4A-11D0-8D11-00A0C91BC942}") = "1102_MFUNC6", "1102_MFUNC6\1102_MFUNC6.vcxproj", "{10C18AA7-AE34-41D5-AEDC-F09671966810}"
EndProject
Project("{8BC9CEB8-8B4A-11D0-8D11-00A0C91BC942}") = "1105_MPOINTARR1", "1105_MPOINTARR1\1105_MPOINTARR1.vcxproj", "{0EC59DFD-962F-4574-8851-43D6F0EC9ACC}"
EndProject
Project("{8BC9CEB8-8B4A-11D0-8D11-00A0C91BC942}") = "1106_MPOINTARR2", "1106_MPOINTARR2\1106_MPOINTARR2.vcxproj", "{BCED4D92-CFE3-42D0-AB06-1206B6111505}"
EndProject
Project("{8BC9CEB8-8B4A-11D0-8D11-00A0C91BC942}") = "1107_MPOINTARR3", "1107_MPOINTARR3\1107_MPOINTARR3.vcxproj", "{84D2927C-CA3C-4E72-8C62-24BC8136DE6C}"
EndProject
Project("{8BC9CEB8-8B4A-11D0-8D11-00A0C91BC942}") = "1113_MPREPROCES5", "1113_MPREPROCES5\1113_MPREPROCES5.vcxproj", "{8B8B0FE6-EC5D-46D9-A6CD-5BFE9582BDEC}"
EndProject
Project("{8BC9CEB8-8B4A-11D0-8D11-00A0C91BC942}") = "1114_MPREPROCES6", "1114_MPREPROCES6\1114_MPREPROCES6.vcxproj", "{ADBE796C-298A-4A41-87BB-C918A14482C3}"
EndProject
Project("{8BC9CEB8-8B4A-11D0-8D11-00A0C91BC942}") = "1130_MSTDLIB20", "1130_MSTDLIB20\1130_MSTDLIB20.vcxproj", "{5A596655-08DB-4BF6-8918-E4B3F3A1DB63}"
EndProject
Project("{8BC9CEB8-8B4A-11D0-8D11-00A0C91BC942}") = "1135_MRES5", "1135_MRES5\1135_MRES5.vcxproj", "{2F015175-362D-40FC-B42D-EC1161A146D3}"
EndProject
Project("{8BC9CEB8-8B4A-11D0-8D11-00A0C91BC942}") = "10A6_MUNUSED5", "10A6_MUNUSED5\10A6_MUNUSED5.vcxproj", "{359C1FFF-164B-4D6E-8EA4-02D4D765C0CB}"
EndProject
Project("{8BC9CEB8-8B4A-11D0-8D11-00A0C91BC942}") = "10A8_MUNUSED7", "10A8_MUNUSED7\10A8_MUNUSED7.vcxproj", "{BE91F5F8-B8FB-4C04-930B-E46FD1B93497}"
EndProject
Project("{8BC9CEB8-8B4A-11D0-8D11-00A0C91BC942}") = "10C6_MDECLEDEF11", "10C6_MDECLEDEF11\10C6_MDECLEDEF11.vcxproj", "{D5FE88F6-99A5-4DA0-834F-799470AB7E78}"
EndProject
Project("{8BC9CEB8-8B4A-11D0-8D11-00A0C91BC942}") = "10CE_MINIT5", "10CE_MINIT5\10CE_MINIT5.vcxproj", "{C3876521-E11C-4786-AB3D-89D917D86E97}"
EndProject
Global
	GlobalSection(SolutionConfigurationPlatforms) = preSolution
		Debug|x64 = Debug|x64
		Debug|x86 = Debug|x86
		Release|x64 = Release|x64
		Release|x86 = Release|x86
	EndGlobalSection
	GlobalSection(ProjectConfigurationPlatforms) = postSolution
		{7181F515-12BD-47C2-8733-6F42224423FC}.Debug|x64.ActiveCfg = Debug|x64
		{7181F515-12BD-47C2-8733-6F42224423FC}.Debug|x64.Build.0 = Debug|x64
		{7181F515-12BD-47C2-8733-6F42224423FC}.Debug|x86.ActiveCfg = Debug|Win32
		{7181F515-12BD-47C2-8733-6F42224423FC}.Debug|x86.Build.0 = Debug|Win32
		{7181F515-12BD-47C2-8733-6F42224423FC}.Release|x64.ActiveCfg = Release|x64
		{7181F515-12BD-47C2-8733-6F42224423FC}.Release|x64.Build.0 = Release|x64
		{7181F515-12BD-47C2-8733-6F42224423FC}.Release|x86.ActiveCfg = Release|Win32
		{7181F515-12BD-47C2-8733-6F42224423FC}.Release|x86.Build.0 = Release|Win32
		{97623E34-EE54-4D64-AF22-4167DC17B996}.Debug|x64.ActiveCfg = Debug|x64
		{97623E34-EE54-4D64-AF22-4167DC17B996}.Debug|x64.Build.0 = Debug|x64
		{97623E34-EE54-4D64-AF22-4167DC17B996}.Debug|x86.ActiveCfg = Debug|Win32
		{97623E34-EE54-4D64-AF22-4167DC17B996}.Debug|x86.Build.0 = Debug|Win32
		{97623E34-EE54-4D64-AF22-4167DC17B996}.Release|x64.ActiveCfg = Release|x64
		{97623E34-EE54-4D64-AF22-4167DC17B996}.Release|x64.Build.0 = Release|x64
		{97623E34-EE54-4D64-AF22-4167DC17B996}.Release|x86.ActiveCfg = Release|Win32
		{97623E34-EE54-4D64-AF22-4167DC17B996}.Release|x86.Build.0 = Release|Win32
		{8B7ED32D-65BE-44C4-84E3-7DADE18CBD61}.Debug|x64.ActiveCfg = Debug|x64
		{8B7ED32D-65BE-44C4-84E3-7DADE18CBD61}.Debug|x64.Build.0 = Debug|x64
		{8B7ED32D-65BE-44C4-84E3-7DADE18CBD61}.Debug|x86.ActiveCfg = Debug|Win32
		{8B7ED32D-65BE-44C4-84E3-7DADE18CBD61}.Debug|x86.Build.0 = Debug|Win32
		{8B7ED32D-65BE-44C4-84E3-7DADE18CBD61}.Release|x64.ActiveCfg = Release|x64
		{8B7ED32D-65BE-44C4-84E3-7DADE18CBD61}.Release|x64.Build.0 = Release|x64
		{8B7ED32D-65BE-44C4-84E3-7DADE18CBD61}.Release|x86.ActiveCfg = Release|Win32
		{8B7ED32D-65BE-44C4-84E3-7DADE18CBD61}.Release|x86.Build.0 = Release|Win32
		{09154EC3-8F05-4862-9C42-F41D3033637E}.Debug|x64.ActiveCfg = Debug|x64
		{09154EC3-8F05-4862-9C42-F41D3033637E}.Debug|x64.Build.0 = Debug|x64
		{09154EC3-8F05-4862-9C42-F41D3033637E}.Debug|x86.ActiveCfg = Debug|Win32
		{09154EC3-8F05-4862-9C42-F41D3033637E}.Debug|x86.Build.0 = Debug|Win32
		{09154EC3-8F05-4862-9C42-F41D3033637E}.Release|x64.ActiveCfg = Release|x64
		{09154EC3-8F05-4862-9C42-F41D3033637E}.Release|x64.Build.0 = Release|x64
		{09154EC3-8F05-4862-9C42-F41D3033637E}.Release|x86.ActiveCfg = Release|Win32
		{09154EC3-8F05-4862-9C42-F41D3033637E}.Release|x86.Build.0 = Release|Win32
		{2FD4DD81-0DA4-4FE8-993E-D9152CC0DBFE}.Debug|x64.ActiveCfg = Debug|x64
		{2FD4DD81-0DA4-4FE8-993E-D9152CC0DBFE}.Debug|x64.Build.0 = Debug|x64
		{2FD4DD81-0DA4-4FE8-993E-D9152CC0DBFE}.Debug|x86.ActiveCfg = Debug|Win32
		{2FD4DD81-0DA4-4FE8-993E-D9152CC0DBFE}.Debug|x86.Build.0 = Debug|Win32
		{2FD4DD81-0DA4-4FE8-993E-D9152CC0DBFE}.Release|x64.ActiveCfg = Release|x64
		{2FD4DD81-0DA4-4FE8-993E-D9152CC0DBFE}.Release|x64.Build.0 = Release|x64
		{2FD4DD81-0DA4-4FE8-993E-D9152CC0DBFE}.Release|x86.ActiveCfg = Release|Win32
		{2FD4DD81-0DA4-4FE8-993E-D9152CC0DBFE}.Release|x86.Build.0 = Release|Win32
		{A12FAA56-A4E5-4A26-B116-CF922543647A}.Debug|x64.ActiveCfg = Debug|x64
		{A12FAA56-A4E5-4A26-B116-CF922543647A}.Debug|x64.Build.0 = Debug|x64
		{A12FAA56-A4E5-4A26-B116-CF922543647A}.Debug|x86.ActiveCfg = Debug|Win32
		{A12FAA56-A4E5-4A26-B116-CF922543647A}.Debug|x86.Build.0 = Debug|Win32
		{A12FAA56-A4E5-4A26-B116-CF922543647A}.Release|x64.ActiveCfg = Release|x64
		{A12FAA56-A4E5-4A26-B116-CF922543647A}.Release|x64.Build.0 = Release|x64
		{A12FAA56-A4E5-4A26-B116-CF922543647A}.Release|x86.ActiveCfg = Release|Win32
		{A12FAA56-A4E5-4A26-B116-CF922543647A}.Release|x86.Build.0 = Release|Win32
		{B56F051F-A349-40F3-A531-00085D6A90F1}.Debug|x64.ActiveCfg = Debug|x64
		{B56F051F-A349-40F3-A531-00085D6A90F1}.Debug|x64.Build.0 = Debug|x64
		{B56F051F-A349-40F3-A531-00085D6A90F1}.Debug|x86.ActiveCfg = Debug|Win32
		{B56F051F-A349-40F3-A531-00085D6A90F1}.Debug|x86.Build.0 = Debug|Win32
		{B56F051F-A349-40F3-A531-00085D6A90F1}.Release|x64.ActiveCfg = Release|x64
		{B56F051F-A349-40F3-A531-00085D6A90F1}.Release|x64.Build.0 = Release|x64
		{B56F051F-A349-40F3-A531-00085D6A90F1}.Release|x86.ActiveCfg = Release|Win32
		{B56F051F-A349-40F3-A531-00085D6A90F1}.Release|x86.Build.0 = Release|Win32
		{5452C4F9-784F-4C82-95E9-9F72590852E3}.Debug|x64.ActiveCfg = Debug|x64
		{5452C4F9-784F-4C82-95E9-9F72590852E3}.Debug|x64.Build.0 = Debug|x64
		{5452C4F9-784F-4C82-95E9-9F72590852E3}.Debug|x86.ActiveCfg = Debug|Win32
		{5452C4F9-784F-4C82-95E9-9F72590852E3}.Debug|x86.Build.0 = Debug|Win32
		{5452C4F9-784F-4C82-95E9-9F72590852E3}.Release|x64.ActiveCfg = Release|x64
		{5452C4F9-784F-4C82-95E9-9F72590852E3}.Release|x64.Build.0 = Release|x64
		{5452C4F9-784F-4C82-95E9-9F72590852E3}.Release|x86.ActiveCfg = Release|Win32
		{5452C4F9-784F-4C82-95E9-9F72590852E3}.Release|x86.Build.0 = Release|Win32
		{722914BA-1B3C-43C7-A1F2-B79DC30E5C4F}.Debug|x64.ActiveCfg = Debug|x64
		{722914BA-1B3C-43C7-A1F2-B79DC30E5C4F}.Debug|x64.Build.0 = Debug|x64
		{722914BA-1B3C-43C7-A1F2-B79DC30E5C4F}.Debug|x86.ActiveCfg = Debug|Win32
		{722914BA-1B3C-43C7-A1F2-B79DC30E5C4F}.Debug|x86.Build.0 = Debug|Win32
		{722914BA-1B3C-43C7-A1F2-B79DC30E5C4F}.Release|x64.ActiveCfg = Release|x64
		{722914BA-1B3C-43C7-A1F2-B79DC30E5C4F}.Release|x64.Build.0 = Release|x64
		{722914BA-1B3C-43C7-A1F2-B79DC30E5C4F}.Release|x86.ActiveCfg = Release|Win32
		{722914BA-1B3C-43C7-A1F2-B79DC30E5C4F}.Release|x86.Build.0 = Release|Win32
		{F302885A-0FD3-4528-B551-0E497DE03701}.Debug|x64.ActiveCfg = Debug|x64
		{F302885A-0FD3-4528-B551-0E497DE03701}.Debug|x64.Build.0 = Debug|x64
		{F302885A-0FD3-4528-B551-0E497DE03701}.Debug|x86.ActiveCfg = Debug|Win32
		{F302885A-0FD3-4528-B551-0E497DE03701}.Debug|x86.Build.0 = Debug|Win32
		{F302885A-0FD3-4528-B551-0E497DE03701}.Release|x64.ActiveCfg = Release|x64
		{F302885A-0FD3-4528-B551-0E497DE03701}.Release|x64.Build.0 = Release|x64
		{F302885A-0FD3-4528-B551-0E497DE03701}.Release|x86.ActiveCfg = Release|Win32
		{F302885A-0FD3-4528-B551-0E497DE03701}.Release|x86.Build.0 = Release|Win32
		{E13D35A3-D094-4900-BF6A-3AA4112BEAAC}.Debug|x64.ActiveCfg = Debug|x64
		{E13D35A3-D094-4900-BF6A-3AA4112BEAAC}.Debug|x64.Build.0 = Debug|x64
		{E13D35A3-D094-4900-BF6A-3AA4112BEAAC}.Debug|x86.ActiveCfg = Debug|Win32
		{E13D35A3-D094-4900-BF6A-3AA4112BEAAC}.Debug|x86.Build.0 = Debug|Win32
		{E13D35A3-D094-4900-BF6A-3AA4112BEAAC}.Release|x64.ActiveCfg = Release|x64
		{E13D35A3-D094-4900-BF6A-3AA4112BEAAC}.Release|x64.Build.0 = Release|x64
		{E13D35A3-D094-4900-BF6A-3AA4112BEAAC}.Release|x86.ActiveCfg = Release|Win32
		{E13D35A3-D094-4900-BF6A-3AA4112BEAAC}.Release|x86.Build.0 = Release|Win32
		{85A92627-987F-462C-9159-F434CD5CE5AE}.Debug|x64.ActiveCfg = Debug|x64
		{85A92627-987F-462C-9159-F434CD5CE5AE}.Debug|x64.Build.0 = Debug|x64
		{85A92627-987F-462C-9159-F434CD5CE5AE}.Debug|x86.ActiveCfg = Debug|Win32
		{85A92627-987F-462C-9159-F434CD5CE5AE}.Debug|x86.Build.0 = Debug|Win32
		{85A92627-987F-462C-9159-F434CD5CE5AE}.Release|x64.ActiveCfg = Release|x64
		{85A92627-987F-462C-9159-F434CD5CE5AE}.Release|x64.Build.0 = Release|x64
		{85A92627-987F-462C-9159-F434CD5CE5AE}.Release|x86.ActiveCfg = Release|Win32
		{85A92627-987F-462C-9159-F434CD5CE5AE}.Release|x86.Build.0 = Release|Win32
		{868F1FA7-2DAC-4B8D-9440-97CBBAF16C1A}.Debug|x64.ActiveCfg = Debug|x64
		{868F1FA7-2DAC-4B8D-9440-97CBBAF16C1A}.Debug|x64.Build.0 = Debug|x64
		{868F1FA7-2DAC-4B8D-9440-97CBBAF16C1A}.Debug|x86.ActiveCfg = Debug|Win32
		{868F1FA7-2DAC-4B8D-9440-97CBBAF16C1A}.Debug|x86.Build.0 = Debug|Win32
		{868F1FA7-2DAC-4B8D-9440-97CBBAF16C1A}.Release|x64.ActiveCfg = Release|x64
		{868F1FA7-2DAC-4B8D-9440-97CBBAF16C1A}.Release|x64.Build.0 = Release|x64
		{868F1FA7-2DAC-4B8D-9440-97CBBAF16C1A}.Release|x86.ActiveCfg = Release|Win32
		{868F1FA7-2DAC-4B8D-9440-97CBBAF16C1A}.Release|x86.Build.0 = Release|Win32
		{CA13EEFD-3996-430F-89FE-22567636EF1D}.Debug|x64.ActiveCfg = Debug|x64
		{CA13EEFD-3996-430F-89FE-22567636EF1D}.Debug|x64.Build.0 = Debug|x64
		{CA13EEFD-3996-430F-89FE-22567636EF1D}.Debug|x86.ActiveCfg = Debug|Win32
		{CA13EEFD-3996-430F-89FE-22567636EF1D}.Debug|x86.Build.0 = Debug|Win32
		{CA13EEFD-3996-430F-89FE-22567636EF1D}.Release|x64.ActiveCfg = Release|x64
		{CA13EEFD-3996-430F-89FE-22567636EF1D}.Release|x64.Build.0 = Release|x64
		{CA13EEFD-3996-430F-89FE-22567636EF1D}.Release|x86.ActiveCfg = Release|Win32
		{CA13EEFD-3996-430F-89FE-22567636EF1D}.Release|x86.Build.0 = Release|Win32
		{95702F73-ABE8-47F3-A6EF-7766B2E85951}.Debug|x64.ActiveCfg = Debug|x64
		{95702F73-ABE8-47F3-A6EF-7766B2E85951}.Debug|x64.Build.0 = Debug|x64
		{95702F73-ABE8-47F3-A6EF-7766B2E85951}.Debug|x86.ActiveCfg = Debug|Win32
		{95702F73-ABE8-47F3-A6EF-7766B2E85951}.Debug|x86.Build.0 = Debug|Win32
		{95702F73-ABE8-47F3-A6EF-7766B2E85951}.Release|x64.ActiveCfg = Release|x64
		{95702F73-ABE8-47F3-A6EF-7766B2E85951}.Release|x64.Build.0 = Release|x64
		{95702F73-ABE8-47F3-A6EF-7766B2E85951}.Release|x86.ActiveCfg = Release|Win32
		{95702F73-ABE8-47F3-A6EF-7766B2E85951}.Release|x86.Build.0 = Release|Win32
		{CC4CA960-0059-4A82-94EE-F48FE57C05C5}.Debug|x64.ActiveCfg = Debug|x64
		{CC4CA960-0059-4A82-94EE-F48FE57C05C5}.Debug|x64.Build.0 = Debug|x64
		{CC4CA960-0059-4A82-94EE-F48FE57C05C5}.Debug|x86.ActiveCfg = Debug|Win32
		{CC4CA960-0059-4A82-94EE-F48FE57C05C5}.Debug|x86.Build.0 = Debug|Win32
		{CC4CA960-0059-4A82-94EE-F48FE57C05C5}.Release|x64.ActiveCfg = Release|x64
		{CC4CA960-0059-4A82-94EE-F48FE57C05C5}.Release|x64.Build.0 = Release|x64
		{CC4CA960-0059-4A82-94EE-F48FE57C05C5}.Release|x86.ActiveCfg = Release|Win32
		{CC4CA960-0059-4A82-94EE-F48FE57C05C5}.Release|x86.Build.0 = Release|Win32
		{10C18AA7-AE34-41D5-AEDC-F09671966810}.Debug|x64.ActiveCfg = Debug|x64
		{10C18AA7-AE34-41D5-AEDC-F09671966810}.Debug|x64.Build.0 = Debug|x64
		{10C18AA7-AE34-41D5-AEDC-F09671966810}.Debug|x86.ActiveCfg = Debug|Win32
		{10C18AA7-AE34-41D5-AEDC-F09671966810}.Debug|x86.Build.0 = Debug|Win32
		{10C18AA7-AE34-41D5-AEDC-F09671966810}.Release|x64.ActiveCfg = Release|x64
		{10C18AA7-AE34-41D5-AEDC-F09671966810}.Release|x64.Build.0 = Release|x64
		{10C18AA7-AE34-41D5-AEDC-F09671966810}.Release|x86.ActiveCfg = Release|Win32
		{10C18AA7-AE34-41D5-AEDC-F09671966810}.Release|x86.Build.0 = Release|Win32
		{0EC59DFD-962F-4574-8851-43D6F0EC9ACC}.Debug|x64.ActiveCfg = Debug|x64
		{0EC59DFD-962F-4574-8851-43D6F0EC9ACC}.Debug|x64.Build.0 = Debug|x64
		{0EC59DFD-962F-4574-8851-43D6F0EC9ACC}.Debug|x86.ActiveCfg = Debug|Win32
		{0EC59DFD-962F-4574-8851-43D6F0EC9ACC}.Debug|x86.Build.0 = Debug|Win32
		{0EC59DFD-962F-4574-8851-43D6F0EC9ACC}.Release|x64.ActiveCfg = Release|x64
		{0EC59DFD-962F-4574-8851-43D6F0EC9ACC}.Release|x64.Build.0 = Release|x64
		{0EC59DFD-962F-4574-8851-43D6F0EC9ACC}.Release|x86.ActiveCfg = Release|Win32
		{0EC59DFD-962F-4574-8851-43D6F0EC9ACC}.Release|x86.Build.0 = Release|Win32
		{BCED4D92-CFE3-42D0-AB06-1206B6111505}.Debug|x64.ActiveCfg = Debug|x64
		{BCED4D92-CFE3-42D0-AB06-1206B6111505}.Debug|x64.Build.0 = Debug|x64
		{BCED4D92-CFE3-42D0-AB06-1206B6111505}.Debug|x86.ActiveCfg = Debug|Win32
		{BCED4D92-CFE3-42D0-AB06-1206B6111505}.Debug|x86.Build.0 = Debug|Win32
		{BCED4D92-CFE3-42D0-AB06-1206B6111505}.Release|x64.ActiveCfg = Release|x64
		{BCED4D92-CFE3-42D0-AB06-1206B6111505}.Release|x64.Build.0 = Release|x64
		{BCED4D92-CFE3-42D0-AB06-1206B6111505}.Release|x86.ActiveCfg = Release|Win32
		{BCED4D92-CFE3-42D0-AB06-1206B6111505}.Release|x86.Build.0 = Release|Win32
		{84D2927C-CA3C-4E72-8C62-24BC8136DE6C}.Debug|x64.ActiveCfg = Debug|x64
		{84D2927C-CA3C-4E72-8C62-24BC8136DE6C}.Debug|x64.Build.0 = Debug|x64
		{84D2927C-CA3C-4E72-8C62-24BC8136DE6C}.Debug|x86.ActiveCfg = Debug|Win32
		{84D2927C-CA3C-4E72-8C62-24BC8136DE6C}.Debug|x86.Build.0 = Debug|Win32
		{84D2927C-CA3C-4E72-8C62-24BC8136DE6C}.Release|x64.ActiveCfg = Release|x64
		{84D2927C-CA3C-4E72-8C62-24BC8136DE6C}.Release|x64.Build.0 = Release|x64
		{84D2927C-CA3C-4E72-8C62-24BC8136DE6C}.Release|x86.ActiveCfg = Release|Win32
		{84D2927C-CA3C-4E72-8C62-24BC8136DE6C}.Release|x86.Build.0 = Release|Win32
		{8B8B0FE6-EC5D-46D9-A6CD-5BFE9582BDEC}.Debug|x64.ActiveCfg = Debug|x64
		{8B8B0FE6-EC5D-46D9-A6CD-5BFE9582BDEC}.Debug|x64.Build.0 = Debug|x64
		{8B8B0FE6-EC5D-46D9-A6CD-5BFE9582BDEC}.Debug|x86.ActiveCfg = Debug|Win32
		{8B8B0FE6-EC5D-46D9-A6CD-5BFE9582BDEC}.Debug|x86.Build.0 = Debug|Win32
		{8B8B0FE6-EC5D-46D9-A6CD-5BFE9582BDEC}.Release|x64.ActiveCfg = Release|x64
		{8B8B0FE6-EC5D-46D9-A6CD-5BFE9582BDEC}.Release|x64.Build.0 = Release|x64
		{8B8B0FE6-EC5D-46D9-A6CD-5BFE9582BDEC}.Release|x86.ActiveCfg = Release|Win32
		{8B8B0FE6-EC5D-46D9-A6CD-5BFE9582BDEC}.Release|x86.Build.0 = Release|Win32
		{ADBE796C-298A-4A41-87BB-C918A14482C3}.Debug|x64.ActiveCfg = Debug|x64
		{ADBE796C-298A-4A41-87BB-C918A14482C3}.Debug|x64.Build.0 = Debug|x64
		{ADBE796C-298A-4A41-87BB-C918A14482C3}.Debug|x86.ActiveCfg = Debug|Win32
		{ADBE796C-298A-4A41-87BB-C918A14482C3}.Debug|x86.Build.0 = Debug|Win32
		{ADBE796C-298A-4A41-87BB-C918A14482C3}.Release|x64.ActiveCfg = Release|x64
		{ADBE796C-298A-4A41-87BB-C918A14482C3}.Release|x64.Build.0 = Release|x64
		{ADBE796C-298A-4A41-87BB-C918A14482C3}.Release|x86.ActiveCfg = Release|Win32
		{ADBE796C-298A-4A41-87BB-C918A14482C3}.Release|x86.Build.0 = Release|Win32
		{5A596655-08DB-4BF6-8918-E4B3F3A1DB63}.Debug|x64.ActiveCfg = Debug|x64
		{5A596655-08DB-4BF6-8918-E4B3F3A1DB63}.Debug|x64.Build.0 = Debug|x64
		{5A596655-08DB-4BF6-8918-E4B3F3A1DB63}.Debug|x86.ActiveCfg = Debug|Win32
		{5A596655-08DB-4BF6-8918-E4B3F3A1DB63}.Debug|x86.Build.0 = Debug|Win32
		{5A596655-08DB-4BF6-8918-E4B3F3A1DB63}.Release|x64.ActiveCfg = Release|x64
		{5A596655-08DB-4BF6-8918-E4B3F3A1DB63}.Release|x64.Build.0 = Release|x64
		{5A596655-08DB-4BF6-8918-E4B3F3A1DB63}.Release|x86.ActiveCfg = Release|Win32
		{5A596655-08DB-4BF6-8918-E4B3F3A1DB63}.Release|x86.Build.0 = Release|Win32
		{2F015175-362D-40FC-B42D-EC1161A146D3}.Debug|x64.ActiveCfg = Debug|x64
		{2F015175-362D-40FC-B42D-EC1161A146D3}.Debug|x64.Build.0 = Debug|x64
		{2F015175-362D-40FC-B42D-EC1161A146D3}.Debug|x86.ActiveCfg = Debug|Win32
		{2F015175-362D-40FC-B42D-EC1161A146D3}.Debug|x86.Build.0 = Debug|Win32
		{2F015175-362D-40FC-B42D-EC1161A146D3}.Release|x64.ActiveCfg = Release|x64
		{2F015175-362D-40FC-B42D-EC1161A146D3}.Release|x64.Build.0 = Release|x64
		{2F015175-362D-40FC-B42D-EC1161A146D3}.Release|x86.ActiveCfg = Release|Win32
		{2F015175-362D-40FC-B42D-EC1161A146D3}.Release|x86.Build.0 = Release|Win32
		{359C1FFF-164B-4D6E-8EA4-02D4D765C0CB}.Debug|x64.ActiveCfg = Debug|x64
		{359C1FFF-164B-4D6E-8EA4-02D4D765C0CB}.Debug|x64.Build.0 = Debug|x64
		{359C1FFF-164B-4D6E-8EA4-02D4D765C0CB}.Debug|x86.ActiveCfg = Debug|Win32
		{359C1FFF-164B-4D6E-8EA4-02D4D765C0CB}.Debug|x86.Build.0 = Debug|Win32
		{359C1FFF-164B-4D6E-8EA4-02D4D765C0CB}.Release|x64.ActiveCfg = Release|x64
		{359C1FFF-164B-4D6E-8EA4-02D4D765C0CB}.Release|x64.Build.0 = Release|x64
		{359C1FFF-164B-4D6E-8EA4-02D4D765C0CB}.Release|x86.ActiveCfg = Release|Win32
		{359C1FFF-164B-4D6E-8EA4-02D4D765C0CB}.Release|x86.Build.0 = Release|Win32
		{BE91F5F8-B8FB-4C04-930B-E46FD1B93497}.Debug|x64.ActiveCfg = Debug|x64
		{BE91F5F8-B8FB-4C04-930B-E46FD1B93497}.Debug|x64.Build.0 = Debug|x64
		{BE91F5F8-B8FB-4C04-930B-E46FD1B93497}.Debug|x86.ActiveCfg = Debug|Win32
		{BE91F5F8-B8FB-4C04-930B-E46FD1B93497}.Debug|x86.Build.0 = Debug|Win32
		{BE91F5F8-B8FB-4C04-930B-E46FD1B93497}.Release|x64.ActiveCfg = Release|x64
		{BE91F5F8-B8FB-4C04-930B-E46FD1B93497}.Release|x64.Build.0 = Release|x64
		{BE91F5F8-B8FB-4C04-930B-E46FD1B93497}.Release|x86.ActiveCfg = Release|Win32
		{BE91F5F8-B8FB-4C04-930B-E46FD1B93497}.Release|x86.Build.0 = Release|Win32
		{D5FE88F6-99A5-4DA0-834F-799470AB7E78}.Debug|x64.ActiveCfg = Debug|x64
		{D5FE88F6-99A5-4DA0-834F-799470AB7E78}.Debug|x64.Build.0 = Debug|x64
		{D5FE88F6-99A5-4DA0-834F-799470AB7E78}.Debug|x86.ActiveCfg = Debug|Win32
		{D5FE88F6-99A5-4DA0-834F-799470AB7E78}.Debug|x86.Build.0 = Debug|Win32
		{D5FE88F6-99A5-4DA0-834F-799470AB7E78}.Release|x64.ActiveCfg = Release|x64
		{D5FE88F6-99A5-4DA0-834F-799470AB7E78}.Release|x64.Build.0 = Release|x64
		{D5FE88F6-99A5-4DA0-834F-799470AB7E78}.Release|x86.ActiveCfg = Release|Win32
		{D5FE88F6-99A5-4DA0-834F-799470AB7E78}.Release|x86.Build.0 = Release|Win32
		{C3876521-E11C-4786-AB3D-89D917D86E97}.Debug|x64.ActiveCfg = Debug|x64
		{C3876521-E11C-4786-AB3D-89D917D86E97}.Debug|x64.Build.0 = Debug|x64
		{C3876521-E11C-4786-AB3D-89D917D86E97}.Debug|x86.ActiveCfg = Debug|Win32
		{C3876521-E11C-4786-AB3D-89D917D86E97}.Debug|x86.Build.0 = Debug|Win32
		{C3876521-E11C-4786-AB3D-89D917D86E97}.Release|x64.ActiveCfg = Release|x64
		{C3876521-E11C-4786-AB3D-89D917D86E97}.Release|x64.Build.0 = Release|x64
		{C3876521-E11C-4786-AB3D-89D917D86E97}.Release|x86.ActiveCfg = Release|Win32
		{C3876521-E11C-4786-AB3D-89D917D86E97}.Release|x86.Build.0 = Release|Win32
	EndGlobalSection
	GlobalSection(SolutionProperties) = preSolution
		HideSolutionNode = FALSE
	EndGlobalSection
	GlobalSection(ExtensibilityGlobals) = postSolution
		SolutionGuid = {5D41C460-5001-41EC-B129-FE1A8C117FD5}
	EndGlobalSection
EndGlobal
