// !$*UTF8*$!
{
	archiveVersion = 1;
	classes = {
	};
	objectVersion = 46;
	objects = {

/* Begin PBXBuildFile section */
		1B2E112720088867004FB697 /* C001B_PERSCOOKIE__simple_01.m in Sources */ = {isa = PBXBuildFile; fileRef = 1B2E112620088867004FB697 /* C001B_PERSCOOKIE__simple_01.m */; };
		1B2E112820088867004FB697 /* C001B_PERSCOOKIE__simple_01.m in Sources */ = {isa = PBXBuildFile; fileRef = 1B2E112620088867004FB697 /* C001B_PERSCOOKIE__simple_01.m */; };
		1B2E112B2008AD3E004FB697 /* C0027_USEFREED__simple_01.m in Sources */ = {isa = PBXBuildFile; fileRef = 1B2E112A2008AD3E004FB697 /* C0027_USEFREED__simple_01.m */; };
		1B2E112E200C2963004FB697 /* C0013_BROKNCRYPT__DES_01.m in Sources */ = {isa = PBXBuildFile; fileRef = 1B2E112D200C2963004FB697 /* C0013_BROKNCRYPT__DES_01.m */; };
		1B2E1130200C4BE6004FB697 /* C0013_BROKNCRYPT__MD5_01.m in Sources */ = {isa = PBXBuildFile; fileRef = 1B2E112F200C4BE6004FB697 /* C0013_BROKNCRYPT__MD5_01.m */; };
		1B2E1133200C72EF004FB697 /* C000F_FORMATI__NSLog_01.m in Sources */ = {isa = PBXBuildFile; fileRef = 1B2E1132200C72EF004FB697 /* C000F_FORMATI__NSLog_01.m */; };
		1B2E113C200C7B48004FB697 /* C000F_FORMATI__stringWithFormat_01.m in Sources */ = {isa = PBXBuildFile; fileRef = 1B2E113B200C7B48004FB697 /* C000F_FORMATI__stringWithFormat_01.m */; };
		1B2E113E200C7B6F004FB697 /* C000F_FORMATI__stringByAppendingFormat_01.m in Sources */ = {isa = PBXBuildFile; fileRef = 1B2E113D200C7B6F004FB697 /* C000F_FORMATI__stringByAppendingFormat_01.m */; };
		1B2E1140200C7B86004FB697 /* C000F_FORMATI__initWithFormat_01.m in Sources */ = {isa = PBXBuildFile; fileRef = 1B2E113F200C7B86004FB697 /* C000F_FORMATI__initWithFormat_01.m */; };
		1B2E1142200C7B9B004FB697 /* C000F_FORMATI__appendFormat_01.m in Sources */ = {isa = PBXBuildFile; fileRef = 1B2E1141200C7B9B004FB697 /* C000F_FORMATI__appendFormat_01.m */; };
		1B2E1148200D8DCB004FB697 /* libxml2.tbd in Frameworks */ = {isa = PBXBuildFile; fileRef = 1B2E1147200D8DCB004FB697 /* libxml2.tbd */; };
		1B2E1151200DCD87004FB697 /* OpenDirectory.framework in Frameworks */ = {isa = PBXBuildFile; fileRef = 1B2E1150200DCD87004FB697 /* OpenDirectory.framework */; };
		1B2E1160200DD9EB004FB697 /* Foundation.framework in Frameworks */ = {isa = PBXBuildFile; fileRef = 1B2E115C200DD3C9004FB697 /* Foundation.framework */; };
		1B2E1167200DDAD4004FB697 /* C0008_XPATHI__simple_01.m in Sources */ = {isa = PBXBuildFile; fileRef = 1B2E1163200DDAD4004FB697 /* C0008_XPATHI__simple_01.m */; };
		1B2E1168200DDAD4004FB697 /* C0007_XQUERYI__simple_01.m in Sources */ = {isa = PBXBuildFile; fileRef = 1B2E1165200DDAD4004FB697 /* C0007_XQUERYI__simple_01.m */; };
		1B2E116C200DDC68004FB697 /* C0004_CMDI__simple_01.m in Sources */ = {isa = PBXBuildFile; fileRef = 1B2E116A200DDC68004FB697 /* C0004_CMDI__simple_01.m */; };
		1B2E1170200DF76C004FB697 /* C0024_NOCHKERR__simple_01.m in Sources */ = {isa = PBXBuildFile; fileRef = 1B2E116F200DF76C004FB697 /* C0024_NOCHKERR__simple_01.m */; };
		1B2E1173200ED4F9004FB697 /* C0053_REFLECTI__performSelector_01.m in Sources */ = {isa = PBXBuildFile; fileRef = 1B2E1172200ED4F9004FB697 /* C0053_REFLECTI__performSelector_01.m */; };
		1B2E1178200EDCFC004FB697 /* C0053_REFLECTI__performSelector_02.m in Sources */ = {isa = PBXBuildFile; fileRef = 1B2E1177200EDCFC004FB697 /* C0053_REFLECTI__performSelector_02.m */; };
		1B2E117A200EDD4B004FB697 /* C0053_REFLECTI__performSelector_03.m in Sources */ = {isa = PBXBuildFile; fileRef = 1B2E1179200EDD4B004FB697 /* C0053_REFLECTI__performSelector_03.m */; };
		1B2E117F200F291A004FB697 /* C003D_MEMLEAK__simple_bad.m in Sources */ = {isa = PBXBuildFile; fileRef = 1B2E117E200F291A004FB697 /* C003D_MEMLEAK__simple_bad.m */; };
		1B2E1182200F2DC1004FB697 /* C003D_MEMLEAK__simple_good.m in Sources */ = {isa = PBXBuildFile; fileRef = 1B2E1181200F2DC1004FB697 /* C003D_MEMLEAK__simple_good.m */; };
		1B2E118D200F3A02004FB697 /* C0017_KEYLEN__AES_01.m in Sources */ = {isa = PBXBuildFile; fileRef = 1B2E118C200F3A02004FB697 /* C0017_KEYLEN__AES_01.m */; };
		1B2E118F200F3A12004FB697 /* C0017_KEYLEN__DES_01.m in Sources */ = {isa = PBXBuildFile; fileRef = 1B2E118E200F3A12004FB697 /* C0017_KEYLEN__DES_01.m */; };
		1B2E1191200F3A1F004FB697 /* C0017_KEYLEN__CAST_01.m in Sources */ = {isa = PBXBuildFile; fileRef = 1B2E1190200F3A1F004FB697 /* C0017_KEYLEN__CAST_01.m */; };
		1B2E1193200F3A2C004FB697 /* C0017_KEYLEN__RC4_01.m in Sources */ = {isa = PBXBuildFile; fileRef = 1B2E1192200F3A2C004FB697 /* C0017_KEYLEN__RC4_01.m */; };
		1B2E1195200F3A3B004FB697 /* C0017_KEYLEN__Blowfish_01.m in Sources */ = {isa = PBXBuildFile; fileRef = 1B2E1194200F3A3B004FB697 /* C0017_KEYLEN__Blowfish_01.m */; };
		1B2E1198200F3C7C004FB697 /* C0017_KEYLEN__RSA_01.m in Sources */ = {isa = PBXBuildFile; fileRef = 1B2E1197200F3C7C004FB697 /* C0017_KEYLEN__RSA_01.m */; };
		1B2E119C20103B74004FB697 /* C0023_NOACTION__writeToURL_01.m in Sources */ = {isa = PBXBuildFile; fileRef = 1B2E119B20103B74004FB697 /* C0023_NOACTION__writeToURL_01.m */; };
		1B2E119F20103D97004FB697 /* C0023_NOACTION__empty_catch_01.m in Sources */ = {isa = PBXBuildFile; fileRef = 1B2E119E20103D97004FB697 /* C0023_NOACTION__empty_catch_01.m */; };
		1B7D27C31FFB7A910079B442 /* main.m in Sources */ = {isa = PBXBuildFile; fileRef = 1B7D27C21FFB7A910079B442 /* main.m */; };
		1B7D27C61FFB7A910079B442 /* AppDelegate.m in Sources */ = {isa = PBXBuildFile; fileRef = 1B7D27C51FFB7A910079B442 /* AppDelegate.m */; };
		1B7D27C91FFB7A910079B442 /* ViewController.m in Sources */ = {isa = PBXBuildFile; fileRef = 1B7D27C81FFB7A910079B442 /* ViewController.m */; };
		1B7D27CC1FFB7A910079B442 /* Main.storyboard in Resources */ = {isa = PBXBuildFile; fileRef = 1B7D27CA1FFB7A910079B442 /* Main.storyboard */; };
		1B7D27CE1FFB7A910079B442 /* Assets.xcassets in Resources */ = {isa = PBXBuildFile; fileRef = 1B7D27CD1FFB7A910079B442 /* Assets.xcassets */; };
		1B7D27D11FFB7A910079B442 /* LaunchScreen.storyboard in Resources */ = {isa = PBXBuildFile; fileRef = 1B7D27CF1FFB7A910079B442 /* LaunchScreen.storyboard */; };
		1B7D27DB1FFB7AB60079B442 /* C0001_CWE89_SQL_Injection__simple_01.m in Sources */ = {isa = PBXBuildFile; fileRef = 1B7D27DA1FFB7AB60079B442 /* C0001_CWE89_SQL_Injection__simple_01.m */; };
		1B7D27DF1FFB7AC60079B442 /* C0002_PATHMAINP__simple_01.m in Sources */ = {isa = PBXBuildFile; fileRef = 1B7D27DD1FFB7AC60079B442 /* C0002_PATHMAINP__simple_01.m */; };
		1B7D27E21FFB7B600079B442 /* UIKit.framework in Frameworks */ = {isa = PBXBuildFile; fileRef = 1B7D27E11FFB7B600079B442 /* UIKit.framework */; };
		1B7D27E41FFB7B670079B442 /* libsqlite3.tbd in Frameworks */ = {isa = PBXBuildFile; fileRef = 1B7D27E31FFB7B670079B442 /* libsqlite3.tbd */; };
		1B7D27E71FFDCA0A0079B442 /* C0003_XSS__simple_01.m in Sources */ = {isa = PBXBuildFile; fileRef = 1B7D27E61FFDCA0A0079B442 /* C0003_XSS__simple_01.m */; };
		1B7D27FE1FFDE9850079B442 /* AppDelegate.m in Sources */ = {isa = PBXBuildFile; fileRef = 1B7D27FD1FFDE9850079B442 /* AppDelegate.m */; };
		1B7D28011FFDE9850079B442 /* main.m in Sources */ = {isa = PBXBuildFile; fileRef = 1B7D28001FFDE9850079B442 /* main.m */; };
		1B7D28041FFDE9850079B442 /* ViewController.m in Sources */ = {isa = PBXBuildFile; fileRef = 1B7D28031FFDE9850079B442 /* ViewController.m */; };
		1B7D28061FFDE9850079B442 /* Assets.xcassets in Resources */ = {isa = PBXBuildFile; fileRef = 1B7D28051FFDE9850079B442 /* Assets.xcassets */; };
		1B7D28091FFDE9850079B442 /* Main.storyboard in Resources */ = {isa = PBXBuildFile; fileRef = 1B7D28071FFDE9850079B442 /* Main.storyboard */; };
		E3ED3FE5200EC7F60049FAB3 /* C0006_REDIRECT_NSString__bad.m in Sources */ = {isa = PBXBuildFile; fileRef = E3ED3FDA200EC7F60049FAB3 /* C0006_REDIRECT_NSString__bad.m */; };
		E3ED3FE7200EC7F60049FAB3 /* C0006_REDIRECT_NSMutableArray__bad.m in Sources */ = {isa = PBXBuildFile; fileRef = E3ED3FDF200EC7F60049FAB3 /* C0006_REDIRECT_NSMutableArray__bad.m */; };
		E3ED3FE8200EC7F60049FAB3 /* C0006_REDIRECT_NSDictionary__bad.m in Sources */ = {isa = PBXBuildFile; fileRef = E3ED3FE1200EC7F60049FAB3 /* C0006_REDIRECT_NSDictionary__bad.m */; };
		E3ED3FE9200EC7F60049FAB3 /* C0006_REDIRECT_NSSet__bad.m in Sources */ = {isa = PBXBuildFile; fileRef = E3ED3FE2200EC7F60049FAB3 /* C0006_REDIRECT_NSSet__bad.m */; };
		E3ED3FED200ECFEF0049FAB3 /* C0006_REDIRECT_NSArray__bad.m in Sources */ = {isa = PBXBuildFile; fileRef = E3ED3FEC200ECFEF0049FAB3 /* C0006_REDIRECT_NSArray__bad.m */; };
		E3ED3FF3200EE8460049FAB3 /* C0006_REDIRECT_NSSet__good.m in Sources */ = {isa = PBXBuildFile; fileRef = E3ED3FEE200EE8450049FAB3 /* C0006_REDIRECT_NSSet__good.m */; };
		E3ED3FF4200EE8460049FAB3 /* C0006_REDIRECT_NSMutableArray__good.m in Sources */ = {isa = PBXBuildFile; fileRef = E3ED3FEF200EE8450049FAB3 /* C0006_REDIRECT_NSMutableArray__good.m */; };
		E3ED3FF5200EE8460049FAB3 /* C0006_REDIRECT_NSArray__good.m in Sources */ = {isa = PBXBuildFile; fileRef = E3ED3FF0200EE8450049FAB3 /* C0006_REDIRECT_NSArray__good.m */; };
		E3ED3FF6200EE8460049FAB3 /* C0006_REDIRECT_NSString__good.m in Sources */ = {isa = PBXBuildFile; fileRef = E3ED3FF1200EE8460049FAB3 /* C0006_REDIRECT_NSString__good.m */; };
		E3ED3FF7200EE8460049FAB3 /* C0006_REDIRECT_NSDictionary__good.m in Sources */ = {isa = PBXBuildFile; fileRef = E3ED3FF2200EE8460049FAB3 /* C0006_REDIRECT_NSDictionary__good.m */; };
/* End PBXBuildFile section */

/* Begin PBXFileReference section */
		1B2E112620088867004FB697 /* C001B_PERSCOOKIE__simple_01.m */ = {isa = PBXFileReference; lastKnownFileType = sourcecode.c.objc; path = C001B_PERSCOOKIE__simple_01.m; sourceTree = "<group>"; };
		1B2E112A2008AD3E004FB697 /* C0027_USEFREED__simple_01.m */ = {isa = PBXFileReference; lastKnownFileType = sourcecode.c.objc; path = C0027_USEFREED__simple_01.m; sourceTree = "<group>"; };
		1B2E112D200C2963004FB697 /* C0013_BROKNCRYPT__DES_01.m */ = {isa = PBXFileReference; lastKnownFileType = sourcecode.c.objc; path = C0013_BROKNCRYPT__DES_01.m; sourceTree = "<group>"; };
		1B2E112F200C4BE6004FB697 /* C0013_BROKNCRYPT__MD5_01.m */ = {isa = PBXFileReference; lastKnownFileType = sourcecode.c.objc; path = C0013_BROKNCRYPT__MD5_01.m; sourceTree = "<group>"; };
		1B2E1132200C72EF004FB697 /* C000F_FORMATI__NSLog_01.m */ = {isa = PBXFileReference; lastKnownFileType = sourcecode.c.objc; path = C000F_FORMATI__NSLog_01.m; sourceTree = "<group>"; };
		1B2E1135200C7599004FB697 /* C000F_FORMATI__NSLog_01.h */ = {isa = PBXFileReference; lastKnownFileType = sourcecode.c.h; path = C000F_FORMATI__NSLog_01.h; sourceTree = "<group>"; };
		1B2E113B200C7B48004FB697 /* C000F_FORMATI__stringWithFormat_01.m */ = {isa = PBXFileReference; lastKnownFileType = sourcecode.c.objc; path = C000F_FORMATI__stringWithFormat_01.m; sourceTree = "<group>"; };
		1B2E113D200C7B6F004FB697 /* C000F_FORMATI__stringByAppendingFormat_01.m */ = {isa = PBXFileReference; lastKnownFileType = sourcecode.c.objc; path = C000F_FORMATI__stringByAppendingFormat_01.m; sourceTree = "<group>"; };
		1B2E113F200C7B86004FB697 /* C000F_FORMATI__initWithFormat_01.m */ = {isa = PBXFileReference; lastKnownFileType = sourcecode.c.objc; path = C000F_FORMATI__initWithFormat_01.m; sourceTree = "<group>"; };
		1B2E1141200C7B9B004FB697 /* C000F_FORMATI__appendFormat_01.m */ = {isa = PBXFileReference; lastKnownFileType = sourcecode.c.objc; path = C000F_FORMATI__appendFormat_01.m; sourceTree = "<group>"; };
		1B2E1143200C7DD9004FB697 /* C000F_FORMATI__stringWithFormat_01.h */ = {isa = PBXFileReference; lastKnownFileType = sourcecode.c.h; path = C000F_FORMATI__stringWithFormat_01.h; sourceTree = "<group>"; };
		1B2E1144200C7E24004FB697 /* C000F_FORMATI__stringByAppendingFormat_01.h */ = {isa = PBXFileReference; lastKnownFileType = sourcecode.c.h; path = C000F_FORMATI__stringByAppendingFormat_01.h; sourceTree = "<group>"; };
		1B2E1145200C7E81004FB697 /* C000F_FORMATI__initWithFormat_01.h */ = {isa = PBXFileReference; lastKnownFileType = sourcecode.c.h; path = C000F_FORMATI__initWithFormat_01.h; sourceTree = "<group>"; };
		1B2E1146200C7EBC004FB697 /* C000F_FORMATI__appendFormat_01.h */ = {isa = PBXFileReference; lastKnownFileType = sourcecode.c.h; path = C000F_FORMATI__appendFormat_01.h; sourceTree = "<group>"; };
		1B2E1147200D8DCB004FB697 /* libxml2.tbd */ = {isa = PBXFileReference; lastKnownFileType = "sourcecode.text-based-dylib-definition"; name = libxml2.tbd; path = usr/lib/libxml2.tbd; sourceTree = SDKROOT; };
		1B2E1150200DCD87004FB697 /* OpenDirectory.framework */ = {isa = PBXFileReference; lastKnownFileType = wrapper.framework; name = OpenDirectory.framework; path = Platforms/MacOSX.platform/Developer/SDKs/MacOSX10.13.sdk/System/Library/Frameworks/OpenDirectory.framework; sourceTree = DEVELOPER_DIR; };
		1B2E115C200DD3C9004FB697 /* Foundation.framework */ = {isa = PBXFileReference; lastKnownFileType = wrapper.framework; name = Foundation.framework; path = Platforms/MacOSX.platform/Developer/SDKs/MacOSX10.13.sdk/System/Library/Frameworks/Foundation.framework; sourceTree = DEVELOPER_DIR; };
		1B2E1162200DDAD4004FB697 /* C0008_XPATHI__simple_01.h */ = {isa = PBXFileReference; fileEncoding = 4; lastKnownFileType = sourcecode.c.h; path = C0008_XPATHI__simple_01.h; sourceTree = "<group>"; };
		1B2E1163200DDAD4004FB697 /* C0008_XPATHI__simple_01.m */ = {isa = PBXFileReference; fileEncoding = 4; lastKnownFileType = sourcecode.c.objc; path = C0008_XPATHI__simple_01.m; sourceTree = "<group>"; };
		1B2E1165200DDAD4004FB697 /* C0007_XQUERYI__simple_01.m */ = {isa = PBXFileReference; fileEncoding = 4; lastKnownFileType = sourcecode.c.objc; path = C0007_XQUERYI__simple_01.m; sourceTree = "<group>"; };
		1B2E1166200DDAD4004FB697 /* C0007_XQUERYI__simple_01.h */ = {isa = PBXFileReference; fileEncoding = 4; lastKnownFileType = sourcecode.c.h; path = C0007_XQUERYI__simple_01.h; sourceTree = "<group>"; };
		1B2E116A200DDC68004FB697 /* C0004_CMDI__simple_01.m */ = {isa = PBXFileReference; fileEncoding = 4; lastKnownFileType = sourcecode.c.objc; path = C0004_CMDI__simple_01.m; sourceTree = "<group>"; };
		1B2E116B200DDC68004FB697 /* C0004_CMDI__simple_01.h */ = {isa = PBXFileReference; fileEncoding = 4; lastKnownFileType = sourcecode.c.h; path = C0004_CMDI__simple_01.h; sourceTree = "<group>"; };
		1B2E116E200DF758004FB697 /* C0024_NOCHKERR__simple_01.h */ = {isa = PBXFileReference; lastKnownFileType = sourcecode.c.h; path = C0024_NOCHKERR__simple_01.h; sourceTree = "<group>"; };
		1B2E116F200DF76C004FB697 /* C0024_NOCHKERR__simple_01.m */ = {isa = PBXFileReference; lastKnownFileType = sourcecode.c.objc; path = C0024_NOCHKERR__simple_01.m; sourceTree = "<group>"; };
		1B2E1172200ED4F9004FB697 /* C0053_REFLECTI__performSelector_01.m */ = {isa = PBXFileReference; lastKnownFileType = sourcecode.c.objc; path = C0053_REFLECTI__performSelector_01.m; sourceTree = "<group>"; };
		1B2E1174200EDC10004FB697 /* C0053_REFLECTI__performSelector_01.h */ = {isa = PBXFileReference; lastKnownFileType = sourcecode.c.h; path = C0053_REFLECTI__performSelector_01.h; sourceTree = "<group>"; };
		1B2E1175200EDCE0004FB697 /* C0053_REFLECTI__performSelector_02.h */ = {isa = PBXFileReference; lastKnownFileType = sourcecode.c.h; path = C0053_REFLECTI__performSelector_02.h; sourceTree = "<group>"; };
		1B2E1176200EDCEC004FB697 /* C0053_REFLECTI__performSelector_03.h */ = {isa = PBXFileReference; lastKnownFileType = sourcecode.c.h; path = C0053_REFLECTI__performSelector_03.h; sourceTree = "<group>"; };
		1B2E1177200EDCFC004FB697 /* C0053_REFLECTI__performSelector_02.m */ = {isa = PBXFileReference; lastKnownFileType = sourcecode.c.objc; path = C0053_REFLECTI__performSelector_02.m; sourceTree = "<group>"; };
		1B2E1179200EDD4B004FB697 /* C0053_REFLECTI__performSelector_03.m */ = {isa = PBXFileReference; lastKnownFileType = sourcecode.c.objc; path = C0053_REFLECTI__performSelector_03.m; sourceTree = "<group>"; };
		1B2E117D200F2903004FB697 /* C003D_MEMLEAK__simple_bad.h */ = {isa = PBXFileReference; lastKnownFileType = sourcecode.c.h; path = C003D_MEMLEAK__simple_bad.h; sourceTree = "<group>"; };
		1B2E117E200F291A004FB697 /* C003D_MEMLEAK__simple_bad.m */ = {isa = PBXFileReference; lastKnownFileType = sourcecode.c.objc; path = C003D_MEMLEAK__simple_bad.m; sourceTree = "<group>"; };
		1B2E1180200F2DA2004FB697 /* C003D_MEMLEAK__simple_good.h */ = {isa = PBXFileReference; lastKnownFileType = sourcecode.c.h; path = C003D_MEMLEAK__simple_good.h; sourceTree = "<group>"; };
		1B2E1181200F2DC1004FB697 /* C003D_MEMLEAK__simple_good.m */ = {isa = PBXFileReference; lastKnownFileType = sourcecode.c.objc; path = C003D_MEMLEAK__simple_good.m; sourceTree = "<group>"; };
		1B2E1186200F3975004FB697 /* C0017_KEYLEN__AES_01.h */ = {isa = PBXFileReference; lastKnownFileType = sourcecode.c.h; path = C0017_KEYLEN__AES_01.h; sourceTree = "<group>"; };
		1B2E1187200F398E004FB697 /* C0017_KEYLEN__DES_01.h */ = {isa = PBXFileReference; lastKnownFileType = sourcecode.c.h; path = C0017_KEYLEN__DES_01.h; sourceTree = "<group>"; };
		1B2E1188200F39A4004FB697 /* C0017_KEYLEN__CAST_01.h */ = {isa = PBXFileReference; lastKnownFileType = sourcecode.c.h; path = C0017_KEYLEN__CAST_01.h; sourceTree = "<group>"; };
		1B2E1189200F39B8004FB697 /* C0017_KEYLEN__RC4_01.h */ = {isa = PBXFileReference; lastKnownFileType = sourcecode.c.h; path = C0017_KEYLEN__RC4_01.h; sourceTree = "<group>"; };
		1B2E118B200F39EE004FB697 /* C0017_KEYLEN__Blowfish_01.h */ = {isa = PBXFileReference; lastKnownFileType = sourcecode.c.h; path = C0017_KEYLEN__Blowfish_01.h; sourceTree = "<group>"; };
		1B2E118C200F3A02004FB697 /* C0017_KEYLEN__AES_01.m */ = {isa = PBXFileReference; lastKnownFileType = sourcecode.c.objc; path = C0017_KEYLEN__AES_01.m; sourceTree = "<group>"; };
		1B2E118E200F3A12004FB697 /* C0017_KEYLEN__DES_01.m */ = {isa = PBXFileReference; lastKnownFileType = sourcecode.c.objc; path = C0017_KEYLEN__DES_01.m; sourceTree = "<group>"; };
		1B2E1190200F3A1F004FB697 /* C0017_KEYLEN__CAST_01.m */ = {isa = PBXFileReference; lastKnownFileType = sourcecode.c.objc; path = C0017_KEYLEN__CAST_01.m; sourceTree = "<group>"; };
		1B2E1192200F3A2C004FB697 /* C0017_KEYLEN__RC4_01.m */ = {isa = PBXFileReference; lastKnownFileType = sourcecode.c.objc; path = C0017_KEYLEN__RC4_01.m; sourceTree = "<group>"; };
		1B2E1194200F3A3B004FB697 /* C0017_KEYLEN__Blowfish_01.m */ = {isa = PBXFileReference; lastKnownFileType = sourcecode.c.objc; path = C0017_KEYLEN__Blowfish_01.m; sourceTree = "<group>"; };
		1B2E1196200F3C6B004FB697 /* C0017_KEYLEN__RSA_01.h */ = {isa = PBXFileReference; lastKnownFileType = sourcecode.c.h; path = C0017_KEYLEN__RSA_01.h; sourceTree = "<group>"; };
		1B2E1197200F3C7C004FB697 /* C0017_KEYLEN__RSA_01.m */ = {isa = PBXFileReference; lastKnownFileType = sourcecode.c.objc; path = C0017_KEYLEN__RSA_01.m; sourceTree = "<group>"; };
		1B2E119A20103B17004FB697 /* C0023_NOACTION__writeToURL_01.h */ = {isa = PBXFileReference; lastKnownFileType = sourcecode.c.h; path = C0023_NOACTION__writeToURL_01.h; sourceTree = "<group>"; };
		1B2E119B20103B74004FB697 /* C0023_NOACTION__writeToURL_01.m */ = {isa = PBXFileReference; lastKnownFileType = sourcecode.c.objc; path = C0023_NOACTION__writeToURL_01.m; sourceTree = "<group>"; };
		1B2E119D20103D86004FB697 /* C0023_NOACTION__empty_catch_01.h */ = {isa = PBXFileReference; lastKnownFileType = sourcecode.c.h; path = C0023_NOACTION__empty_catch_01.h; sourceTree = "<group>"; };
		1B2E119E20103D97004FB697 /* C0023_NOACTION__empty_catch_01.m */ = {isa = PBXFileReference; lastKnownFileType = sourcecode.c.objc; path = C0023_NOACTION__empty_catch_01.m; sourceTree = "<group>"; };
		1B7D27BE1FFB7A910079B442 /* Romeo.app */ = {isa = PBXFileReference; explicitFileType = wrapper.application; includeInIndex = 0; path = Romeo.app; sourceTree = BUILT_PRODUCTS_DIR; };
		1B7D27C21FFB7A910079B442 /* main.m */ = {isa = PBXFileReference; lastKnownFileType = sourcecode.c.objc; path = main.m; sourceTree = "<group>"; };
		1B7D27C41FFB7A910079B442 /* AppDelegate.h */ = {isa = PBXFileReference; lastKnownFileType = sourcecode.c.h; path = AppDelegate.h; sourceTree = "<group>"; };
		1B7D27C51FFB7A910079B442 /* AppDelegate.m */ = {isa = PBXFileReference; lastKnownFileType = sourcecode.c.objc; path = AppDelegate.m; sourceTree = "<group>"; };
		1B7D27C71FFB7A910079B442 /* ViewController.h */ = {isa = PBXFileReference; lastKnownFileType = sourcecode.c.h; path = ViewController.h; sourceTree = "<group>"; };
		1B7D27C81FFB7A910079B442 /* ViewController.m */ = {isa = PBXFileReference; lastKnownFileType = sourcecode.c.objc; path = ViewController.m; sourceTree = "<group>"; };
		1B7D27CB1FFB7A910079B442 /* Base */ = {isa = PBXFileReference; lastKnownFileType = file.storyboard; name = Base; path = Base.lproj/Main.storyboard; sourceTree = "<group>"; };
		1B7D27CD1FFB7A910079B442 /* Assets.xcassets */ = {isa = PBXFileReference; lastKnownFileType = folder.assetcatalog; path = Assets.xcassets; sourceTree = "<group>"; };
		1B7D27D01FFB7A910079B442 /* Base */ = {isa = PBXFileReference; lastKnownFileType = file.storyboard; name = Base; path = Base.lproj/LaunchScreen.storyboard; sourceTree = "<group>"; };
		1B7D27D21FFB7A910079B442 /* Info.plist */ = {isa = PBXFileReference; lastKnownFileType = text.plist.xml; path = Info.plist; sourceTree = "<group>"; };
		1B7D27D91FFB7AB60079B442 /* C0001_CWE89_SQL_Injection__simple_01.h */ = {isa = PBXFileReference; fileEncoding = 4; lastKnownFileType = sourcecode.c.h; path = C0001_CWE89_SQL_Injection__simple_01.h; sourceTree = "<group>"; };
		1B7D27DA1FFB7AB60079B442 /* C0001_CWE89_SQL_Injection__simple_01.m */ = {isa = PBXFileReference; fileEncoding = 4; lastKnownFileType = sourcecode.c.objc; path = C0001_CWE89_SQL_Injection__simple_01.m; sourceTree = "<group>"; };
		1B7D27DD1FFB7AC60079B442 /* C0002_PATHMAINP__simple_01.m */ = {isa = PBXFileReference; fileEncoding = 4; lastKnownFileType = sourcecode.c.objc; path = C0002_PATHMAINP__simple_01.m; sourceTree = "<group>"; };
		1B7D27DE1FFB7AC60079B442 /* C0002_PATHMANIP__simple_01.h */ = {isa = PBXFileReference; fileEncoding = 4; lastKnownFileType = sourcecode.c.h; path = C0002_PATHMANIP__simple_01.h; sourceTree = "<group>"; };
		1B7D27E11FFB7B600079B442 /* UIKit.framework */ = {isa = PBXFileReference; lastKnownFileType = wrapper.framework; name = UIKit.framework; path = System/Library/Frameworks/UIKit.framework; sourceTree = SDKROOT; };
		1B7D27E31FFB7B670079B442 /* libsqlite3.tbd */ = {isa = PBXFileReference; lastKnownFileType = "sourcecode.text-based-dylib-definition"; name = libsqlite3.tbd; path = usr/lib/libsqlite3.tbd; sourceTree = SDKROOT; };
		1B7D27E61FFDCA0A0079B442 /* C0003_XSS__simple_01.m */ = {isa = PBXFileReference; fileEncoding = 4; lastKnownFileType = sourcecode.c.objc; path = C0003_XSS__simple_01.m; sourceTree = "<group>"; };
		1B7D27E81FFDCA1A0079B442 /* C0003_XSS__simple_01.h */ = {isa = PBXFileReference; lastKnownFileType = sourcecode.c.h; path = C0003_XSS__simple_01.h; sourceTree = "<group>"; };
		1B7D27FA1FFDE9850079B442 /* Romeo_macos.app */ = {isa = PBXFileReference; explicitFileType = wrapper.application; includeInIndex = 0; path = Romeo_macos.app; sourceTree = BUILT_PRODUCTS_DIR; };
		1B7D27FC1FFDE9850079B442 /* AppDelegate.h */ = {isa = PBXFileReference; lastKnownFileType = sourcecode.c.h; path = AppDelegate.h; sourceTree = "<group>"; };
		1B7D27FD1FFDE9850079B442 /* AppDelegate.m */ = {isa = PBXFileReference; lastKnownFileType = sourcecode.c.objc; path = AppDelegate.m; sourceTree = "<group>"; };
		1B7D28001FFDE9850079B442 /* main.m */ = {isa = PBXFileReference; lastKnownFileType = sourcecode.c.objc; path = main.m; sourceTree = "<group>"; };
		1B7D28021FFDE9850079B442 /* ViewController.h */ = {isa = PBXFileReference; lastKnownFileType = sourcecode.c.h; path = ViewController.h; sourceTree = "<group>"; };
		1B7D28031FFDE9850079B442 /* ViewController.m */ = {isa = PBXFileReference; lastKnownFileType = sourcecode.c.objc; path = ViewController.m; sourceTree = "<group>"; };
		1B7D28051FFDE9850079B442 /* Assets.xcassets */ = {isa = PBXFileReference; lastKnownFileType = folder.assetcatalog; path = Assets.xcassets; sourceTree = "<group>"; };
		1B7D28081FFDE9850079B442 /* Base */ = {isa = PBXFileReference; lastKnownFileType = file.storyboard; name = Base; path = Base.lproj/Main.storyboard; sourceTree = "<group>"; };
		1B7D280A1FFDE9850079B442 /* Info.plist */ = {isa = PBXFileReference; lastKnownFileType = text.plist.xml; path = Info.plist; sourceTree = "<group>"; };
		E3ED3FD9200EC7F60049FAB3 /* C0006_REDIRECT_NSSet.h */ = {isa = PBXFileReference; fileEncoding = 4; lastKnownFileType = sourcecode.c.h; name = C0006_REDIRECT_NSSet.h; path = Romeo_ios/C0006_REDIRECT/C0006_REDIRECT_NSSet.h; sourceTree = SOURCE_ROOT; };
		E3ED3FDA200EC7F60049FAB3 /* C0006_REDIRECT_NSString__bad.m */ = {isa = PBXFileReference; fileEncoding = 4; lastKnownFileType = sourcecode.c.objc; name = C0006_REDIRECT_NSString__bad.m; path = Romeo_ios/C0006_REDIRECT/C0006_REDIRECT_NSString__bad.m; sourceTree = SOURCE_ROOT; };
		E3ED3FDB200EC7F60049FAB3 /* C0006_REDIRECT_NSMutableArray.h */ = {isa = PBXFileReference; fileEncoding = 4; lastKnownFileType = sourcecode.c.h; name = C0006_REDIRECT_NSMutableArray.h; path = Romeo_ios/C0006_REDIRECT/C0006_REDIRECT_NSMutableArray.h; sourceTree = SOURCE_ROOT; };
		E3ED3FDD200EC7F60049FAB3 /* C0006_REDIRECT_NSString.h */ = {isa = PBXFileReference; fileEncoding = 4; lastKnownFileType = sourcecode.c.h; name = C0006_REDIRECT_NSString.h; path = Romeo_ios/C0006_REDIRECT/C0006_REDIRECT_NSString.h; sourceTree = SOURCE_ROOT; };
		E3ED3FDF200EC7F60049FAB3 /* C0006_REDIRECT_NSMutableArray__bad.m */ = {isa = PBXFileReference; fileEncoding = 4; lastKnownFileType = sourcecode.c.objc; name = C0006_REDIRECT_NSMutableArray__bad.m; path = Romeo_ios/C0006_REDIRECT/C0006_REDIRECT_NSMutableArray__bad.m; sourceTree = SOURCE_ROOT; };
		E3ED3FE0200EC7F60049FAB3 /* C0006_REDIRECT_NSDictionary.h */ = {isa = PBXFileReference; fileEncoding = 4; lastKnownFileType = sourcecode.c.h; name = C0006_REDIRECT_NSDictionary.h; path = Romeo_ios/C0006_REDIRECT/C0006_REDIRECT_NSDictionary.h; sourceTree = SOURCE_ROOT; };
		E3ED3FE1200EC7F60049FAB3 /* C0006_REDIRECT_NSDictionary__bad.m */ = {isa = PBXFileReference; fileEncoding = 4; lastKnownFileType = sourcecode.c.objc; name = C0006_REDIRECT_NSDictionary__bad.m; path = Romeo_ios/C0006_REDIRECT/C0006_REDIRECT_NSDictionary__bad.m; sourceTree = SOURCE_ROOT; };
		E3ED3FE2200EC7F60049FAB3 /* C0006_REDIRECT_NSSet__bad.m */ = {isa = PBXFileReference; fileEncoding = 4; lastKnownFileType = sourcecode.c.objc; name = C0006_REDIRECT_NSSet__bad.m; path = Romeo_ios/C0006_REDIRECT/C0006_REDIRECT_NSSet__bad.m; sourceTree = SOURCE_ROOT; };
		E3ED3FEB200ECFEF0049FAB3 /* C0006_REDIRECT_NSArray.h */ = {isa = PBXFileReference; fileEncoding = 4; lastKnownFileType = sourcecode.c.h; path = C0006_REDIRECT_NSArray.h; sourceTree = "<group>"; };
		E3ED3FEC200ECFEF0049FAB3 /* C0006_REDIRECT_NSArray__bad.m */ = {isa = PBXFileReference; fileEncoding = 4; lastKnownFileType = sourcecode.c.objc; path = C0006_REDIRECT_NSArray__bad.m; sourceTree = "<group>"; };
		E3ED3FEE200EE8450049FAB3 /* C0006_REDIRECT_NSSet__good.m */ = {isa = PBXFileReference; fileEncoding = 4; lastKnownFileType = sourcecode.c.objc; path = C0006_REDIRECT_NSSet__good.m; sourceTree = "<group>"; };
		E3ED3FEF200EE8450049FAB3 /* C0006_REDIRECT_NSMutableArray__good.m */ = {isa = PBXFileReference; fileEncoding = 4; lastKnownFileType = sourcecode.c.objc; path = C0006_REDIRECT_NSMutableArray__good.m; sourceTree = "<group>"; };
		E3ED3FF0200EE8450049FAB3 /* C0006_REDIRECT_NSArray__good.m */ = {isa = PBXFileReference; fileEncoding = 4; lastKnownFileType = sourcecode.c.objc; path = C0006_REDIRECT_NSArray__good.m; sourceTree = "<group>"; };
		E3ED3FF1200EE8460049FAB3 /* C0006_REDIRECT_NSString__good.m */ = {isa = PBXFileReference; fileEncoding = 4; lastKnownFileType = sourcecode.c.objc; path = C0006_REDIRECT_NSString__good.m; sourceTree = "<group>"; };
		E3ED3FF2200EE8460049FAB3 /* C0006_REDIRECT_NSDictionary__good.m */ = {isa = PBXFileReference; fileEncoding = 4; lastKnownFileType = sourcecode.c.objc; path = C0006_REDIRECT_NSDictionary__good.m; sourceTree = "<group>"; };
/* End PBXFileReference section */

/* Begin PBXFrameworksBuildPhase section */
		1B7D27BB1FFB7A910079B442 /* Frameworks */ = {
			isa = PBXFrameworksBuildPhase;
			buildActionMask = 2147483647;
			files = (
				1B2E1148200D8DCB004FB697 /* libxml2.tbd in Frameworks */,
				1B7D27E41FFB7B670079B442 /* libsqlite3.tbd in Frameworks */,
				1B7D27E21FFB7B600079B442 /* UIKit.framework in Frameworks */,
			);
			runOnlyForDeploymentPostprocessing = 0;
		};
		1B7D27F71FFDE9850079B442 /* Frameworks */ = {
			isa = PBXFrameworksBuildPhase;
			buildActionMask = 2147483647;
			files = (
				1B2E1160200DD9EB004FB697 /* Foundation.framework in Frameworks */,
				1B2E1151200DCD87004FB697 /* OpenDirectory.framework in Frameworks */,
			);
			runOnlyForDeploymentPostprocessing = 0;
		};
/* End PBXFrameworksBuildPhase section */

/* Begin PBXGroup section */
		1B2E11192008758D004FB697 /* C0006_REDIRECT */ = {
			isa = PBXGroup;
			children = (
				E3ED3FEC200ECFEF0049FAB3 /* C0006_REDIRECT_NSArray__bad.m */,
				E3ED3FF0200EE8450049FAB3 /* C0006_REDIRECT_NSArray__good.m */,
				E3ED3FEB200ECFEF0049FAB3 /* C0006_REDIRECT_NSArray.h */,
				E3ED3FE1200EC7F60049FAB3 /* C0006_REDIRECT_NSDictionary__bad.m */,
				E3ED3FF2200EE8460049FAB3 /* C0006_REDIRECT_NSDictionary__good.m */,
				E3ED3FE0200EC7F60049FAB3 /* C0006_REDIRECT_NSDictionary.h */,
				E3ED3FDF200EC7F60049FAB3 /* C0006_REDIRECT_NSMutableArray__bad.m */,
				E3ED3FDB200EC7F60049FAB3 /* C0006_REDIRECT_NSMutableArray.h */,
				E3ED3FEF200EE8450049FAB3 /* C0006_REDIRECT_NSMutableArray__good.m */,
				E3ED3FE2200EC7F60049FAB3 /* C0006_REDIRECT_NSSet__bad.m */,
				E3ED3FEE200EE8450049FAB3 /* C0006_REDIRECT_NSSet__good.m */,
				E3ED3FD9200EC7F60049FAB3 /* C0006_REDIRECT_NSSet.h */,
				E3ED3FDA200EC7F60049FAB3 /* C0006_REDIRECT_NSString__bad.m */,
				E3ED3FF1200EE8460049FAB3 /* C0006_REDIRECT_NSString__good.m */,
				E3ED3FDD200EC7F60049FAB3 /* C0006_REDIRECT_NSString.h */,
			);
			path = C0006_REDIRECT;
			sourceTree = "<group>";
		};
		1B2E112320087664004FB697 /* C0006_REDIRECT */ = {
			isa = PBXGroup;
			children = (
			);
			name = C0006_REDIRECT;
			path = Romeo_ios/C0006_REDIRECT;
			sourceTree = SOURCE_ROOT;
		};
		1B2E112420088777004FB697 /* C001B_PERSCOOKIE */ = {
			isa = PBXGroup;
			children = (
				1B2E112620088867004FB697 /* C001B_PERSCOOKIE__simple_01.m */,
			);
			name = C001B_PERSCOOKIE;
			path = Romeo_ios/C001B_PERSCOOKIE;
			sourceTree = SOURCE_ROOT;
		};
		1B2E1125200887AD004FB697 /* C001B_PERSCOOKIE */ = {
			isa = PBXGroup;
			children = (
			);
			name = C001B_PERSCOOKIE;
			path = Romeo_ios/C001B_PERSCOOKIE;
			sourceTree = SOURCE_ROOT;
		};
		1B2E11292008AD12004FB697 /* C0027_USEFREED */ = {
			isa = PBXGroup;
			children = (
				1B2E112A2008AD3E004FB697 /* C0027_USEFREED__simple_01.m */,
			);
			path = C0027_USEFREED;
			sourceTree = "<group>";
		};
		1B2E112C200C293B004FB697 /* C0013_BROKNCRYPT */ = {
			isa = PBXGroup;
			children = (
				1B2E112D200C2963004FB697 /* C0013_BROKNCRYPT__DES_01.m */,
				1B2E112F200C4BE6004FB697 /* C0013_BROKNCRYPT__MD5_01.m */,
			);
			path = C0013_BROKNCRYPT;
			sourceTree = "<group>";
		};
		1B2E1131200C72CB004FB697 /* C000F_FORMATI */ = {
			isa = PBXGroup;
			children = (
				1B2E1132200C72EF004FB697 /* C000F_FORMATI__NSLog_01.m */,
				1B2E1135200C7599004FB697 /* C000F_FORMATI__NSLog_01.h */,
				1B2E113B200C7B48004FB697 /* C000F_FORMATI__stringWithFormat_01.m */,
				1B2E1143200C7DD9004FB697 /* C000F_FORMATI__stringWithFormat_01.h */,
				1B2E113D200C7B6F004FB697 /* C000F_FORMATI__stringByAppendingFormat_01.m */,
				1B2E1144200C7E24004FB697 /* C000F_FORMATI__stringByAppendingFormat_01.h */,
				1B2E113F200C7B86004FB697 /* C000F_FORMATI__initWithFormat_01.m */,
				1B2E1145200C7E81004FB697 /* C000F_FORMATI__initWithFormat_01.h */,
				1B2E1141200C7B9B004FB697 /* C000F_FORMATI__appendFormat_01.m */,
				1B2E1146200C7EBC004FB697 /* C000F_FORMATI__appendFormat_01.h */,
			);
			path = C000F_FORMATI;
			sourceTree = "<group>";
		};
		1B2E1161200DDAD4004FB697 /* C0008_XPATHI */ = {
			isa = PBXGroup;
			children = (
				1B2E1162200DDAD4004FB697 /* C0008_XPATHI__simple_01.h */,
				1B2E1163200DDAD4004FB697 /* C0008_XPATHI__simple_01.m */,
			);
			name = C0008_XPATHI;
			path = Romeo_ios/C0008_XPATHI;
			sourceTree = SOURCE_ROOT;
		};
		1B2E1164200DDAD4004FB697 /* C0007_XQUERYI */ = {
			isa = PBXGroup;
			children = (
				1B2E1165200DDAD4004FB697 /* C0007_XQUERYI__simple_01.m */,
				1B2E1166200DDAD4004FB697 /* C0007_XQUERYI__simple_01.h */,
			);
			name = C0007_XQUERYI;
			path = Romeo_ios/C0007_XQUERYI;
			sourceTree = SOURCE_ROOT;
		};
		1B2E1169200DDC68004FB697 /* C0004_CMDI */ = {
			isa = PBXGroup;
			children = (
				1B2E116A200DDC68004FB697 /* C0004_CMDI__simple_01.m */,
				1B2E116B200DDC68004FB697 /* C0004_CMDI__simple_01.h */,
			);
			name = C0004_CMDI;
			path = Romeo_ios/C0004_CMDI;
			sourceTree = SOURCE_ROOT;
		};
		1B2E116D200DF732004FB697 /* C0024_NOCHKERR */ = {
			isa = PBXGroup;
			children = (
				1B2E116E200DF758004FB697 /* C0024_NOCHKERR__simple_01.h */,
				1B2E116F200DF76C004FB697 /* C0024_NOCHKERR__simple_01.m */,
			);
			path = C0024_NOCHKERR;
			sourceTree = "<group>";
		};
		1B2E1171200ED4D0004FB697 /* C0053_REFLECTI */ = {
			isa = PBXGroup;
			children = (
				1B2E1174200EDC10004FB697 /* C0053_REFLECTI__performSelector_01.h */,
				1B2E1172200ED4F9004FB697 /* C0053_REFLECTI__performSelector_01.m */,
				1B2E1175200EDCE0004FB697 /* C0053_REFLECTI__performSelector_02.h */,
				1B2E1177200EDCFC004FB697 /* C0053_REFLECTI__performSelector_02.m */,
				1B2E1176200EDCEC004FB697 /* C0053_REFLECTI__performSelector_03.h */,
				1B2E1179200EDD4B004FB697 /* C0053_REFLECTI__performSelector_03.m */,
			);
			path = C0053_REFLECTI;
			sourceTree = "<group>";
		};
		1B2E117B200F2898004FB697 /* C003D_MEMLEAK */ = {
			isa = PBXGroup;
			children = (
				1B2E117D200F2903004FB697 /* C003D_MEMLEAK__simple_bad.h */,
				1B2E117E200F291A004FB697 /* C003D_MEMLEAK__simple_bad.m */,
				1B2E1180200F2DA2004FB697 /* C003D_MEMLEAK__simple_good.h */,
				1B2E1181200F2DC1004FB697 /* C003D_MEMLEAK__simple_good.m */,
			);
			path = C003D_MEMLEAK;
			sourceTree = "<group>";
		};
		1B2E117C200F28A2004FB697 /* C0017_KEYLEN */ = {
			isa = PBXGroup;
			children = (
				1B2E1186200F3975004FB697 /* C0017_KEYLEN__AES_01.h */,
				1B2E118C200F3A02004FB697 /* C0017_KEYLEN__AES_01.m */,
				1B2E1187200F398E004FB697 /* C0017_KEYLEN__DES_01.h */,
				1B2E118E200F3A12004FB697 /* C0017_KEYLEN__DES_01.m */,
				1B2E1188200F39A4004FB697 /* C0017_KEYLEN__CAST_01.h */,
				1B2E1190200F3A1F004FB697 /* C0017_KEYLEN__CAST_01.m */,
				1B2E1189200F39B8004FB697 /* C0017_KEYLEN__RC4_01.h */,
				1B2E1192200F3A2C004FB697 /* C0017_KEYLEN__RC4_01.m */,
				1B2E118B200F39EE004FB697 /* C0017_KEYLEN__Blowfish_01.h */,
				1B2E1194200F3A3B004FB697 /* C0017_KEYLEN__Blowfish_01.m */,
				1B2E1196200F3C6B004FB697 /* C0017_KEYLEN__RSA_01.h */,
				1B2E1197200F3C7C004FB697 /* C0017_KEYLEN__RSA_01.m */,
			);
			path = C0017_KEYLEN;
			sourceTree = "<group>";
		};
		1B2E119920103AD4004FB697 /* C0023_NOACTION */ = {
			isa = PBXGroup;
			children = (
				1B2E119A20103B17004FB697 /* C0023_NOACTION__writeToURL_01.h */,
				1B2E119B20103B74004FB697 /* C0023_NOACTION__writeToURL_01.m */,
				1B2E119D20103D86004FB697 /* C0023_NOACTION__empty_catch_01.h */,
				1B2E119E20103D97004FB697 /* C0023_NOACTION__empty_catch_01.m */,
			);
			path = C0023_NOACTION;
			sourceTree = "<group>";
		};
		1B7D27B51FFB7A910079B442 = {
			isa = PBXGroup;
			children = (
				1B7D27C01FFB7A910079B442 /* Romeo_ios */,
				1B7D27FB1FFDE9850079B442 /* Romeo_macos */,
				1B7D27BF1FFB7A910079B442 /* Products */,
				1B7D27E01FFB7B600079B442 /* Frameworks */,
			);
			sourceTree = "<group>";
		};
		1B7D27BF1FFB7A910079B442 /* Products */ = {
			isa = PBXGroup;
			children = (
				1B7D27BE1FFB7A910079B442 /* Romeo.app */,
				1B7D27FA1FFDE9850079B442 /* Romeo_macos.app */,
			);
			name = Products;
			sourceTree = "<group>";
		};
		1B7D27C01FFB7A910079B442 /* Romeo_ios */ = {
			isa = PBXGroup;
			children = (
				1B7D27D81FFB7AB60079B442 /* C0001_SQLI */,
				1B7D27DC1FFB7AC60079B442 /* C0002_PATHMANIP */,
				1B7D27E51FFDC9DC0079B442 /* C0003_XSS */,
				1B2E11192008758D004FB697 /* C0006_REDIRECT */,
				1B2E112420088777004FB697 /* C001B_PERSCOOKIE */,
				1B2E11292008AD12004FB697 /* C0027_USEFREED */,
				1B2E112C200C293B004FB697 /* C0013_BROKNCRYPT */,
				1B2E1131200C72CB004FB697 /* C000F_FORMATI */,
				1B2E116D200DF732004FB697 /* C0024_NOCHKERR */,
				1B2E1171200ED4D0004FB697 /* C0053_REFLECTI */,
				1B2E117B200F2898004FB697 /* C003D_MEMLEAK */,
				1B2E117C200F28A2004FB697 /* C0017_KEYLEN */,
				1B2E119920103AD4004FB697 /* C0023_NOACTION */,
				1B7D27C41FFB7A910079B442 /* AppDelegate.h */,
				1B7D27C51FFB7A910079B442 /* AppDelegate.m */,
				1B7D27C71FFB7A910079B442 /* ViewController.h */,
				1B7D27C81FFB7A910079B442 /* ViewController.m */,
				1B7D27CA1FFB7A910079B442 /* Main.storyboard */,
				1B7D27CD1FFB7A910079B442 /* Assets.xcassets */,
				1B7D27CF1FFB7A910079B442 /* LaunchScreen.storyboard */,
				1B7D27D21FFB7A910079B442 /* Info.plist */,
				1B7D27C11FFB7A910079B442 /* Supporting Files */,
			);
			path = Romeo_ios;
			sourceTree = "<group>";
		};
		1B7D27C11FFB7A910079B442 /* Supporting Files */ = {
			isa = PBXGroup;
			children = (
				1B7D27C21FFB7A910079B442 /* main.m */,
			);
			name = "Supporting Files";
			sourceTree = "<group>";
		};
		1B7D27D81FFB7AB60079B442 /* C0001_SQLI */ = {
			isa = PBXGroup;
			children = (
				1B7D27D91FFB7AB60079B442 /* C0001_CWE89_SQL_Injection__simple_01.h */,
				1B7D27DA1FFB7AB60079B442 /* C0001_CWE89_SQL_Injection__simple_01.m */,
			);
			path = C0001_SQLI;
			sourceTree = "<group>";
		};
		1B7D27DC1FFB7AC60079B442 /* C0002_PATHMANIP */ = {
			isa = PBXGroup;
			children = (
				1B7D27DD1FFB7AC60079B442 /* C0002_PATHMAINP__simple_01.m */,
				1B7D27DE1FFB7AC60079B442 /* C0002_PATHMANIP__simple_01.h */,
			);
			path = C0002_PATHMANIP;
			sourceTree = "<group>";
		};
		1B7D27E01FFB7B600079B442 /* Frameworks */ = {
			isa = PBXGroup;
			children = (
				1B2E115C200DD3C9004FB697 /* Foundation.framework */,
				1B2E1150200DCD87004FB697 /* OpenDirectory.framework */,
				1B2E1147200D8DCB004FB697 /* libxml2.tbd */,
				1B7D27E31FFB7B670079B442 /* libsqlite3.tbd */,
				1B7D27E11FFB7B600079B442 /* UIKit.framework */,
			);
			name = Frameworks;
			sourceTree = "<group>";
		};
		1B7D27E51FFDC9DC0079B442 /* C0003_XSS */ = {
			isa = PBXGroup;
			children = (
				1B7D27E61FFDCA0A0079B442 /* C0003_XSS__simple_01.m */,
				1B7D27E81FFDCA1A0079B442 /* C0003_XSS__simple_01.h */,
			);
			path = C0003_XSS;
			sourceTree = "<group>";
		};
		1B7D27FB1FFDE9850079B442 /* Romeo_macos */ = {
			isa = PBXGroup;
			children = (
				1B2E112320087664004FB697 /* C0006_REDIRECT */,
				1B2E1125200887AD004FB697 /* C001B_PERSCOOKIE */,
				1B2E1164200DDAD4004FB697 /* C0007_XQUERYI */,
				1B2E1161200DDAD4004FB697 /* C0008_XPATHI */,
				1B2E1169200DDC68004FB697 /* C0004_CMDI */,
				1B7D27FC1FFDE9850079B442 /* AppDelegate.h */,
				1B7D27FD1FFDE9850079B442 /* AppDelegate.m */,
				1B7D28021FFDE9850079B442 /* ViewController.h */,
				1B7D28031FFDE9850079B442 /* ViewController.m */,
				1B7D28051FFDE9850079B442 /* Assets.xcassets */,
				1B7D28071FFDE9850079B442 /* Main.storyboard */,
				1B7D280A1FFDE9850079B442 /* Info.plist */,
				1B7D27FF1FFDE9850079B442 /* Supporting Files */,
			);
			path = Romeo_macos;
			sourceTree = "<group>";
		};
		1B7D27FF1FFDE9850079B442 /* Supporting Files */ = {
			isa = PBXGroup;
			children = (
				1B7D28001FFDE9850079B442 /* main.m */,
			);
			name = "Supporting Files";
			sourceTree = "<group>";
		};
/* End PBXGroup section */

/* Begin PBXNativeTarget section */
		1B7D27BD1FFB7A910079B442 /* Romeo */ = {
			isa = PBXNativeTarget;
			buildConfigurationList = 1B7D27D51FFB7A910079B442 /* Build configuration list for PBXNativeTarget "Romeo" */;
			buildPhases = (
				1B7D27BA1FFB7A910079B442 /* Sources */,
				1B7D27BB1FFB7A910079B442 /* Frameworks */,
				1B7D27BC1FFB7A910079B442 /* Resources */,
			);
			buildRules = (
			);
			dependencies = (
			);
			name = Romeo;
			productName = Romeo;
			productReference = 1B7D27BE1FFB7A910079B442 /* Romeo.app */;
			productType = "com.apple.product-type.application";
		};
		1B7D27F91FFDE9850079B442 /* Romeo_macos */ = {
			isa = PBXNativeTarget;
			buildConfigurationList = 1B7D280B1FFDE9850079B442 /* Build configuration list for PBXNativeTarget "Romeo_macos" */;
			buildPhases = (
				1B7D27F61FFDE9850079B442 /* Sources */,
				1B7D27F71FFDE9850079B442 /* Frameworks */,
				1B7D27F81FFDE9850079B442 /* Resources */,
			);
			buildRules = (
			);
			dependencies = (
			);
			name = Romeo_macos;
			productName = Romeo_macos;
			productReference = 1B7D27FA1FFDE9850079B442 /* Romeo_macos.app */;
			productType = "com.apple.product-type.application";
		};
/* End PBXNativeTarget section */

/* Begin PBXProject section */
		1B7D27B61FFB7A910079B442 /* Project object */ = {
			isa = PBXProject;
			attributes = {
				LastUpgradeCheck = 0830;
				ORGANIZATIONNAME = "Jemin Kim";
				TargetAttributes = {
					1B7D27BD1FFB7A910079B442 = {
						CreatedOnToolsVersion = 8.3.2;
						ProvisioningStyle = Automatic;
					};
					1B7D27F91FFDE9850079B442 = {
						CreatedOnToolsVersion = 8.3.2;
						ProvisioningStyle = Automatic;
					};
				};
			};
			buildConfigurationList = 1B7D27B91FFB7A910079B442 /* Build configuration list for PBXProject "Romeo" */;
			compatibilityVersion = "Xcode 3.2";
			developmentRegion = English;
			hasScannedForEncodings = 0;
			knownRegions = (
				en,
				Base,
			);
			mainGroup = 1B7D27B51FFB7A910079B442;
			productRefGroup = 1B7D27BF1FFB7A910079B442 /* Products */;
			projectDirPath = "";
			projectRoot = "";
			targets = (
				1B7D27BD1FFB7A910079B442 /* Romeo */,
				1B7D27F91FFDE9850079B442 /* Romeo_macos */,
			);
		};
/* End PBXProject section */

/* Begin PBXResourcesBuildPhase section */
		1B7D27BC1FFB7A910079B442 /* Resources */ = {
			isa = PBXResourcesBuildPhase;
			buildActionMask = 2147483647;
			files = (
				1B7D27D11FFB7A910079B442 /* LaunchScreen.storyboard in Resources */,
				1B7D27CE1FFB7A910079B442 /* Assets.xcassets in Resources */,
				1B7D27CC1FFB7A910079B442 /* Main.storyboard in Resources */,
			);
			runOnlyForDeploymentPostprocessing = 0;
		};
		1B7D27F81FFDE9850079B442 /* Resources */ = {
			isa = PBXResourcesBuildPhase;
			buildActionMask = 2147483647;
			files = (
				1B7D28061FFDE9850079B442 /* Assets.xcassets in Resources */,
				1B7D28091FFDE9850079B442 /* Main.storyboard in Resources */,
			);
			runOnlyForDeploymentPostprocessing = 0;
		};
/* End PBXResourcesBuildPhase section */

/* Begin PBXSourcesBuildPhase section */
		1B7D27BA1FFB7A910079B442 /* Sources */ = {
			isa = PBXSourcesBuildPhase;
			buildActionMask = 2147483647;
			files = (
				1B2E1178200EDCFC004FB697 /* C0053_REFLECTI__performSelector_02.m in Sources */,
				1B7D27E71FFDCA0A0079B442 /* C0003_XSS__simple_01.m in Sources */,
				1B2E1140200C7B86004FB697 /* C000F_FORMATI__initWithFormat_01.m in Sources */,
				E3ED3FF6200EE8460049FAB3 /* C0006_REDIRECT_NSString__good.m in Sources */,
				1B2E117F200F291A004FB697 /* C003D_MEMLEAK__simple_bad.m in Sources */,
				1B2E119F20103D97004FB697 /* C0023_NOACTION__empty_catch_01.m in Sources */,
				1B2E1198200F3C7C004FB697 /* C0017_KEYLEN__RSA_01.m in Sources */,
				1B7D27C91FFB7A910079B442 /* ViewController.m in Sources */,
				E3ED3FF5200EE8460049FAB3 /* C0006_REDIRECT_NSArray__good.m in Sources */,
				1B2E112B2008AD3E004FB697 /* C0027_USEFREED__simple_01.m in Sources */,
				E3ED3FF4200EE8460049FAB3 /* C0006_REDIRECT_NSMutableArray__good.m in Sources */,
				1B2E113C200C7B48004FB697 /* C000F_FORMATI__stringWithFormat_01.m in Sources */,
				1B7D27DB1FFB7AB60079B442 /* C0001_CWE89_SQL_Injection__simple_01.m in Sources */,
				1B7D27DF1FFB7AC60079B442 /* C0002_PATHMAINP__simple_01.m in Sources */,
				1B2E118D200F3A02004FB697 /* C0017_KEYLEN__AES_01.m in Sources */,
				1B2E1130200C4BE6004FB697 /* C0013_BROKNCRYPT__MD5_01.m in Sources */,
				1B2E1142200C7B9B004FB697 /* C000F_FORMATI__appendFormat_01.m in Sources */,
				1B2E112720088867004FB697 /* C001B_PERSCOOKIE__simple_01.m in Sources */,
				E3ED3FF7200EE8460049FAB3 /* C0006_REDIRECT_NSDictionary__good.m in Sources */,
				1B7D27C61FFB7A910079B442 /* AppDelegate.m in Sources */,
				1B2E1182200F2DC1004FB697 /* C003D_MEMLEAK__simple_good.m in Sources */,
				1B2E112E200C2963004FB697 /* C0013_BROKNCRYPT__DES_01.m in Sources */,
				E3ED3FE7200EC7F60049FAB3 /* C0006_REDIRECT_NSMutableArray__bad.m in Sources */,
				1B2E113E200C7B6F004FB697 /* C000F_FORMATI__stringByAppendingFormat_01.m in Sources */,
				1B2E1195200F3A3B004FB697 /* C0017_KEYLEN__Blowfish_01.m in Sources */,
				1B2E1173200ED4F9004FB697 /* C0053_REFLECTI__performSelector_01.m in Sources */,
				1B7D27C31FFB7A910079B442 /* main.m in Sources */,
				1B2E1170200DF76C004FB697 /* C0024_NOCHKERR__simple_01.m in Sources */,
				1B2E1193200F3A2C004FB697 /* C0017_KEYLEN__RC4_01.m in Sources */,
				1B2E1191200F3A1F004FB697 /* C0017_KEYLEN__CAST_01.m in Sources */,
				1B2E119C20103B74004FB697 /* C0023_NOACTION__writeToURL_01.m in Sources */,
				1B2E1133200C72EF004FB697 /* C000F_FORMATI__NSLog_01.m in Sources */,
				1B2E118F200F3A12004FB697 /* C0017_KEYLEN__DES_01.m in Sources */,
				1B2E117A200EDD4B004FB697 /* C0053_REFLECTI__performSelector_03.m in Sources */,
				E3ED3FE9200EC7F60049FAB3 /* C0006_REDIRECT_NSSet__bad.m in Sources */,
				E3ED3FE8200EC7F60049FAB3 /* C0006_REDIRECT_NSDictionary__bad.m in Sources */,
				E3ED3FED200ECFEF0049FAB3 /* C0006_REDIRECT_NSArray__bad.m in Sources */,
				E3ED3FF3200EE8460049FAB3 /* C0006_REDIRECT_NSSet__good.m in Sources */,
				E3ED3FE5200EC7F60049FAB3 /* C0006_REDIRECT_NSString__bad.m in Sources */,
			);
			runOnlyForDeploymentPostprocessing = 0;
		};
		1B7D27F61FFDE9850079B442 /* Sources */ = {
			isa = PBXSourcesBuildPhase;
			buildActionMask = 2147483647;
			files = (
				1B7D28041FFDE9850079B442 /* ViewController.m in Sources */,
				1B2E1168200DDAD4004FB697 /* C0007_XQUERYI__simple_01.m in Sources */,
				1B2E112820088867004FB697 /* C001B_PERSCOOKIE__simple_01.m in Sources */,
				1B2E1167200DDAD4004FB697 /* C0008_XPATHI__simple_01.m in Sources */,
				1B7D28011FFDE9850079B442 /* main.m in Sources */,
				1B7D27FE1FFDE9850079B442 /* AppDelegate.m in Sources */,
				1B2E116C200DDC68004FB697 /* C0004_CMDI__simple_01.m in Sources */,
			);
			runOnlyForDeploymentPostprocessing = 0;
		};
/* End PBXSourcesBuildPhase section */

/* Begin PBXVariantGroup section */
		1B7D27CA1FFB7A910079B442 /* Main.storyboard */ = {
			isa = PBXVariantGroup;
			children = (
				1B7D27CB1FFB7A910079B442 /* Base */,
			);
			name = Main.storyboard;
			sourceTree = "<group>";
		};
		1B7D27CF1FFB7A910079B442 /* LaunchScreen.storyboard */ = {
			isa = PBXVariantGroup;
			children = (
				1B7D27D01FFB7A910079B442 /* Base */,
			);
			name = LaunchScreen.storyboard;
			sourceTree = "<group>";
		};
		1B7D28071FFDE9850079B442 /* Main.storyboard */ = {
			isa = PBXVariantGroup;
			children = (
				1B7D28081FFDE9850079B442 /* Base */,
			);
			name = Main.storyboard;
			sourceTree = "<group>";
		};
/* End PBXVariantGroup section */

/* Begin XCBuildConfiguration section */
		1B7D27D31FFB7A910079B442 /* Debug */ = {
			isa = XCBuildConfiguration;
			buildSettings = {
				ALWAYS_SEARCH_USER_PATHS = NO;
				CLANG_ANALYZER_NONNULL = YES;
				CLANG_ANALYZER_NUMBER_OBJECT_CONVERSION = YES_AGGRESSIVE;
				CLANG_CXX_LANGUAGE_STANDARD = "gnu++0x";
				CLANG_CXX_LIBRARY = "libc++";
				CLANG_ENABLE_MODULES = YES;
				CLANG_ENABLE_OBJC_ARC = YES;
				CLANG_WARN_BOOL_CONVERSION = YES;
				CLANG_WARN_CONSTANT_CONVERSION = YES;
				CLANG_WARN_DIRECT_OBJC_ISA_USAGE = YES_ERROR;
				CLANG_WARN_DOCUMENTATION_COMMENTS = YES;
				CLANG_WARN_EMPTY_BODY = YES;
				CLANG_WARN_ENUM_CONVERSION = YES;
				CLANG_WARN_INFINITE_RECURSION = YES;
				CLANG_WARN_INT_CONVERSION = YES;
				CLANG_WARN_OBJC_ROOT_CLASS = YES_ERROR;
				CLANG_WARN_SUSPICIOUS_MOVE = YES;
				CLANG_WARN_UNREACHABLE_CODE = YES;
				CLANG_WARN__DUPLICATE_METHOD_MATCH = YES;
				"CODE_SIGN_IDENTITY[sdk=iphoneos*]" = "iPhone Developer";
				COPY_PHASE_STRIP = NO;
				DEBUG_INFORMATION_FORMAT = dwarf;
				ENABLE_STRICT_OBJC_MSGSEND = YES;
				ENABLE_TESTABILITY = YES;
				GCC_C_LANGUAGE_STANDARD = gnu99;
				GCC_DYNAMIC_NO_PIC = NO;
				GCC_NO_COMMON_BLOCKS = YES;
				GCC_OPTIMIZATION_LEVEL = 0;
				GCC_PREPROCESSOR_DEFINITIONS = (
					"DEBUG=1",
					"$(inherited)",
				);
				GCC_WARN_64_TO_32_BIT_CONVERSION = YES;
				GCC_WARN_ABOUT_RETURN_TYPE = YES_ERROR;
				GCC_WARN_UNDECLARED_SELECTOR = YES;
				GCC_WARN_UNINITIALIZED_AUTOS = YES_AGGRESSIVE;
				GCC_WARN_UNUSED_FUNCTION = YES;
				GCC_WARN_UNUSED_VARIABLE = YES;
				IPHONEOS_DEPLOYMENT_TARGET = 10.3;
				MTL_ENABLE_DEBUG_INFO = YES;
				ONLY_ACTIVE_ARCH = YES;
				SDKROOT = iphoneos;
			};
			name = Debug;
		};
		1B7D27D41FFB7A910079B442 /* Release */ = {
			isa = XCBuildConfiguration;
			buildSettings = {
				ALWAYS_SEARCH_USER_PATHS = NO;
				CLANG_ANALYZER_NONNULL = YES;
				CLANG_ANALYZER_NUMBER_OBJECT_CONVERSION = YES_AGGRESSIVE;
				CLANG_CXX_LANGUAGE_STANDARD = "gnu++0x";
				CLANG_CXX_LIBRARY = "libc++";
				CLANG_ENABLE_MODULES = YES;
				CLANG_ENABLE_OBJC_ARC = YES;
				CLANG_WARN_BOOL_CONVERSION = YES;
				CLANG_WARN_CONSTANT_CONVERSION = YES;
				CLANG_WARN_DIRECT_OBJC_ISA_USAGE = YES_ERROR;
				CLANG_WARN_DOCUMENTATION_COMMENTS = YES;
				CLANG_WARN_EMPTY_BODY = YES;
				CLANG_WARN_ENUM_CONVERSION = YES;
				CLANG_WARN_INFINITE_RECURSION = YES;
				CLANG_WARN_INT_CONVERSION = YES;
				CLANG_WARN_OBJC_ROOT_CLASS = YES_ERROR;
				CLANG_WARN_SUSPICIOUS_MOVE = YES;
				CLANG_WARN_UNREACHABLE_CODE = YES;
				CLANG_WARN__DUPLICATE_METHOD_MATCH = YES;
				"CODE_SIGN_IDENTITY[sdk=iphoneos*]" = "iPhone Developer";
				COPY_PHASE_STRIP = NO;
				DEBUG_INFORMATION_FORMAT = "dwarf-with-dsym";
				ENABLE_NS_ASSERTIONS = NO;
				ENABLE_STRICT_OBJC_MSGSEND = YES;
				GCC_C_LANGUAGE_STANDARD = gnu99;
				GCC_NO_COMMON_BLOCKS = YES;
				GCC_WARN_64_TO_32_BIT_CONVERSION = YES;
				GCC_WARN_ABOUT_RETURN_TYPE = YES_ERROR;
				GCC_WARN_UNDECLARED_SELECTOR = YES;
				GCC_WARN_UNINITIALIZED_AUTOS = YES_AGGRESSIVE;
				GCC_WARN_UNUSED_FUNCTION = YES;
				GCC_WARN_UNUSED_VARIABLE = YES;
				IPHONEOS_DEPLOYMENT_TARGET = 10.3;
				MTL_ENABLE_DEBUG_INFO = NO;
				SDKROOT = iphoneos;
				VALIDATE_PRODUCT = YES;
			};
			name = Release;
		};
		1B7D27D61FFB7A910079B442 /* Debug */ = {
			isa = XCBuildConfiguration;
			buildSettings = {
				ASSETCATALOG_COMPILER_APPICON_NAME = AppIcon;
				INFOPLIST_FILE = Romeo/Info.plist;
				LD_RUNPATH_SEARCH_PATHS = "$(inherited) @executable_path/Frameworks";
				PRODUCT_BUNDLE_IDENTIFIER = codemind.Romeo;
				PRODUCT_NAME = "$(TARGET_NAME)";
			};
			name = Debug;
		};
		1B7D27D71FFB7A910079B442 /* Release */ = {
			isa = XCBuildConfiguration;
			buildSettings = {
				ASSETCATALOG_COMPILER_APPICON_NAME = AppIcon;
				INFOPLIST_FILE = Romeo/Info.plist;
				LD_RUNPATH_SEARCH_PATHS = "$(inherited) @executable_path/Frameworks";
				PRODUCT_BUNDLE_IDENTIFIER = codemind.Romeo;
				PRODUCT_NAME = "$(TARGET_NAME)";
			};
			name = Release;
		};
		1B7D280C1FFDE9850079B442 /* Debug */ = {
			isa = XCBuildConfiguration;
			buildSettings = {
				ASSETCATALOG_COMPILER_APPICON_NAME = AppIcon;
				CODE_SIGN_IDENTITY = "-";
				COMBINE_HIDPI_IMAGES = YES;
				INFOPLIST_FILE = Romeo_macos/Info.plist;
				LD_RUNPATH_SEARCH_PATHS = "$(inherited) @executable_path/../Frameworks";
				MACOSX_DEPLOYMENT_TARGET = 10.12;
				PRODUCT_BUNDLE_IDENTIFIER = "codemind.Romeo-macos";
				PRODUCT_NAME = "$(TARGET_NAME)";
				SDKROOT = macosx;
			};
			name = Debug;
		};
		1B7D280D1FFDE9850079B442 /* Release */ = {
			isa = XCBuildConfiguration;
			buildSettings = {
				ASSETCATALOG_COMPILER_APPICON_NAME = AppIcon;
				CODE_SIGN_IDENTITY = "-";
				COMBINE_HIDPI_IMAGES = YES;
				INFOPLIST_FILE = Romeo_macos/Info.plist;
				LD_RUNPATH_SEARCH_PATHS = "$(inherited) @executable_path/../Frameworks";
				MACOSX_DEPLOYMENT_TARGET = 10.12;
				PRODUCT_BUNDLE_IDENTIFIER = "codemind.Romeo-macos";
				PRODUCT_NAME = "$(TARGET_NAME)";
				SDKROOT = macosx;
			};
			name = Release;
		};
/* End XCBuildConfiguration section */

/* Begin XCConfigurationList section */
		1B7D27B91FFB7A910079B442 /* Build configuration list for PBXProject "Romeo" */ = {
			isa = XCConfigurationList;
			buildConfigurations = (
				1B7D27D31FFB7A910079B442 /* Debug */,
				1B7D27D41FFB7A910079B442 /* Release */,
			);
			defaultConfigurationIsVisible = 0;
			defaultConfigurationName = Release;
		};
		1B7D27D51FFB7A910079B442 /* Build configuration list for PBXNativeTarget "Romeo" */ = {
			isa = XCConfigurationList;
			buildConfigurations = (
				1B7D27D61FFB7A910079B442 /* Debug */,
				1B7D27D71FFB7A910079B442 /* Release */,
			);
			defaultConfigurationIsVisible = 0;
			defaultConfigurationName = Release;
		};
		1B7D280B1FFDE9850079B442 /* Build configuration list for PBXNativeTarget "Romeo_macos" */ = {
			isa = XCConfigurationList;
			buildConfigurations = (
				1B7D280C1FFDE9850079B442 /* Debug */,
				1B7D280D1FFDE9850079B442 /* Release */,
			);
			defaultConfigurationIsVisible = 0;
			defaultConfigurationName = Release;
		};
/* End XCConfigurationList section */
	};
	rootObject = 1B7D27B61FFB7A910079B442 /* Project object */;
}
