<?xml version="1.0" encoding="utf-8"?>
<Project ToolsVersion="4.0" xmlns="http://schemas.microsoft.com/developer/msbuild/2003">
  <ItemGroup>
    <Filter Include="소스 파일">
      <UniqueIdentifier>{4FC737F1-C7A5-4376-A066-2A32D752A2FF}</UniqueIdentifier>
      <Extensions>cpp;c;cc;cxx;def;odl;idl;hpj;bat;asm;asmx</Extensions>
    </Filter>
    <Filter Include="헤더 파일">
      <UniqueIdentifier>{93995380-89BD-4b04-88EB-625FBE52EBFB}</UniqueIdentifier>
      <Extensions>h;hh;hpp;hxx;hm;inl;inc;xsd</Extensions>
    </Filter>
    <Filter Include="리소스 파일">
      <UniqueIdentifier>{67DA6AB6-F800-4c08-8B7A-83BB121AAD01}</UniqueIdentifier>
      <Extensions>rc;ico;cur;bmp;dlg;rc2;rct;bin;rgs;gif;jpg;jpeg;jpe;resx;tiff;tif;png;wav;mfcribbon-ms</Extensions>
    </Filter>
  </ItemGroup>
  <ItemGroup>
    <ClCompile Include="fake_main.cpp">
      <Filter>소스 파일</Filter>
    </ClCompile>
    <ClCompile Include="m00\CWE590_Free_Memory_Not_on_Heap__delete_array_char_alloca_01.cpp">
      <Filter>소스 파일</Filter>
    </ClCompile>
    <ClCompile Include="m00\CWE590_Free_Memory_Not_on_Heap__delete_array_char_alloca_02.cpp">
      <Filter>소스 파일</Filter>
    </ClCompile>
    <ClCompile Include="m00\CWE590_Free_Memory_Not_on_Heap__delete_array_char_alloca_03.cpp">
      <Filter>소스 파일</Filter>
    </ClCompile>
    <ClCompile Include="m00\CWE590_Free_Memory_Not_on_Heap__delete_array_char_alloca_04.cpp">
      <Filter>소스 파일</Filter>
    </ClCompile>
    <ClCompile Include="m00\CWE590_Free_Memory_Not_on_Heap__delete_array_char_alloca_05.cpp">
      <Filter>소스 파일</Filter>
    </ClCompile>
    <ClCompile Include="m00\CWE590_Free_Memory_Not_on_Heap__delete_array_char_alloca_06.cpp">
      <Filter>소스 파일</Filter>
    </ClCompile>
    <ClCompile Include="m00\CWE590_Free_Memory_Not_on_Heap__delete_array_char_alloca_07.cpp">
      <Filter>소스 파일</Filter>
    </ClCompile>
    <ClCompile Include="m00\CWE590_Free_Memory_Not_on_Heap__delete_array_char_alloca_08.cpp">
      <Filter>소스 파일</Filter>
    </ClCompile>
    <ClCompile Include="m00\CWE590_Free_Memory_Not_on_Heap__delete_array_char_alloca_09.cpp">
      <Filter>소스 파일</Filter>
    </ClCompile>
    <ClCompile Include="m00\CWE590_Free_Memory_Not_on_Heap__delete_array_char_alloca_10.cpp">
      <Filter>소스 파일</Filter>
    </ClCompile>
    <ClCompile Include="m00\CWE590_Free_Memory_Not_on_Heap__delete_array_char_alloca_11.cpp">
      <Filter>소스 파일</Filter>
    </ClCompile>
    <ClCompile Include="m00\CWE590_Free_Memory_Not_on_Heap__delete_array_char_alloca_12.cpp">
      <Filter>소스 파일</Filter>
    </ClCompile>
    <ClCompile Include="m00\CWE590_Free_Memory_Not_on_Heap__delete_array_char_alloca_13.cpp">
      <Filter>소스 파일</Filter>
    </ClCompile>
    <ClCompile Include="m00\CWE590_Free_Memory_Not_on_Heap__delete_array_char_alloca_14.cpp">
      <Filter>소스 파일</Filter>
    </ClCompile>
    <ClCompile Include="m00\CWE590_Free_Memory_Not_on_Heap__delete_array_char_alloca_15.cpp">
      <Filter>소스 파일</Filter>
    </ClCompile>
    <ClCompile Include="m00\CWE590_Free_Memory_Not_on_Heap__delete_array_char_alloca_16.cpp">
      <Filter>소스 파일</Filter>
    </ClCompile>
    <ClCompile Include="m00\CWE590_Free_Memory_Not_on_Heap__delete_array_char_alloca_17.cpp">
      <Filter>소스 파일</Filter>
    </ClCompile>
    <ClCompile Include="m00\CWE590_Free_Memory_Not_on_Heap__delete_array_char_alloca_18.cpp">
      <Filter>소스 파일</Filter>
    </ClCompile>
    <ClCompile Include="m00\CWE590_Free_Memory_Not_on_Heap__delete_array_char_alloca_31.cpp">
      <Filter>소스 파일</Filter>
    </ClCompile>
    <ClCompile Include="m00\CWE590_Free_Memory_Not_on_Heap__delete_array_char_alloca_32.cpp">
      <Filter>소스 파일</Filter>
    </ClCompile>
    <ClCompile Include="m00\CWE590_Free_Memory_Not_on_Heap__delete_array_char_alloca_33.cpp">
      <Filter>소스 파일</Filter>
    </ClCompile>
    <ClCompile Include="m00\CWE590_Free_Memory_Not_on_Heap__delete_array_char_alloca_34.cpp">
      <Filter>소스 파일</Filter>
    </ClCompile>
    <ClCompile Include="m00\CWE590_Free_Memory_Not_on_Heap__delete_array_char_alloca_41.cpp">
      <Filter>소스 파일</Filter>
    </ClCompile>
    <ClCompile Include="m00\CWE590_Free_Memory_Not_on_Heap__delete_array_char_alloca_44.cpp">
      <Filter>소스 파일</Filter>
    </ClCompile>
    <ClCompile Include="m00\CWE590_Free_Memory_Not_on_Heap__delete_array_char_alloca_45.cpp">
      <Filter>소스 파일</Filter>
    </ClCompile>
    <ClCompile Include="m00\CWE590_Free_Memory_Not_on_Heap__delete_array_char_alloca_51a.cpp">
      <Filter>소스 파일</Filter>
    </ClCompile>
    <ClCompile Include="m00\CWE590_Free_Memory_Not_on_Heap__delete_array_char_alloca_51b.cpp">
      <Filter>소스 파일</Filter>
    </ClCompile>
    <ClCompile Include="m00\CWE590_Free_Memory_Not_on_Heap__delete_array_char_alloca_52a.cpp">
      <Filter>소스 파일</Filter>
    </ClCompile>
    <ClCompile Include="m00\CWE590_Free_Memory_Not_on_Heap__delete_array_char_alloca_52b.cpp">
      <Filter>소스 파일</Filter>
    </ClCompile>
    <ClCompile Include="m00\CWE590_Free_Memory_Not_on_Heap__delete_array_char_alloca_52c.cpp">
      <Filter>소스 파일</Filter>
    </ClCompile>
    <ClCompile Include="m00\CWE590_Free_Memory_Not_on_Heap__delete_array_char_alloca_53a.cpp">
      <Filter>소스 파일</Filter>
    </ClCompile>
    <ClCompile Include="m00\CWE590_Free_Memory_Not_on_Heap__delete_array_char_alloca_53b.cpp">
      <Filter>소스 파일</Filter>
    </ClCompile>
    <ClCompile Include="m00\CWE590_Free_Memory_Not_on_Heap__delete_array_char_alloca_53c.cpp">
      <Filter>소스 파일</Filter>
    </ClCompile>
    <ClCompile Include="m00\CWE590_Free_Memory_Not_on_Heap__delete_array_char_alloca_53d.cpp">
      <Filter>소스 파일</Filter>
    </ClCompile>
    <ClCompile Include="m00\CWE590_Free_Memory_Not_on_Heap__delete_array_char_alloca_54a.cpp">
      <Filter>소스 파일</Filter>
    </ClCompile>
    <ClCompile Include="m00\CWE590_Free_Memory_Not_on_Heap__delete_array_char_alloca_54b.cpp">
      <Filter>소스 파일</Filter>
    </ClCompile>
    <ClCompile Include="m00\CWE590_Free_Memory_Not_on_Heap__delete_array_char_alloca_54c.cpp">
      <Filter>소스 파일</Filter>
    </ClCompile>
    <ClCompile Include="m00\CWE590_Free_Memory_Not_on_Heap__delete_array_char_alloca_54d.cpp">
      <Filter>소스 파일</Filter>
    </ClCompile>
    <ClCompile Include="m00\CWE590_Free_Memory_Not_on_Heap__delete_array_char_alloca_54e.cpp">
      <Filter>소스 파일</Filter>
    </ClCompile>
    <ClCompile Include="m00\CWE590_Free_Memory_Not_on_Heap__delete_array_char_alloca_63a.cpp">
      <Filter>소스 파일</Filter>
    </ClCompile>
    <ClCompile Include="m00\CWE590_Free_Memory_Not_on_Heap__delete_array_char_alloca_63b.cpp">
      <Filter>소스 파일</Filter>
    </ClCompile>
    <ClCompile Include="m00\CWE590_Free_Memory_Not_on_Heap__delete_array_char_alloca_64a.cpp">
      <Filter>소스 파일</Filter>
    </ClCompile>
    <ClCompile Include="m00\CWE590_Free_Memory_Not_on_Heap__delete_array_char_alloca_64b.cpp">
      <Filter>소스 파일</Filter>
    </ClCompile>
    <ClCompile Include="m00\CWE590_Free_Memory_Not_on_Heap__delete_array_char_alloca_65a.cpp">
      <Filter>소스 파일</Filter>
    </ClCompile>
    <ClCompile Include="m00\CWE590_Free_Memory_Not_on_Heap__delete_array_char_alloca_65b.cpp">
      <Filter>소스 파일</Filter>
    </ClCompile>
    <ClCompile Include="m00\CWE590_Free_Memory_Not_on_Heap__delete_array_char_alloca_66a.cpp">
      <Filter>소스 파일</Filter>
    </ClCompile>
    <ClCompile Include="m00\CWE590_Free_Memory_Not_on_Heap__delete_array_char_alloca_66b.cpp">
      <Filter>소스 파일</Filter>
    </ClCompile>
    <ClCompile Include="m00\CWE590_Free_Memory_Not_on_Heap__delete_array_char_alloca_67a.cpp">
      <Filter>소스 파일</Filter>
    </ClCompile>
    <ClCompile Include="m00\CWE590_Free_Memory_Not_on_Heap__delete_array_char_alloca_67b.cpp">
      <Filter>소스 파일</Filter>
    </ClCompile>
    <ClCompile Include="m00\CWE590_Free_Memory_Not_on_Heap__delete_array_char_alloca_68a.cpp">
      <Filter>소스 파일</Filter>
    </ClCompile>
    <ClCompile Include="m00\CWE590_Free_Memory_Not_on_Heap__delete_array_char_alloca_68b.cpp">
      <Filter>소스 파일</Filter>
    </ClCompile>
    <ClCompile Include="m00\CWE590_Free_Memory_Not_on_Heap__delete_array_char_alloca_72a.cpp">
      <Filter>소스 파일</Filter>
    </ClCompile>
    <ClCompile Include="m00\CWE590_Free_Memory_Not_on_Heap__delete_array_char_alloca_72b.cpp">
      <Filter>소스 파일</Filter>
    </ClCompile>
    <ClCompile Include="m00\CWE590_Free_Memory_Not_on_Heap__delete_array_char_alloca_73a.cpp">
      <Filter>소스 파일</Filter>
    </ClCompile>
    <ClCompile Include="m00\CWE590_Free_Memory_Not_on_Heap__delete_array_char_alloca_73b.cpp">
      <Filter>소스 파일</Filter>
    </ClCompile>
    <ClCompile Include="m00\CWE590_Free_Memory_Not_on_Heap__delete_array_char_alloca_74a.cpp">
      <Filter>소스 파일</Filter>
    </ClCompile>
    <ClCompile Include="m00\CWE590_Free_Memory_Not_on_Heap__delete_array_char_alloca_74b.cpp">
      <Filter>소스 파일</Filter>
    </ClCompile>
    <ClCompile Include="m00\CWE590_Free_Memory_Not_on_Heap__delete_array_char_alloca_81_bad.cpp">
      <Filter>소스 파일</Filter>
    </ClCompile>
    <ClCompile Include="m00\CWE590_Free_Memory_Not_on_Heap__delete_array_char_alloca_81_goodG2B.cpp">
      <Filter>소스 파일</Filter>
    </ClCompile>
    <ClCompile Include="m00\CWE590_Free_Memory_Not_on_Heap__delete_array_char_alloca_81a.cpp">
      <Filter>소스 파일</Filter>
    </ClCompile>
    <ClCompile Include="m00\CWE590_Free_Memory_Not_on_Heap__delete_array_char_alloca_82_bad.cpp">
      <Filter>소스 파일</Filter>
    </ClCompile>
    <ClCompile Include="m00\CWE590_Free_Memory_Not_on_Heap__delete_array_char_alloca_82_goodG2B.cpp">
      <Filter>소스 파일</Filter>
    </ClCompile>
    <ClCompile Include="m00\CWE590_Free_Memory_Not_on_Heap__delete_array_char_alloca_82a.cpp">
      <Filter>소스 파일</Filter>
    </ClCompile>
    <ClCompile Include="m01\CWE590_Free_Memory_Not_on_Heap__delete_array_char_alloca_01.cpp">
      <Filter>소스 파일</Filter>
    </ClCompile>
    <ClCompile Include="m01\CWE590_Free_Memory_Not_on_Heap__delete_array_char_declare_01.cpp">
      <Filter>소스 파일</Filter>
    </ClCompile>
    <ClCompile Include="m01\CWE590_Free_Memory_Not_on_Heap__delete_array_char_static_01.cpp">
      <Filter>소스 파일</Filter>
    </ClCompile>
    <ClCompile Include="m01\CWE590_Free_Memory_Not_on_Heap__delete_array_class_alloca_01.cpp">
      <Filter>소스 파일</Filter>
    </ClCompile>
    <ClCompile Include="m01\CWE590_Free_Memory_Not_on_Heap__delete_array_class_declare_01.cpp">
      <Filter>소스 파일</Filter>
    </ClCompile>
    <ClCompile Include="m01\CWE590_Free_Memory_Not_on_Heap__delete_array_class_static_01.cpp">
      <Filter>소스 파일</Filter>
    </ClCompile>
    <ClCompile Include="m01\CWE590_Free_Memory_Not_on_Heap__delete_array_int_alloca_01.cpp">
      <Filter>소스 파일</Filter>
    </ClCompile>
    <ClCompile Include="m01\CWE590_Free_Memory_Not_on_Heap__delete_array_int_declare_01.cpp">
      <Filter>소스 파일</Filter>
    </ClCompile>
    <ClCompile Include="m01\CWE590_Free_Memory_Not_on_Heap__delete_array_int_static_01.cpp">
      <Filter>소스 파일</Filter>
    </ClCompile>
    <ClCompile Include="m01\CWE590_Free_Memory_Not_on_Heap__delete_array_int64_t_alloca_01.cpp">
      <Filter>소스 파일</Filter>
    </ClCompile>
    <ClCompile Include="m01\CWE590_Free_Memory_Not_on_Heap__delete_array_int64_t_declare_01.cpp">
      <Filter>소스 파일</Filter>
    </ClCompile>
    <ClCompile Include="m01\CWE590_Free_Memory_Not_on_Heap__delete_array_int64_t_static_01.cpp">
      <Filter>소스 파일</Filter>
    </ClCompile>
    <ClCompile Include="m01\CWE590_Free_Memory_Not_on_Heap__delete_array_long_alloca_01.cpp">
      <Filter>소스 파일</Filter>
    </ClCompile>
    <ClCompile Include="m01\CWE590_Free_Memory_Not_on_Heap__delete_array_long_declare_01.cpp">
      <Filter>소스 파일</Filter>
    </ClCompile>
    <ClCompile Include="m01\CWE590_Free_Memory_Not_on_Heap__delete_array_long_static_01.cpp">
      <Filter>소스 파일</Filter>
    </ClCompile>
    <ClCompile Include="m01\CWE590_Free_Memory_Not_on_Heap__delete_array_struct_alloca_01.cpp">
      <Filter>소스 파일</Filter>
    </ClCompile>
    <ClCompile Include="m01\CWE590_Free_Memory_Not_on_Heap__delete_array_struct_declare_01.cpp">
      <Filter>소스 파일</Filter>
    </ClCompile>
    <ClCompile Include="m01\CWE590_Free_Memory_Not_on_Heap__delete_array_struct_static_01.cpp">
      <Filter>소스 파일</Filter>
    </ClCompile>
    <ClCompile Include="m01\CWE590_Free_Memory_Not_on_Heap__delete_array_wchar_t_alloca_01.cpp">
      <Filter>소스 파일</Filter>
    </ClCompile>
    <ClCompile Include="m01\CWE590_Free_Memory_Not_on_Heap__delete_array_wchar_t_declare_01.cpp">
      <Filter>소스 파일</Filter>
    </ClCompile>
    <ClCompile Include="m01\CWE590_Free_Memory_Not_on_Heap__delete_array_wchar_t_static_01.cpp">
      <Filter>소스 파일</Filter>
    </ClCompile>
    <ClCompile Include="m01\CWE590_Free_Memory_Not_on_Heap__delete_char_alloca_01.cpp">
      <Filter>소스 파일</Filter>
    </ClCompile>
    <ClCompile Include="m01\CWE590_Free_Memory_Not_on_Heap__delete_char_declare_01.cpp">
      <Filter>소스 파일</Filter>
    </ClCompile>
    <ClCompile Include="m01\CWE590_Free_Memory_Not_on_Heap__delete_char_placement_new_01.cpp">
      <Filter>소스 파일</Filter>
    </ClCompile>
    <ClCompile Include="m01\CWE590_Free_Memory_Not_on_Heap__delete_char_static_01.cpp">
      <Filter>소스 파일</Filter>
    </ClCompile>
    <ClCompile Include="m01\CWE590_Free_Memory_Not_on_Heap__delete_class_alloca_01.cpp">
      <Filter>소스 파일</Filter>
    </ClCompile>
    <ClCompile Include="m01\CWE590_Free_Memory_Not_on_Heap__delete_class_declare_01.cpp">
      <Filter>소스 파일</Filter>
    </ClCompile>
    <ClCompile Include="m01\CWE590_Free_Memory_Not_on_Heap__delete_class_placement_new_01.cpp">
      <Filter>소스 파일</Filter>
    </ClCompile>
    <ClCompile Include="m01\CWE590_Free_Memory_Not_on_Heap__delete_class_static_01.cpp">
      <Filter>소스 파일</Filter>
    </ClCompile>
    <ClCompile Include="m01\CWE590_Free_Memory_Not_on_Heap__delete_int_alloca_01.cpp">
      <Filter>소스 파일</Filter>
    </ClCompile>
    <ClCompile Include="m01\CWE590_Free_Memory_Not_on_Heap__delete_int_declare_01.cpp">
      <Filter>소스 파일</Filter>
    </ClCompile>
    <ClCompile Include="m01\CWE590_Free_Memory_Not_on_Heap__delete_int_placement_new_01.cpp">
      <Filter>소스 파일</Filter>
    </ClCompile>
    <ClCompile Include="m01\CWE590_Free_Memory_Not_on_Heap__delete_int_static_01.cpp">
      <Filter>소스 파일</Filter>
    </ClCompile>
    <ClCompile Include="m01\CWE590_Free_Memory_Not_on_Heap__delete_int64_t_alloca_01.cpp">
      <Filter>소스 파일</Filter>
    </ClCompile>
    <ClCompile Include="m01\CWE590_Free_Memory_Not_on_Heap__delete_int64_t_declare_01.cpp">
      <Filter>소스 파일</Filter>
    </ClCompile>
    <ClCompile Include="m01\CWE590_Free_Memory_Not_on_Heap__delete_int64_t_placement_new_01.cpp">
      <Filter>소스 파일</Filter>
    </ClCompile>
    <ClCompile Include="m01\CWE590_Free_Memory_Not_on_Heap__delete_int64_t_static_01.cpp">
      <Filter>소스 파일</Filter>
    </ClCompile>
    <ClCompile Include="m01\CWE590_Free_Memory_Not_on_Heap__delete_long_alloca_01.cpp">
      <Filter>소스 파일</Filter>
    </ClCompile>
    <ClCompile Include="m01\CWE590_Free_Memory_Not_on_Heap__delete_long_declare_01.cpp">
      <Filter>소스 파일</Filter>
    </ClCompile>
    <ClCompile Include="m01\CWE590_Free_Memory_Not_on_Heap__delete_long_placement_new_01.cpp">
      <Filter>소스 파일</Filter>
    </ClCompile>
    <ClCompile Include="m01\CWE590_Free_Memory_Not_on_Heap__delete_long_static_01.cpp">
      <Filter>소스 파일</Filter>
    </ClCompile>
    <ClCompile Include="m01\CWE590_Free_Memory_Not_on_Heap__delete_struct_alloca_01.cpp">
      <Filter>소스 파일</Filter>
    </ClCompile>
    <ClCompile Include="m01\CWE590_Free_Memory_Not_on_Heap__delete_struct_declare_01.cpp">
      <Filter>소스 파일</Filter>
    </ClCompile>
    <ClCompile Include="m01\CWE590_Free_Memory_Not_on_Heap__delete_struct_placement_new_01.cpp">
      <Filter>소스 파일</Filter>
    </ClCompile>
    <ClCompile Include="m01\CWE590_Free_Memory_Not_on_Heap__delete_struct_static_01.cpp">
      <Filter>소스 파일</Filter>
    </ClCompile>
    <ClCompile Include="m01\CWE590_Free_Memory_Not_on_Heap__delete_wchar_t_alloca_01.cpp">
      <Filter>소스 파일</Filter>
    </ClCompile>
    <ClCompile Include="m01\CWE590_Free_Memory_Not_on_Heap__delete_wchar_t_declare_01.cpp">
      <Filter>소스 파일</Filter>
    </ClCompile>
    <ClCompile Include="m01\CWE590_Free_Memory_Not_on_Heap__delete_wchar_t_placement_new_01.cpp">
      <Filter>소스 파일</Filter>
    </ClCompile>
    <ClCompile Include="m01\CWE590_Free_Memory_Not_on_Heap__delete_wchar_t_static_01.cpp">
      <Filter>소스 파일</Filter>
    </ClCompile>
    <ClCompile Include="m01\CWE590_Free_Memory_Not_on_Heap__free_char_alloca_01.c">
      <Filter>소스 파일</Filter>
    </ClCompile>
    <ClCompile Include="m01\CWE590_Free_Memory_Not_on_Heap__free_char_declare_01.c">
      <Filter>소스 파일</Filter>
    </ClCompile>
    <ClCompile Include="m01\CWE590_Free_Memory_Not_on_Heap__free_char_static_01.c">
      <Filter>소스 파일</Filter>
    </ClCompile>
    <ClCompile Include="m01\CWE590_Free_Memory_Not_on_Heap__free_int_alloca_01.c">
      <Filter>소스 파일</Filter>
    </ClCompile>
    <ClCompile Include="m01\CWE590_Free_Memory_Not_on_Heap__free_int_declare_01.c">
      <Filter>소스 파일</Filter>
    </ClCompile>
    <ClCompile Include="m01\CWE590_Free_Memory_Not_on_Heap__free_int_static_01.c">
      <Filter>소스 파일</Filter>
    </ClCompile>
    <ClCompile Include="m01\CWE590_Free_Memory_Not_on_Heap__free_int64_t_alloca_01.c">
      <Filter>소스 파일</Filter>
    </ClCompile>
    <ClCompile Include="m01\CWE590_Free_Memory_Not_on_Heap__free_int64_t_declare_01.c">
      <Filter>소스 파일</Filter>
    </ClCompile>
    <ClCompile Include="m01\CWE590_Free_Memory_Not_on_Heap__free_int64_t_static_01.c">
      <Filter>소스 파일</Filter>
    </ClCompile>
    <ClCompile Include="m01\CWE590_Free_Memory_Not_on_Heap__free_long_alloca_01.c">
      <Filter>소스 파일</Filter>
    </ClCompile>
    <ClCompile Include="m01\CWE590_Free_Memory_Not_on_Heap__free_long_declare_01.c">
      <Filter>소스 파일</Filter>
    </ClCompile>
    <ClCompile Include="m01\CWE590_Free_Memory_Not_on_Heap__free_long_static_01.c">
      <Filter>소스 파일</Filter>
    </ClCompile>
    <ClCompile Include="m01\CWE590_Free_Memory_Not_on_Heap__free_struct_alloca_01.c">
      <Filter>소스 파일</Filter>
    </ClCompile>
    <ClCompile Include="m01\CWE590_Free_Memory_Not_on_Heap__free_struct_declare_01.c">
      <Filter>소스 파일</Filter>
    </ClCompile>
    <ClCompile Include="m01\CWE590_Free_Memory_Not_on_Heap__free_struct_static_01.c">
      <Filter>소스 파일</Filter>
    </ClCompile>
    <ClCompile Include="m01\CWE590_Free_Memory_Not_on_Heap__free_wchar_t_alloca_01.c">
      <Filter>소스 파일</Filter>
    </ClCompile>
    <ClCompile Include="m01\CWE590_Free_Memory_Not_on_Heap__free_wchar_t_declare_01.c">
      <Filter>소스 파일</Filter>
    </ClCompile>
    <ClCompile Include="m01\CWE590_Free_Memory_Not_on_Heap__free_wchar_t_static_01.c">
      <Filter>소스 파일</Filter>
    </ClCompile>
    <ClCompile Include="io.c">
      <Filter>소스 파일</Filter>
    </ClCompile>
  </ItemGroup>
  <ItemGroup>
    <ClInclude Include="m00\CWE590_Free_Memory_Not_on_Heap__delete_array_char_alloca_81.h">
      <Filter>헤더 파일</Filter>
    </ClInclude>
    <ClInclude Include="m00\CWE590_Free_Memory_Not_on_Heap__delete_array_char_alloca_82.h">
      <Filter>헤더 파일</Filter>
    </ClInclude>
  </ItemGroup>
</Project>