<?xml version="1.0" encoding="utf-8"?>
<Project ToolsVersion="4.0" xmlns="http://schemas.microsoft.com/developer/msbuild/2003">
  <ItemGroup>
    <Filter Include="소스 파일">
      <UniqueIdentifier>{4FC737F1-C7A5-4376-A066-2A32D752A2FF}</UniqueIdentifier>
      <Extensions>cpp;c;cc;cxx;def;odl;idl;hpj;bat;asm;asmx</Extensions>
    </Filter>
    <Filter Include="헤더 파일">
      <UniqueIdentifier>{93995380-89BD-4b04-88EB-625FBE52EBFB}</UniqueIdentifier>
      <Extensions>h;hh;hpp;hxx;hm;inl;inc;xsd</Extensions>
    </Filter>
    <Filter Include="리소스 파일">
      <UniqueIdentifier>{67DA6AB6-F800-4c08-8B7A-83BB121AAD01}</UniqueIdentifier>
      <Extensions>rc;ico;cur;bmp;dlg;rc2;rct;bin;rgs;gif;jpg;jpeg;jpe;resx;tiff;tif;png;wav;mfcribbon-ms</Extensions>
    </Filter>
  </ItemGroup>
  <ItemGroup>
    <ClCompile Include="fake_main.cpp">
      <Filter>소스 파일</Filter>
    </ClCompile>
    <ClCompile Include="m00\CWE404_Improper_Resource_Shutdown__fopen_w32_close_01.c">
      <Filter>소스 파일</Filter>
    </ClCompile>
    <ClCompile Include="m00\CWE404_Improper_Resource_Shutdown__fopen_w32_close_02.c">
      <Filter>소스 파일</Filter>
    </ClCompile>
    <ClCompile Include="m00\CWE404_Improper_Resource_Shutdown__fopen_w32_close_03.c">
      <Filter>소스 파일</Filter>
    </ClCompile>
    <ClCompile Include="m00\CWE404_Improper_Resource_Shutdown__fopen_w32_close_04.c">
      <Filter>소스 파일</Filter>
    </ClCompile>
    <ClCompile Include="m00\CWE404_Improper_Resource_Shutdown__fopen_w32_close_05.c">
      <Filter>소스 파일</Filter>
    </ClCompile>
    <ClCompile Include="m00\CWE404_Improper_Resource_Shutdown__fopen_w32_close_06.c">
      <Filter>소스 파일</Filter>
    </ClCompile>
    <ClCompile Include="m00\CWE404_Improper_Resource_Shutdown__fopen_w32_close_07.c">
      <Filter>소스 파일</Filter>
    </ClCompile>
    <ClCompile Include="m00\CWE404_Improper_Resource_Shutdown__fopen_w32_close_08.c">
      <Filter>소스 파일</Filter>
    </ClCompile>
    <ClCompile Include="m00\CWE404_Improper_Resource_Shutdown__fopen_w32_close_09.c">
      <Filter>소스 파일</Filter>
    </ClCompile>
    <ClCompile Include="m00\CWE404_Improper_Resource_Shutdown__fopen_w32_close_10.c">
      <Filter>소스 파일</Filter>
    </ClCompile>
    <ClCompile Include="m00\CWE404_Improper_Resource_Shutdown__fopen_w32_close_11.c">
      <Filter>소스 파일</Filter>
    </ClCompile>
    <ClCompile Include="m00\CWE404_Improper_Resource_Shutdown__fopen_w32_close_12.c">
      <Filter>소스 파일</Filter>
    </ClCompile>
    <ClCompile Include="m00\CWE404_Improper_Resource_Shutdown__fopen_w32_close_13.c">
      <Filter>소스 파일</Filter>
    </ClCompile>
    <ClCompile Include="m00\CWE404_Improper_Resource_Shutdown__fopen_w32_close_14.c">
      <Filter>소스 파일</Filter>
    </ClCompile>
    <ClCompile Include="m00\CWE404_Improper_Resource_Shutdown__fopen_w32_close_15.c">
      <Filter>소스 파일</Filter>
    </ClCompile>
    <ClCompile Include="m00\CWE404_Improper_Resource_Shutdown__fopen_w32_close_16.c">
      <Filter>소스 파일</Filter>
    </ClCompile>
    <ClCompile Include="m00\CWE404_Improper_Resource_Shutdown__fopen_w32_close_17.c">
      <Filter>소스 파일</Filter>
    </ClCompile>
    <ClCompile Include="m00\CWE404_Improper_Resource_Shutdown__fopen_w32_close_18.c">
      <Filter>소스 파일</Filter>
    </ClCompile>
    <ClCompile Include="m00\CWE404_Improper_Resource_Shutdown__fopen_w32_close_21.c">
      <Filter>소스 파일</Filter>
    </ClCompile>
    <ClCompile Include="m00\CWE404_Improper_Resource_Shutdown__fopen_w32_close_22a.c">
      <Filter>소스 파일</Filter>
    </ClCompile>
    <ClCompile Include="m00\CWE404_Improper_Resource_Shutdown__fopen_w32_close_22b.c">
      <Filter>소스 파일</Filter>
    </ClCompile>
    <ClCompile Include="m00\CWE404_Improper_Resource_Shutdown__fopen_w32_close_31.c">
      <Filter>소스 파일</Filter>
    </ClCompile>
    <ClCompile Include="m00\CWE404_Improper_Resource_Shutdown__fopen_w32_close_32.c">
      <Filter>소스 파일</Filter>
    </ClCompile>
    <ClCompile Include="m00\CWE404_Improper_Resource_Shutdown__fopen_w32_close_33.cpp">
      <Filter>소스 파일</Filter>
    </ClCompile>
    <ClCompile Include="m00\CWE404_Improper_Resource_Shutdown__fopen_w32_close_34.c">
      <Filter>소스 파일</Filter>
    </ClCompile>
    <ClCompile Include="m00\CWE404_Improper_Resource_Shutdown__fopen_w32_close_41.c">
      <Filter>소스 파일</Filter>
    </ClCompile>
    <ClCompile Include="m00\CWE404_Improper_Resource_Shutdown__fopen_w32_close_42.c">
      <Filter>소스 파일</Filter>
    </ClCompile>
    <ClCompile Include="m00\CWE404_Improper_Resource_Shutdown__fopen_w32_close_43.cpp">
      <Filter>소스 파일</Filter>
    </ClCompile>
    <ClCompile Include="m00\CWE404_Improper_Resource_Shutdown__fopen_w32_close_44.c">
      <Filter>소스 파일</Filter>
    </ClCompile>
    <ClCompile Include="m00\CWE404_Improper_Resource_Shutdown__fopen_w32_close_45.c">
      <Filter>소스 파일</Filter>
    </ClCompile>
    <ClCompile Include="m00\CWE404_Improper_Resource_Shutdown__fopen_w32_close_51a.c">
      <Filter>소스 파일</Filter>
    </ClCompile>
    <ClCompile Include="m00\CWE404_Improper_Resource_Shutdown__fopen_w32_close_51b.c">
      <Filter>소스 파일</Filter>
    </ClCompile>
    <ClCompile Include="m00\CWE404_Improper_Resource_Shutdown__fopen_w32_close_52a.c">
      <Filter>소스 파일</Filter>
    </ClCompile>
    <ClCompile Include="m00\CWE404_Improper_Resource_Shutdown__fopen_w32_close_52b.c">
      <Filter>소스 파일</Filter>
    </ClCompile>
    <ClCompile Include="m00\CWE404_Improper_Resource_Shutdown__fopen_w32_close_52c.c">
      <Filter>소스 파일</Filter>
    </ClCompile>
    <ClCompile Include="m00\CWE404_Improper_Resource_Shutdown__fopen_w32_close_53a.c">
      <Filter>소스 파일</Filter>
    </ClCompile>
    <ClCompile Include="m00\CWE404_Improper_Resource_Shutdown__fopen_w32_close_53b.c">
      <Filter>소스 파일</Filter>
    </ClCompile>
    <ClCompile Include="m00\CWE404_Improper_Resource_Shutdown__fopen_w32_close_53c.c">
      <Filter>소스 파일</Filter>
    </ClCompile>
    <ClCompile Include="m00\CWE404_Improper_Resource_Shutdown__fopen_w32_close_53d.c">
      <Filter>소스 파일</Filter>
    </ClCompile>
    <ClCompile Include="m00\CWE404_Improper_Resource_Shutdown__fopen_w32_close_54a.c">
      <Filter>소스 파일</Filter>
    </ClCompile>
    <ClCompile Include="m00\CWE404_Improper_Resource_Shutdown__fopen_w32_close_54b.c">
      <Filter>소스 파일</Filter>
    </ClCompile>
    <ClCompile Include="m00\CWE404_Improper_Resource_Shutdown__fopen_w32_close_54c.c">
      <Filter>소스 파일</Filter>
    </ClCompile>
    <ClCompile Include="m00\CWE404_Improper_Resource_Shutdown__fopen_w32_close_54d.c">
      <Filter>소스 파일</Filter>
    </ClCompile>
    <ClCompile Include="m00\CWE404_Improper_Resource_Shutdown__fopen_w32_close_54e.c">
      <Filter>소스 파일</Filter>
    </ClCompile>
    <ClCompile Include="m00\CWE404_Improper_Resource_Shutdown__fopen_w32_close_61a.c">
      <Filter>소스 파일</Filter>
    </ClCompile>
    <ClCompile Include="m00\CWE404_Improper_Resource_Shutdown__fopen_w32_close_61b.c">
      <Filter>소스 파일</Filter>
    </ClCompile>
    <ClCompile Include="m00\CWE404_Improper_Resource_Shutdown__fopen_w32_close_62a.cpp">
      <Filter>소스 파일</Filter>
    </ClCompile>
    <ClCompile Include="m00\CWE404_Improper_Resource_Shutdown__fopen_w32_close_62b.cpp">
      <Filter>소스 파일</Filter>
    </ClCompile>
    <ClCompile Include="m00\CWE404_Improper_Resource_Shutdown__fopen_w32_close_63a.c">
      <Filter>소스 파일</Filter>
    </ClCompile>
    <ClCompile Include="m00\CWE404_Improper_Resource_Shutdown__fopen_w32_close_63b.c">
      <Filter>소스 파일</Filter>
    </ClCompile>
    <ClCompile Include="m00\CWE404_Improper_Resource_Shutdown__fopen_w32_close_64a.c">
      <Filter>소스 파일</Filter>
    </ClCompile>
    <ClCompile Include="m00\CWE404_Improper_Resource_Shutdown__fopen_w32_close_64b.c">
      <Filter>소스 파일</Filter>
    </ClCompile>
    <ClCompile Include="m00\CWE404_Improper_Resource_Shutdown__fopen_w32_close_65a.c">
      <Filter>소스 파일</Filter>
    </ClCompile>
    <ClCompile Include="m00\CWE404_Improper_Resource_Shutdown__fopen_w32_close_65b.c">
      <Filter>소스 파일</Filter>
    </ClCompile>
    <ClCompile Include="m00\CWE404_Improper_Resource_Shutdown__fopen_w32_close_66a.c">
      <Filter>소스 파일</Filter>
    </ClCompile>
    <ClCompile Include="m00\CWE404_Improper_Resource_Shutdown__fopen_w32_close_66b.c">
      <Filter>소스 파일</Filter>
    </ClCompile>
    <ClCompile Include="m00\CWE404_Improper_Resource_Shutdown__fopen_w32_close_67a.c">
      <Filter>소스 파일</Filter>
    </ClCompile>
    <ClCompile Include="m00\CWE404_Improper_Resource_Shutdown__fopen_w32_close_67b.c">
      <Filter>소스 파일</Filter>
    </ClCompile>
    <ClCompile Include="m00\CWE404_Improper_Resource_Shutdown__fopen_w32_close_68a.c">
      <Filter>소스 파일</Filter>
    </ClCompile>
    <ClCompile Include="m00\CWE404_Improper_Resource_Shutdown__fopen_w32_close_68b.c">
      <Filter>소스 파일</Filter>
    </ClCompile>
    <ClCompile Include="m00\CWE404_Improper_Resource_Shutdown__fopen_w32_close_72a.cpp">
      <Filter>소스 파일</Filter>
    </ClCompile>
    <ClCompile Include="m00\CWE404_Improper_Resource_Shutdown__fopen_w32_close_72b.cpp">
      <Filter>소스 파일</Filter>
    </ClCompile>
    <ClCompile Include="m00\CWE404_Improper_Resource_Shutdown__fopen_w32_close_73a.cpp">
      <Filter>소스 파일</Filter>
    </ClCompile>
    <ClCompile Include="m00\CWE404_Improper_Resource_Shutdown__fopen_w32_close_73b.cpp">
      <Filter>소스 파일</Filter>
    </ClCompile>
    <ClCompile Include="m00\CWE404_Improper_Resource_Shutdown__fopen_w32_close_74a.cpp">
      <Filter>소스 파일</Filter>
    </ClCompile>
    <ClCompile Include="m00\CWE404_Improper_Resource_Shutdown__fopen_w32_close_74b.cpp">
      <Filter>소스 파일</Filter>
    </ClCompile>
    <ClCompile Include="m00\CWE404_Improper_Resource_Shutdown__fopen_w32_close_81_bad.cpp">
      <Filter>소스 파일</Filter>
    </ClCompile>
    <ClCompile Include="m00\CWE404_Improper_Resource_Shutdown__fopen_w32_close_81_goodB2G.cpp">
      <Filter>소스 파일</Filter>
    </ClCompile>
    <ClCompile Include="m00\CWE404_Improper_Resource_Shutdown__fopen_w32_close_81a.cpp">
      <Filter>소스 파일</Filter>
    </ClCompile>
    <ClCompile Include="m00\CWE404_Improper_Resource_Shutdown__fopen_w32_close_82_bad.cpp">
      <Filter>소스 파일</Filter>
    </ClCompile>
    <ClCompile Include="m00\CWE404_Improper_Resource_Shutdown__fopen_w32_close_82_goodB2G.cpp">
      <Filter>소스 파일</Filter>
    </ClCompile>
    <ClCompile Include="m00\CWE404_Improper_Resource_Shutdown__fopen_w32_close_82a.cpp">
      <Filter>소스 파일</Filter>
    </ClCompile>
    <ClCompile Include="m00\CWE404_Improper_Resource_Shutdown__fopen_w32_close_83_bad.cpp">
      <Filter>소스 파일</Filter>
    </ClCompile>
    <ClCompile Include="m00\CWE404_Improper_Resource_Shutdown__fopen_w32_close_83_goodB2G.cpp">
      <Filter>소스 파일</Filter>
    </ClCompile>
    <ClCompile Include="m00\CWE404_Improper_Resource_Shutdown__fopen_w32_close_83a.cpp">
      <Filter>소스 파일</Filter>
    </ClCompile>
    <ClCompile Include="m00\CWE404_Improper_Resource_Shutdown__fopen_w32_close_84_bad.cpp">
      <Filter>소스 파일</Filter>
    </ClCompile>
    <ClCompile Include="m00\CWE404_Improper_Resource_Shutdown__fopen_w32_close_84_goodB2G.cpp">
      <Filter>소스 파일</Filter>
    </ClCompile>
    <ClCompile Include="m00\CWE404_Improper_Resource_Shutdown__fopen_w32_close_84a.cpp">
      <Filter>소스 파일</Filter>
    </ClCompile>
    <ClCompile Include="m01\CWE404_Improper_Resource_Shutdown__fopen_w32_close_01.c">
      <Filter>소스 파일</Filter>
    </ClCompile>
    <ClCompile Include="m01\CWE404_Improper_Resource_Shutdown__fopen_w32CloseHandle_01.c">
      <Filter>소스 파일</Filter>
    </ClCompile>
    <ClCompile Include="m01\CWE404_Improper_Resource_Shutdown__freopen_w32_close_01.c">
      <Filter>소스 파일</Filter>
    </ClCompile>
    <ClCompile Include="m01\CWE404_Improper_Resource_Shutdown__freopen_w32CloseHandle_01.c">
      <Filter>소스 파일</Filter>
    </ClCompile>
    <ClCompile Include="m01\CWE404_Improper_Resource_Shutdown__open_fclose_01.c">
      <Filter>소스 파일</Filter>
    </ClCompile>
    <ClCompile Include="m01\CWE404_Improper_Resource_Shutdown__open_w32CloseHandle_01.c">
      <Filter>소스 파일</Filter>
    </ClCompile>
    <ClCompile Include="m01\CWE404_Improper_Resource_Shutdown__w32CreateFile_close_01.c">
      <Filter>소스 파일</Filter>
    </ClCompile>
    <ClCompile Include="m01\CWE404_Improper_Resource_Shutdown__w32CreateFile_fclose_01.c">
      <Filter>소스 파일</Filter>
    </ClCompile>
    <ClCompile Include="io.c">
      <Filter>소스 파일</Filter>
    </ClCompile>
  </ItemGroup>
  <ItemGroup>
    <ClInclude Include="m00\CWE404_Improper_Resource_Shutdown__fopen_w32_close_81.h">
      <Filter>헤더 파일</Filter>
    </ClInclude>
    <ClInclude Include="m00\CWE404_Improper_Resource_Shutdown__fopen_w32_close_82.h">
      <Filter>헤더 파일</Filter>
    </ClInclude>
    <ClInclude Include="m00\CWE404_Improper_Resource_Shutdown__fopen_w32_close_83.h">
      <Filter>헤더 파일</Filter>
    </ClInclude>
    <ClInclude Include="m00\CWE404_Improper_Resource_Shutdown__fopen_w32_close_84.h">
      <Filter>헤더 파일</Filter>
    </ClInclude>
  </ItemGroup>
</Project>